// !$*UTF8*$!
{
	archiveVersion = 1;
	classes = {
	};
	objectVersion = 48;
	objects = {

/* Begin PBXBuildFile section */
		4EC77D6B1FD95962004E5C99 /* JFFramework_iOS.framework in Embed Frameworks */ = {isa = PBXBuildFile; fileRef = 4ECFE3761FD8BE2D004EEACE /* JFFramework_iOS.framework */; settings = {ATTRIBUTES = (CodeSignOnCopy, RemoveHeadersOnCopy, ); }; };
		4EC77D6D1FD95993004E5C99 /* JFFramework_macOS.framework in Embed Frameworks */ = {isa = PBXBuildFile; fileRef = 4ECFE3781FD8BE2D004EEACE /* JFFramework_macOS.framework */; settings = {ATTRIBUTES = (CodeSignOnCopy, RemoveHeadersOnCopy, ); }; };
		4ECFE3961FD8C041004EEACE /* JFFramework_iOS.framework in Frameworks */ = {isa = PBXBuildFile; fileRef = 4ECFE3761FD8BE2D004EEACE /* JFFramework_iOS.framework */; };
		4ECFE3991FD8C049004EEACE /* JFFramework_macOS.framework in Frameworks */ = {isa = PBXBuildFile; fileRef = 4ECFE3781FD8BE2D004EEACE /* JFFramework_macOS.framework */; };
		4ED5D2521FD8DA72009C1EDD /* Demo-Tests.swift in Sources */ = {isa = PBXBuildFile; fileRef = 4ED5D2461FD8DA2B009C1EDD /* Demo-Tests.swift */; };
		4ED5D2531FD8DA72009C1EDD /* Demo-Tests.swift in Sources */ = {isa = PBXBuildFile; fileRef = 4ED5D2461FD8DA2B009C1EDD /* Demo-Tests.swift */; };
		4ED5D2541FD8DA76009C1EDD /* Demo-UITests.swift in Sources */ = {isa = PBXBuildFile; fileRef = 4ED5D2441FD8DA2B009C1EDD /* Demo-UITests.swift */; };
		4ED5D2551FD8DA76009C1EDD /* Demo-UITests.swift in Sources */ = {isa = PBXBuildFile; fileRef = 4ED5D2441FD8DA2B009C1EDD /* Demo-UITests.swift */; };
		4ED5D25D1FD8DAE8009C1EDD /* Database-Swift.xcdatamodeld in Sources */ = {isa = PBXBuildFile; fileRef = 4ED5D2221FD8D5B1009C1EDD /* Database-Swift.xcdatamodeld */; };
		4ED5D25E1FD8DAE9009C1EDD /* Database-Swift.xcdatamodeld in Sources */ = {isa = PBXBuildFile; fileRef = 4ED5D2221FD8D5B1009C1EDD /* Database-Swift.xcdatamodeld */; };
		4ED5D25F1FD8DAEC009C1EDD /* Assets-iOS.xcassets in Resources */ = {isa = PBXBuildFile; fileRef = 4ED5D21F1FD8D5B1009C1EDD /* Assets-iOS.xcassets */; };
		4ED5D2601FD8DAEE009C1EDD /* Assets-macOS.xcassets in Resources */ = {isa = PBXBuildFile; fileRef = 4ED5D2201FD8D5B1009C1EDD /* Assets-macOS.xcassets */; };
		4ED5D2611FD8DAF5009C1EDD /* LaunchScreen-Swift.storyboard in Resources */ = {isa = PBXBuildFile; fileRef = 4ED5D2271FD8D5B1009C1EDD /* LaunchScreen-Swift.storyboard */; };
		4ED5D2621FD8DAF5009C1EDD /* Main-iOS-Swift.storyboard in Resources */ = {isa = PBXBuildFile; fileRef = 4ED5D22B1FD8D5B1009C1EDD /* Main-iOS-Swift.storyboard */; };
		4ED5D2631FD8DAF7009C1EDD /* Main-macOS-Swift.storyboard in Resources */ = {isa = PBXBuildFile; fileRef = 4ED5D2291FD8D5B1009C1EDD /* Main-macOS-Swift.storyboard */; };
		4ED5D2911FD8DD39009C1EDD /* AppDelegate.swift in Sources */ = {isa = PBXBuildFile; fileRef = 4ED5D2881FD8DC40009C1EDD /* AppDelegate.swift */; };
		4ED5D2921FD8DD39009C1EDD /* DetailViewController.swift in Sources */ = {isa = PBXBuildFile; fileRef = 4ED5D2841FD8DC40009C1EDD /* DetailViewController.swift */; };
		4ED5D2931FD8DD39009C1EDD /* MasterViewController.swift in Sources */ = {isa = PBXBuildFile; fileRef = 4ED5D2891FD8DC40009C1EDD /* MasterViewController.swift */; };
		4ED5D2941FD8DD3C009C1EDD /* AppDelegate.swift in Sources */ = {isa = PBXBuildFile; fileRef = 4ED5D2801FD8DC40009C1EDD /* AppDelegate.swift */; };
		4ED5D2951FD8DD3C009C1EDD /* ViewController.swift in Sources */ = {isa = PBXBuildFile; fileRef = 4ED5D27C1FD8DC40009C1EDD /* ViewController.swift */; };
/* End PBXBuildFile section */

/* Begin PBXContainerItemProxy section */
		4ECFE2AD1FD8BD8F004EEACE /* PBXContainerItemProxy */ = {
			isa = PBXContainerItemProxy;
			containerPortal = 4ECFE24C1FD8BA20004EEACE /* Project object */;
			proxyType = 1;
			remoteGlobalIDString = 4ECFE2921FD8BD8E004EEACE;
			remoteInfo = "Demo iOS";
		};
		4ECFE2B81FD8BD8F004EEACE /* PBXContainerItemProxy */ = {
			isa = PBXContainerItemProxy;
			containerPortal = 4ECFE24C1FD8BA20004EEACE /* Project object */;
			proxyType = 1;
			remoteGlobalIDString = 4ECFE2921FD8BD8E004EEACE;
			remoteInfo = "Demo iOS";
		};
		4ECFE2E01FD8BDA3004EEACE /* PBXContainerItemProxy */ = {
			isa = PBXContainerItemProxy;
			containerPortal = 4ECFE24C1FD8BA20004EEACE /* Project object */;
			proxyType = 1;
			remoteGlobalIDString = 4ECFE2CA1FD8BDA3004EEACE;
			remoteInfo = "Demo macOS";
		};
		4ECFE2EB1FD8BDA3004EEACE /* PBXContainerItemProxy */ = {
			isa = PBXContainerItemProxy;
			containerPortal = 4ECFE24C1FD8BA20004EEACE /* Project object */;
			proxyType = 1;
			remoteGlobalIDString = 4ECFE2CA1FD8BDA3004EEACE;
			remoteInfo = "Demo macOS";
		};
		4ECFE3751FD8BE2D004EEACE /* PBXContainerItemProxy */ = {
			isa = PBXContainerItemProxy;
			containerPortal = 4ECFE36E1FD8BE2D004EEACE /* JFFramework.xcodeproj */;
			proxyType = 2;
			remoteGlobalIDString = 4ECFE25B1FD8BCD9004EEACE;
			remoteInfo = "JFFramework iOS";
		};
		4ECFE3771FD8BE2D004EEACE /* PBXContainerItemProxy */ = {
			isa = PBXContainerItemProxy;
			containerPortal = 4ECFE36E1FD8BE2D004EEACE /* JFFramework.xcodeproj */;
			proxyType = 2;
			remoteGlobalIDString = 4ECFE2781FD8BCF1004EEACE;
			remoteInfo = "JFFramework macOS";
		};
		4ECFE3791FD8BE2D004EEACE /* PBXContainerItemProxy */ = {
			isa = PBXContainerItemProxy;
			containerPortal = 4ECFE36E1FD8BE2D004EEACE /* JFFramework.xcodeproj */;
			proxyType = 2;
			remoteGlobalIDString = 4ECFE2641FD8BCD9004EEACE;
			remoteInfo = "JFFramework iOS Tests";
		};
		4ECFE37B1FD8BE2D004EEACE /* PBXContainerItemProxy */ = {
			isa = PBXContainerItemProxy;
			containerPortal = 4ECFE36E1FD8BE2D004EEACE /* JFFramework.xcodeproj */;
			proxyType = 2;
			remoteGlobalIDString = 4ECFE2801FD8BCF1004EEACE;
			remoteInfo = "JFFramework macOS Tests";
		};
		4ECFE3931FD8C03E004EEACE /* PBXContainerItemProxy */ = {
			isa = PBXContainerItemProxy;
			containerPortal = 4ECFE36E1FD8BE2D004EEACE /* JFFramework.xcodeproj */;
			proxyType = 1;
			remoteGlobalIDString = 4ECFE25A1FD8BCD9004EEACE;
			remoteInfo = "JFFramework iOS";
		};
		4ECFE3971FD8C046004EEACE /* PBXContainerItemProxy */ = {
			isa = PBXContainerItemProxy;
			containerPortal = 4ECFE36E1FD8BE2D004EEACE /* JFFramework.xcodeproj */;
			proxyType = 1;
			remoteGlobalIDString = 4ECFE2771FD8BCF1004EEACE;
			remoteInfo = "JFFramework macOS";
		};
/* End PBXContainerItemProxy section */

/* Begin PBXCopyFilesBuildPhase section */
		4EC77D681FD95958004E5C99 /* Embed Frameworks */ = {
			isa = PBXCopyFilesBuildPhase;
			buildActionMask = 2147483647;
			dstPath = "";
			dstSubfolderSpec = 10;
			files = (
				4EC77D6B1FD95962004E5C99 /* JFFramework_iOS.framework in Embed Frameworks */,
			);
			name = "Embed Frameworks";
			runOnlyForDeploymentPostprocessing = 0;
		};
		4EC77D6C1FD95968004E5C99 /* Embed Frameworks */ = {
			isa = PBXCopyFilesBuildPhase;
			buildActionMask = 2147483647;
			dstPath = "";
			dstSubfolderSpec = 10;
			files = (
				4EC77D6D1FD95993004E5C99 /* JFFramework_macOS.framework in Embed Frameworks */,
			);
			name = "Embed Frameworks";
			runOnlyForDeploymentPostprocessing = 0;
		};
/* End PBXCopyFilesBuildPhase section */

/* Begin PBXFileReference section */
		4ECFE2931FD8BD8E004EEACE /* Demo-Swift iOS.app */ = {isa = PBXFileReference; explicitFileType = wrapper.application; includeInIndex = 0; path = "Demo-Swift iOS.app"; sourceTree = BUILT_PRODUCTS_DIR; };
		4ECFE2AC1FD8BD8F004EEACE /* Demo-Swift iOS Tests.xctest */ = {isa = PBXFileReference; explicitFileType = wrapper.cfbundle; includeInIndex = 0; path = "Demo-Swift iOS Tests.xctest"; sourceTree = BUILT_PRODUCTS_DIR; };
		4ECFE2B71FD8BD8F004EEACE /* Demo-Swift iOS UITests.xctest */ = {isa = PBXFileReference; explicitFileType = wrapper.cfbundle; includeInIndex = 0; path = "Demo-Swift iOS UITests.xctest"; sourceTree = BUILT_PRODUCTS_DIR; };
		4ECFE2CB1FD8BDA3004EEACE /* Demo-Swift macOS.app */ = {isa = PBXFileReference; explicitFileType = wrapper.application; includeInIndex = 0; path = "Demo-Swift macOS.app"; sourceTree = BUILT_PRODUCTS_DIR; };
		4ECFE2DF1FD8BDA3004EEACE /* Demo-Swift macOS Tests.xctest */ = {isa = PBXFileReference; explicitFileType = wrapper.cfbundle; includeInIndex = 0; path = "Demo-Swift macOS Tests.xctest"; sourceTree = BUILT_PRODUCTS_DIR; };
		4ECFE2EA1FD8BDA3004EEACE /* Demo-Swift macOS UITests.xctest */ = {isa = PBXFileReference; explicitFileType = wrapper.cfbundle; includeInIndex = 0; path = "Demo-Swift macOS UITests.xctest"; sourceTree = BUILT_PRODUCTS_DIR; };
		4ECFE36E1FD8BE2D004EEACE /* JFFramework.xcodeproj */ = {isa = PBXFileReference; lastKnownFileType = "wrapper.pb-project"; path = JFFramework.xcodeproj; sourceTree = "<group>"; };
		4ED5D2061FD8D21F009C1EDD /* Info-iOS.plist */ = {isa = PBXFileReference; lastKnownFileType = text.plist.xml; path = "Info-iOS.plist"; sourceTree = "<group>"; };
		4ED5D2071FD8D21F009C1EDD /* Info-Tests.plist */ = {isa = PBXFileReference; lastKnownFileType = text.plist.xml; path = "Info-Tests.plist"; sourceTree = "<group>"; };
		4ED5D2081FD8D21F009C1EDD /* Info-macOS.plist */ = {isa = PBXFileReference; lastKnownFileType = text.plist.xml; path = "Info-macOS.plist"; sourceTree = "<group>"; };
		4ED5D21F1FD8D5B1009C1EDD /* Assets-iOS.xcassets */ = {isa = PBXFileReference; lastKnownFileType = folder.assetcatalog; path = "Assets-iOS.xcassets"; sourceTree = "<group>"; };
		4ED5D2201FD8D5B1009C1EDD /* Assets-macOS.xcassets */ = {isa = PBXFileReference; lastKnownFileType = folder.assetcatalog; path = "Assets-macOS.xcassets"; sourceTree = "<group>"; };
		4ED5D2231FD8D5B1009C1EDD /* Demo_iOS.xcdatamodel */ = {isa = PBXFileReference; lastKnownFileType = wrapper.xcdatamodel; path = Demo_iOS.xcdatamodel; sourceTree = "<group>"; };
		4ED5D2281FD8D5B1009C1EDD /* Base */ = {isa = PBXFileReference; lastKnownFileType = file.storyboard; name = Base; path = "Base.lproj/LaunchScreen-Swift.storyboard"; sourceTree = "<group>"; };
		4ED5D22A1FD8D5B1009C1EDD /* Base */ = {isa = PBXFileReference; lastKnownFileType = file.storyboard; name = Base; path = "Base.lproj/Main-macOS-Swift.storyboard"; sourceTree = "<group>"; };
		4ED5D22C1FD8D5B1009C1EDD /* Base */ = {isa = PBXFileReference; lastKnownFileType = file.storyboard; name = Base; path = "Base.lproj/Main-iOS-Swift.storyboard"; sourceTree = "<group>"; };
		4ED5D2441FD8DA2B009C1EDD /* Demo-UITests.swift */ = {isa = PBXFileReference; lastKnownFileType = sourcecode.swift; path = "Demo-UITests.swift"; sourceTree = "<group>"; };
		4ED5D2461FD8DA2B009C1EDD /* Demo-Tests.swift */ = {isa = PBXFileReference; lastKnownFileType = sourcecode.swift; path = "Demo-Tests.swift"; sourceTree = "<group>"; };
		4ED5D27C1FD8DC40009C1EDD /* ViewController.swift */ = {isa = PBXFileReference; lastKnownFileType = sourcecode.swift; path = ViewController.swift; sourceTree = "<group>"; };
		4ED5D2801FD8DC40009C1EDD /* AppDelegate.swift */ = {isa = PBXFileReference; lastKnownFileType = sourcecode.swift; path = AppDelegate.swift; sourceTree = "<group>"; };
		4ED5D2841FD8DC40009C1EDD /* DetailViewController.swift */ = {isa = PBXFileReference; lastKnownFileType = sourcecode.swift; path = DetailViewController.swift; sourceTree = "<group>"; };
		4ED5D2881FD8DC40009C1EDD /* AppDelegate.swift */ = {isa = PBXFileReference; lastKnownFileType = sourcecode.swift; path = AppDelegate.swift; sourceTree = "<group>"; };
		4ED5D2891FD8DC40009C1EDD /* MasterViewController.swift */ = {isa = PBXFileReference; lastKnownFileType = sourcecode.swift; path = MasterViewController.swift; sourceTree = "<group>"; };
/* End PBXFileReference section */

/* Begin PBXFrameworksBuildPhase section */
		4ECFE2901FD8BD8E004EEACE /* Frameworks */ = {
			isa = PBXFrameworksBuildPhase;
			buildActionMask = 2147483647;
			files = (
				4ECFE3961FD8C041004EEACE /* JFFramework_iOS.framework in Frameworks */,
			);
			runOnlyForDeploymentPostprocessing = 0;
		};
		4ECFE2A91FD8BD8F004EEACE /* Frameworks */ = {
			isa = PBXFrameworksBuildPhase;
			buildActionMask = 2147483647;
			files = (
			);
			runOnlyForDeploymentPostprocessing = 0;
		};
		4ECFE2B41FD8BD8F004EEACE /* Frameworks */ = {
			isa = PBXFrameworksBuildPhase;
			buildActionMask = 2147483647;
			files = (
			);
			runOnlyForDeploymentPostprocessing = 0;
		};
		4ECFE2C81FD8BDA3004EEACE /* Frameworks */ = {
			isa = PBXFrameworksBuildPhase;
			buildActionMask = 2147483647;
			files = (
				4ECFE3991FD8C049004EEACE /* JFFramework_macOS.framework in Frameworks */,
			);
			runOnlyForDeploymentPostprocessing = 0;
		};
		4ECFE2DC1FD8BDA3004EEACE /* Frameworks */ = {
			isa = PBXFrameworksBuildPhase;
			buildActionMask = 2147483647;
			files = (
			);
			runOnlyForDeploymentPostprocessing = 0;
		};
		4ECFE2E71FD8BDA3004EEACE /* Frameworks */ = {
			isa = PBXFrameworksBuildPhase;
			buildActionMask = 2147483647;
			files = (
			);
			runOnlyForDeploymentPostprocessing = 0;
		};
/* End PBXFrameworksBuildPhase section */

/* Begin PBXGroup section */
		4ECFE24B1FD8BA20004EEACE = {
			isa = PBXGroup;
			children = (
				4ECFE3951FD8C041004EEACE /* Frameworks */,
				4ECFE2941FD8BD8E004EEACE /* Products */,
				4ED5D21D1FD8D5B1009C1EDD /* Resources */,
				4ED5D27A1FD8DC40009C1EDD /* Sources */,
				4ED5D2051FD8D21F009C1EDD /* Supporting Files */,
				4ED5D2431FD8DA2B009C1EDD /* Tests */,
			);
			indentWidth = 4;
			sourceTree = "<group>";
			tabWidth = 4;
			usesTabs = 1;
			wrapsLines = 1;
		};
		4ECFE2941FD8BD8E004EEACE /* Products */ = {
			isa = PBXGroup;
			children = (
				4ECFE2931FD8BD8E004EEACE /* Demo-Swift iOS.app */,
				4ECFE2AC1FD8BD8F004EEACE /* Demo-Swift iOS Tests.xctest */,
				4ECFE2B71FD8BD8F004EEACE /* Demo-Swift iOS UITests.xctest */,
				4ECFE2CB1FD8BDA3004EEACE /* Demo-Swift macOS.app */,
				4ECFE2DF1FD8BDA3004EEACE /* Demo-Swift macOS Tests.xctest */,
				4ECFE2EA1FD8BDA3004EEACE /* Demo-Swift macOS UITests.xctest */,
			);
			name = Products;
			sourceTree = "<group>";
		};
		4ECFE36F1FD8BE2D004EEACE /* Products */ = {
			isa = PBXGroup;
			children = (
				4ECFE3761FD8BE2D004EEACE /* JFFramework_iOS.framework */,
				4ECFE3781FD8BE2D004EEACE /* JFFramework_macOS.framework */,
				4ECFE37A1FD8BE2D004EEACE /* JFFramework iOS Tests.xctest */,
				4ECFE37C1FD8BE2D004EEACE /* JFFramework macOS Tests.xctest */,
			);
			name = Products;
			sourceTree = "<group>";
		};
		4ECFE3951FD8C041004EEACE /* Frameworks */ = {
			isa = PBXGroup;
			children = (
				4ECFE36E1FD8BE2D004EEACE /* JFFramework.xcodeproj */,
			);
			name = Frameworks;
			sourceTree = "<group>";
		};
		4ED5D2051FD8D21F009C1EDD /* Supporting Files */ = {
			isa = PBXGroup;
			children = (
				4ED5D2061FD8D21F009C1EDD /* Info-iOS.plist */,
				4ED5D2071FD8D21F009C1EDD /* Info-Tests.plist */,
				4ED5D2081FD8D21F009C1EDD /* Info-macOS.plist */,
			);
			name = "Supporting Files";
			path = "Demo/Supporting Files";
			sourceTree = "<group>";
		};
		4ED5D21D1FD8D5B1009C1EDD /* Resources */ = {
			isa = PBXGroup;
			children = (
				4ED5D2211FD8D5B1009C1EDD /* Content */,
				4ED5D21E1FD8D5B1009C1EDD /* Images */,
				4ED5D2261FD8D5B1009C1EDD /* User Interface */,
			);
			name = Resources;
			path = Demo/Resources;
			sourceTree = "<group>";
		};
		4ED5D21E1FD8D5B1009C1EDD /* Images */ = {
			isa = PBXGroup;
			children = (
				4ED5D21F1FD8D5B1009C1EDD /* Assets-iOS.xcassets */,
				4ED5D2201FD8D5B1009C1EDD /* Assets-macOS.xcassets */,
			);
			path = Images;
			sourceTree = "<group>";
		};
		4ED5D2211FD8D5B1009C1EDD /* Content */ = {
			isa = PBXGroup;
			children = (
				4ED5D2221FD8D5B1009C1EDD /* Database-Swift.xcdatamodeld */,
			);
			path = Content;
			sourceTree = "<group>";
		};
		4ED5D2261FD8D5B1009C1EDD /* User Interface */ = {
			isa = PBXGroup;
			children = (
				4ED5D2271FD8D5B1009C1EDD /* LaunchScreen-Swift.storyboard */,
				4ED5D22B1FD8D5B1009C1EDD /* Main-iOS-Swift.storyboard */,
				4ED5D2291FD8D5B1009C1EDD /* Main-macOS-Swift.storyboard */,
			);
			path = "User Interface";
			sourceTree = "<group>";
		};
		4ED5D2431FD8DA2B009C1EDD /* Tests */ = {
			isa = PBXGroup;
			children = (
				4ED5D2461FD8DA2B009C1EDD /* Demo-Tests.swift */,
				4ED5D2441FD8DA2B009C1EDD /* Demo-UITests.swift */,
			);
			name = Tests;
			path = Demo/Tests;
			sourceTree = "<group>";
		};
		4ED5D27A1FD8DC40009C1EDD /* Sources */ = {
			isa = PBXGroup;
			children = (
				4ED5D2821FD8DC40009C1EDD /* iOS */,
				4ED5D27B1FD8DC40009C1EDD /* macOS */,
			);
			name = Sources;
			path = Demo/Sources;
			sourceTree = "<group>";
		};
		4ED5D27B1FD8DC40009C1EDD /* macOS */ = {
			isa = PBXGroup;
			children = (
				4ED5D2801FD8DC40009C1EDD /* AppDelegate.swift */,
				4ED5D27C1FD8DC40009C1EDD /* ViewController.swift */,
			);
			path = macOS;
			sourceTree = "<group>";
		};
		4ED5D2821FD8DC40009C1EDD /* iOS */ = {
			isa = PBXGroup;
			children = (
				4ED5D2881FD8DC40009C1EDD /* AppDelegate.swift */,
				4ED5D2841FD8DC40009C1EDD /* DetailViewController.swift */,
				4ED5D2891FD8DC40009C1EDD /* MasterViewController.swift */,
			);
			path = iOS;
			sourceTree = "<group>";
		};
/* End PBXGroup section */

/* Begin PBXNativeTarget section */
		4ECFE2921FD8BD8E004EEACE /* Demo-Swift iOS */ = {
			isa = PBXNativeTarget;
			buildConfigurationList = 4ECFE2C41FD8BD8F004EEACE /* Build configuration list for PBXNativeTarget "Demo-Swift iOS" */;
			buildPhases = (
				4ECFE28F1FD8BD8E004EEACE /* Sources */,
				4ECFE2901FD8BD8E004EEACE /* Frameworks */,
				4ECFE2911FD8BD8E004EEACE /* Resources */,
				4EC77D681FD95958004E5C99 /* Embed Frameworks */,
			);
			buildRules = (
			);
			dependencies = (
				4ECFE3941FD8C03E004EEACE /* PBXTargetDependency */,
			);
			name = "Demo-Swift iOS";
			productName = "Demo iOS";
			productReference = 4ECFE2931FD8BD8E004EEACE /* Demo-Swift iOS.app */;
			productType = "com.apple.product-type.application";
		};
		4ECFE2AB1FD8BD8F004EEACE /* Demo-Swift iOS Tests */ = {
			isa = PBXNativeTarget;
			buildConfigurationList = 4ECFE2C51FD8BD8F004EEACE /* Build configuration list for PBXNativeTarget "Demo-Swift iOS Tests" */;
			buildPhases = (
				4ECFE2A81FD8BD8F004EEACE /* Sources */,
				4ECFE2A91FD8BD8F004EEACE /* Frameworks */,
				4ECFE2AA1FD8BD8F004EEACE /* Resources */,
			);
			buildRules = (
			);
			dependencies = (
				4ECFE2AE1FD8BD8F004EEACE /* PBXTargetDependency */,
			);
			name = "Demo-Swift iOS Tests";
			productName = "Demo iOSTests";
			productReference = 4ECFE2AC1FD8BD8F004EEACE /* Demo-Swift iOS Tests.xctest */;
			productType = "com.apple.product-type.bundle.unit-test";
		};
		4ECFE2B61FD8BD8F004EEACE /* Demo-Swift iOS UITests */ = {
			isa = PBXNativeTarget;
			buildConfigurationList = 4ECFE2C61FD8BD8F004EEACE /* Build configuration list for PBXNativeTarget "Demo-Swift iOS UITests" */;
			buildPhases = (
				4ECFE2B31FD8BD8F004EEACE /* Sources */,
				4ECFE2B41FD8BD8F004EEACE /* Frameworks */,
				4ECFE2B51FD8BD8F004EEACE /* Resources */,
			);
			buildRules = (
			);
			dependencies = (
				4ECFE2B91FD8BD8F004EEACE /* PBXTargetDependency */,
			);
			name = "Demo-Swift iOS UITests";
			productName = "Demo iOSUITests";
			productReference = 4ECFE2B71FD8BD8F004EEACE /* Demo-Swift iOS UITests.xctest */;
			productType = "com.apple.product-type.bundle.ui-testing";
		};
		4ECFE2CA1FD8BDA3004EEACE /* Demo-Swift macOS */ = {
			isa = PBXNativeTarget;
			buildConfigurationList = 4ECFE2F11FD8BDA4004EEACE /* Build configuration list for PBXNativeTarget "Demo-Swift macOS" */;
			buildPhases = (
				4ECFE2C71FD8BDA3004EEACE /* Sources */,
				4ECFE2C81FD8BDA3004EEACE /* Frameworks */,
				4ECFE2C91FD8BDA3004EEACE /* Resources */,
				4EC77D6C1FD95968004E5C99 /* Embed Frameworks */,
			);
			buildRules = (
			);
			dependencies = (
				4ECFE3981FD8C046004EEACE /* PBXTargetDependency */,
			);
			name = "Demo-Swift macOS";
			productName = "Demo macOS";
			productReference = 4ECFE2CB1FD8BDA3004EEACE /* Demo-Swift macOS.app */;
			productType = "com.apple.product-type.application";
		};
		4ECFE2DE1FD8BDA3004EEACE /* Demo-Swift macOS Tests */ = {
			isa = PBXNativeTarget;
			buildConfigurationList = 4ECFE2F41FD8BDA4004EEACE /* Build configuration list for PBXNativeTarget "Demo-Swift macOS Tests" */;
			buildPhases = (
				4ECFE2DB1FD8BDA3004EEACE /* Sources */,
				4ECFE2DC1FD8BDA3004EEACE /* Frameworks */,
				4ECFE2DD1FD8BDA3004EEACE /* Resources */,
			);
			buildRules = (
			);
			dependencies = (
				4ECFE2E11FD8BDA3004EEACE /* PBXTargetDependency */,
			);
			name = "Demo-Swift macOS Tests";
			productName = "Demo macOSTests";
			productReference = 4ECFE2DF1FD8BDA3004EEACE /* Demo-Swift macOS Tests.xctest */;
			productType = "com.apple.product-type.bundle.unit-test";
		};
		4ECFE2E91FD8BDA3004EEACE /* Demo-Swift macOS UITests */ = {
			isa = PBXNativeTarget;
			buildConfigurationList = 4ECFE2F71FD8BDA4004EEACE /* Build configuration list for PBXNativeTarget "Demo-Swift macOS UITests" */;
			buildPhases = (
				4ECFE2E61FD8BDA3004EEACE /* Sources */,
				4ECFE2E71FD8BDA3004EEACE /* Frameworks */,
				4ECFE2E81FD8BDA3004EEACE /* Resources */,
			);
			buildRules = (
			);
			dependencies = (
				4ECFE2EC1FD8BDA3004EEACE /* PBXTargetDependency */,
			);
			name = "Demo-Swift macOS UITests";
			productName = "Demo macOSUITests";
			productReference = 4ECFE2EA1FD8BDA3004EEACE /* Demo-Swift macOS UITests.xctest */;
			productType = "com.apple.product-type.bundle.ui-testing";
		};
/* End PBXNativeTarget section */

/* Begin PBXProject section */
		4ECFE24C1FD8BA20004EEACE /* Project object */ = {
			isa = PBXProject;
			attributes = {
				LastSwiftUpdateCheck = 0920;
				LastUpgradeCheck = 0920;
				ORGANIZATIONNAME = "Jacopo Filié";
				TargetAttributes = {
					4ECFE2921FD8BD8E004EEACE = {
						CreatedOnToolsVersion = 9.2;
					};
					4ECFE2AB1FD8BD8F004EEACE = {
						CreatedOnToolsVersion = 9.2;
						TestTargetID = 4ECFE2921FD8BD8E004EEACE;
					};
					4ECFE2B61FD8BD8F004EEACE = {
						CreatedOnToolsVersion = 9.2;
						TestTargetID = 4ECFE2921FD8BD8E004EEACE;
					};
					4ECFE2CA1FD8BDA3004EEACE = {
						CreatedOnToolsVersion = 9.2;
					};
					4ECFE2DE1FD8BDA3004EEACE = {
						CreatedOnToolsVersion = 9.2;
						TestTargetID = 4ECFE2CA1FD8BDA3004EEACE;
					};
					4ECFE2E91FD8BDA3004EEACE = {
						CreatedOnToolsVersion = 9.2;
						TestTargetID = 4ECFE2CA1FD8BDA3004EEACE;
					};
				};
			};
			buildConfigurationList = 4ECFE24F1FD8BA20004EEACE /* Build configuration list for PBXProject "Demo-Swift" */;
			compatibilityVersion = "Xcode 8.0";
			developmentRegion = en;
			hasScannedForEncodings = 0;
			knownRegions = (
				en,
				Base,
			);
			mainGroup = 4ECFE24B1FD8BA20004EEACE;
			productRefGroup = 4ECFE2941FD8BD8E004EEACE /* Products */;
			projectDirPath = "";
			projectReferences = (
				{
					ProductGroup = 4ECFE36F1FD8BE2D004EEACE /* Products */;
					ProjectRef = 4ECFE36E1FD8BE2D004EEACE /* JFFramework.xcodeproj */;
				},
			);
			projectRoot = "";
			targets = (
				4ECFE2921FD8BD8E004EEACE /* Demo-Swift iOS */,
				4ECFE2AB1FD8BD8F004EEACE /* Demo-Swift iOS Tests */,
				4ECFE2B61FD8BD8F004EEACE /* Demo-Swift iOS UITests */,
				4ECFE2CA1FD8BDA3004EEACE /* Demo-Swift macOS */,
				4ECFE2DE1FD8BDA3004EEACE /* Demo-Swift macOS Tests */,
				4ECFE2E91FD8BDA3004EEACE /* Demo-Swift macOS UITests */,
			);
		};
/* End PBXProject section */

/* Begin PBXReferenceProxy section */
		4ECFE3761FD8BE2D004EEACE /* JFFramework_iOS.framework */ = {
			isa = PBXReferenceProxy;
			fileType = wrapper.framework;
			path = JFFramework_iOS.framework;
			remoteRef = 4ECFE3751FD8BE2D004EEACE /* PBXContainerItemProxy */;
			sourceTree = BUILT_PRODUCTS_DIR;
		};
		4ECFE3781FD8BE2D004EEACE /* JFFramework_macOS.framework */ = {
			isa = PBXReferenceProxy;
			fileType = wrapper.framework;
			path = JFFramework_macOS.framework;
			remoteRef = 4ECFE3771FD8BE2D004EEACE /* PBXContainerItemProxy */;
			sourceTree = BUILT_PRODUCTS_DIR;
		};
		4ECFE37A1FD8BE2D004EEACE /* JFFramework iOS Tests.xctest */ = {
			isa = PBXReferenceProxy;
			fileType = wrapper.cfbundle;
			path = "JFFramework iOS Tests.xctest";
			remoteRef = 4ECFE3791FD8BE2D004EEACE /* PBXContainerItemProxy */;
			sourceTree = BUILT_PRODUCTS_DIR;
		};
		4ECFE37C1FD8BE2D004EEACE /* JFFramework macOS Tests.xctest */ = {
			isa = PBXReferenceProxy;
			fileType = wrapper.cfbundle;
			path = "JFFramework macOS Tests.xctest";
			remoteRef = 4ECFE37B1FD8BE2D004EEACE /* PBXContainerItemProxy */;
			sourceTree = BUILT_PRODUCTS_DIR;
		};
/* End PBXReferenceProxy section */

/* Begin PBXResourcesBuildPhase section */
		4ECFE2911FD8BD8E004EEACE /* Resources */ = {
			isa = PBXResourcesBuildPhase;
			buildActionMask = 2147483647;
			files = (
				4ED5D2621FD8DAF5009C1EDD /* Main-iOS-Swift.storyboard in Resources */,
				4ED5D25F1FD8DAEC009C1EDD /* Assets-iOS.xcassets in Resources */,
				4ED5D2611FD8DAF5009C1EDD /* LaunchScreen-Swift.storyboard in Resources */,
			);
			runOnlyForDeploymentPostprocessing = 0;
		};
		4ECFE2AA1FD8BD8F004EEACE /* Resources */ = {
			isa = PBXResourcesBuildPhase;
			buildActionMask = 2147483647;
			files = (
			);
			runOnlyForDeploymentPostprocessing = 0;
		};
		4ECFE2B51FD8BD8F004EEACE /* Resources */ = {
			isa = PBXResourcesBuildPhase;
			buildActionMask = 2147483647;
			files = (
			);
			runOnlyForDeploymentPostprocessing = 0;
		};
		4ECFE2C91FD8BDA3004EEACE /* Resources */ = {
			isa = PBXResourcesBuildPhase;
			buildActionMask = 2147483647;
			files = (
				4ED5D2601FD8DAEE009C1EDD /* Assets-macOS.xcassets in Resources */,
				4ED5D2631FD8DAF7009C1EDD /* Main-macOS-Swift.storyboard in Resources */,
			);
			runOnlyForDeploymentPostprocessing = 0;
		};
		4ECFE2DD1FD8BDA3004EEACE /* Resources */ = {
			isa = PBXResourcesBuildPhase;
			buildActionMask = 2147483647;
			files = (
			);
			runOnlyForDeploymentPostprocessing = 0;
		};
		4ECFE2E81FD8BDA3004EEACE /* Resources */ = {
			isa = PBXResourcesBuildPhase;
			buildActionMask = 2147483647;
			files = (
			);
			runOnlyForDeploymentPostprocessing = 0;
		};
/* End PBXResourcesBuildPhase section */

/* Begin PBXSourcesBuildPhase section */
		4ECFE28F1FD8BD8E004EEACE /* Sources */ = {
			isa = PBXSourcesBuildPhase;
			buildActionMask = 2147483647;
			files = (
				4ED5D2931FD8DD39009C1EDD /* MasterViewController.swift in Sources */,
				4ED5D2921FD8DD39009C1EDD /* DetailViewController.swift in Sources */,
				4ED5D2911FD8DD39009C1EDD /* AppDelegate.swift in Sources */,
				4ED5D25D1FD8DAE8009C1EDD /* Database-Swift.xcdatamodeld in Sources */,
			);
			runOnlyForDeploymentPostprocessing = 0;
		};
		4ECFE2A81FD8BD8F004EEACE /* Sources */ = {
			isa = PBXSourcesBuildPhase;
			buildActionMask = 2147483647;
			files = (
				4ED5D2521FD8DA72009C1EDD /* Demo-Tests.swift in Sources */,
			);
			runOnlyForDeploymentPostprocessing = 0;
		};
		4ECFE2B31FD8BD8F004EEACE /* Sources */ = {
			isa = PBXSourcesBuildPhase;
			buildActionMask = 2147483647;
			files = (
				4ED5D2541FD8DA76009C1EDD /* Demo-UITests.swift in Sources */,
			);
			runOnlyForDeploymentPostprocessing = 0;
		};
		4ECFE2C71FD8BDA3004EEACE /* Sources */ = {
			isa = PBXSourcesBuildPhase;
			buildActionMask = 2147483647;
			files = (
				4ED5D2951FD8DD3C009C1EDD /* ViewController.swift in Sources */,
				4ED5D2941FD8DD3C009C1EDD /* AppDelegate.swift in Sources */,
				4ED5D25E1FD8DAE9009C1EDD /* Database-Swift.xcdatamodeld in Sources */,
			);
			runOnlyForDeploymentPostprocessing = 0;
		};
		4ECFE2DB1FD8BDA3004EEACE /* Sources */ = {
			isa = PBXSourcesBuildPhase;
			buildActionMask = 2147483647;
			files = (
				4ED5D2531FD8DA72009C1EDD /* Demo-Tests.swift in Sources */,
			);
			runOnlyForDeploymentPostprocessing = 0;
		};
		4ECFE2E61FD8BDA3004EEACE /* Sources */ = {
			isa = PBXSourcesBuildPhase;
			buildActionMask = 2147483647;
			files = (
				4ED5D2551FD8DA76009C1EDD /* Demo-UITests.swift in Sources */,
			);
			runOnlyForDeploymentPostprocessing = 0;
		};
/* End PBXSourcesBuildPhase section */

/* Begin PBXTargetDependency section */
		4ECFE2AE1FD8BD8F004EEACE /* PBXTargetDependency */ = {
			isa = PBXTargetDependency;
			target = 4ECFE2921FD8BD8E004EEACE /* Demo-Swift iOS */;
			targetProxy = 4ECFE2AD1FD8BD8F004EEACE /* PBXContainerItemProxy */;
		};
		4ECFE2B91FD8BD8F004EEACE /* PBXTargetDependency */ = {
			isa = PBXTargetDependency;
			target = 4ECFE2921FD8BD8E004EEACE /* Demo-Swift iOS */;
			targetProxy = 4ECFE2B81FD8BD8F004EEACE /* PBXContainerItemProxy */;
		};
		4ECFE2E11FD8BDA3004EEACE /* PBXTargetDependency */ = {
			isa = PBXTargetDependency;
			target = 4ECFE2CA1FD8BDA3004EEACE /* Demo-Swift macOS */;
			targetProxy = 4ECFE2E01FD8BDA3004EEACE /* PBXContainerItemProxy */;
		};
		4ECFE2EC1FD8BDA3004EEACE /* PBXTargetDependency */ = {
			isa = PBXTargetDependency;
			target = 4ECFE2CA1FD8BDA3004EEACE /* Demo-Swift macOS */;
			targetProxy = 4ECFE2EB1FD8BDA3004EEACE /* PBXContainerItemProxy */;
		};
		4ECFE3941FD8C03E004EEACE /* PBXTargetDependency */ = {
			isa = PBXTargetDependency;
			name = "JFFramework iOS";
			targetProxy = 4ECFE3931FD8C03E004EEACE /* PBXContainerItemProxy */;
		};
		4ECFE3981FD8C046004EEACE /* PBXTargetDependency */ = {
			isa = PBXTargetDependency;
			name = "JFFramework macOS";
			targetProxy = 4ECFE3971FD8C046004EEACE /* PBXContainerItemProxy */;
		};
/* End PBXTargetDependency section */

/* Begin PBXVariantGroup section */
		4ED5D2271FD8D5B1009C1EDD /* LaunchScreen-Swift.storyboard */ = {
			isa = PBXVariantGroup;
			children = (
				4ED5D2281FD8D5B1009C1EDD /* Base */,
			);
			name = "LaunchScreen-Swift.storyboard";
			sourceTree = "<group>";
		};
		4ED5D2291FD8D5B1009C1EDD /* Main-macOS-Swift.storyboard */ = {
			isa = PBXVariantGroup;
			children = (
				4ED5D22A1FD8D5B1009C1EDD /* Base */,
			);
			name = "Main-macOS-Swift.storyboard";
			sourceTree = "<group>";
		};
		4ED5D22B1FD8D5B1009C1EDD /* Main-iOS-Swift.storyboard */ = {
			isa = PBXVariantGroup;
			children = (
				4ED5D22C1FD8D5B1009C1EDD /* Base */,
			);
			name = "Main-iOS-Swift.storyboard";
			sourceTree = "<group>";
		};
/* End PBXVariantGroup section */

/* Begin XCBuildConfiguration section */
		4ECFE2501FD8BA20004EEACE /* Debug */ = {
			isa = XCBuildConfiguration;
			buildSettings = {
				BASE_DIR = Demo;
				CLANG_WARN_BLOCK_CAPTURE_AUTORELEASING = YES;
				CLANG_WARN_BOOL_CONVERSION = YES;
				CLANG_WARN_COMMA = YES;
				CLANG_WARN_CONSTANT_CONVERSION = YES;
				CLANG_WARN_EMPTY_BODY = YES;
				CLANG_WARN_ENUM_CONVERSION = YES;
				CLANG_WARN_INFINITE_RECURSION = YES;
				CLANG_WARN_INT_CONVERSION = YES;
				CLANG_WARN_NON_LITERAL_NULL_CONVERSION = YES;
				CLANG_WARN_OBJC_LITERAL_CONVERSION = YES;
				CLANG_WARN_RANGE_LOOP_ANALYSIS = YES;
				CLANG_WARN_STRICT_PROTOTYPES = YES;
				CLANG_WARN_SUSPICIOUS_MOVE = YES;
				CLANG_WARN_UNREACHABLE_CODE = YES;
				CLANG_WARN__DUPLICATE_METHOD_MATCH = YES;
				ENABLE_STRICT_OBJC_MSGSEND = YES;
				ENABLE_TESTABILITY = YES;
				GCC_NO_COMMON_BLOCKS = YES;
				GCC_WARN_64_TO_32_BIT_CONVERSION = YES;
				GCC_WARN_ABOUT_RETURN_TYPE = YES;
				GCC_WARN_UNDECLARED_SELECTOR = YES;
				GCC_WARN_UNINITIALIZED_AUTOS = YES;
				GCC_WARN_UNUSED_FUNCTION = YES;
				GCC_WARN_UNUSED_VARIABLE = YES;
				INFOPLIST_FILE = "${SUPPORTING_FILES_DIR}/Info-Tests.plist";
				ONLY_ACTIVE_ARCH = YES;
				SUPPORTING_FILES_DIR = "${BASE_DIR}/Supporting Files";
			};
			name = Debug;
		};
		4ECFE2511FD8BA20004EEACE /* Release */ = {
			isa = XCBuildConfiguration;
			buildSettings = {
				BASE_DIR = Demo;
				CLANG_WARN_BLOCK_CAPTURE_AUTORELEASING = YES;
				CLANG_WARN_BOOL_CONVERSION = YES;
				CLANG_WARN_COMMA = YES;
				CLANG_WARN_CONSTANT_CONVERSION = YES;
				CLANG_WARN_EMPTY_BODY = YES;
				CLANG_WARN_ENUM_CONVERSION = YES;
				CLANG_WARN_INFINITE_RECURSION = YES;
				CLANG_WARN_INT_CONVERSION = YES;
				CLANG_WARN_NON_LITERAL_NULL_CONVERSION = YES;
				CLANG_WARN_OBJC_LITERAL_CONVERSION = YES;
				CLANG_WARN_RANGE_LOOP_ANALYSIS = YES;
				CLANG_WARN_STRICT_PROTOTYPES = YES;
				CLANG_WARN_SUSPICIOUS_MOVE = YES;
				CLANG_WARN_UNREACHABLE_CODE = YES;
				CLANG_WARN__DUPLICATE_METHOD_MATCH = YES;
				ENABLE_STRICT_OBJC_MSGSEND = YES;
				GCC_NO_COMMON_BLOCKS = YES;
				GCC_WARN_64_TO_32_BIT_CONVERSION = YES;
				GCC_WARN_ABOUT_RETURN_TYPE = YES;
				GCC_WARN_UNDECLARED_SELECTOR = YES;
				GCC_WARN_UNINITIALIZED_AUTOS = YES;
				GCC_WARN_UNUSED_FUNCTION = YES;
				GCC_WARN_UNUSED_VARIABLE = YES;
				INFOPLIST_FILE = "${SUPPORTING_FILES_DIR}/Info-Tests.plist";
				SUPPORTING_FILES_DIR = "${BASE_DIR}/Supporting Files";
			};
			name = Release;
		};
		4ECFE2BE1FD8BD8F004EEACE /* Debug */ = {
			isa = XCBuildConfiguration;
			buildSettings = {
				ALWAYS_SEARCH_USER_PATHS = NO;
				ASSETCATALOG_COMPILER_APPICON_NAME = AppIcon;
				CLANG_ANALYZER_NONNULL = YES;
				CLANG_ANALYZER_NUMBER_OBJECT_CONVERSION = YES_AGGRESSIVE;
				CLANG_CXX_LANGUAGE_STANDARD = "gnu++14";
				CLANG_CXX_LIBRARY = "libc++";
				CLANG_ENABLE_MODULES = YES;
				CLANG_ENABLE_OBJC_ARC = YES;
				CLANG_WARN_BLOCK_CAPTURE_AUTORELEASING = YES;
				CLANG_WARN_BOOL_CONVERSION = YES;
				CLANG_WARN_COMMA = YES;
				CLANG_WARN_CONSTANT_CONVERSION = YES;
				CLANG_WARN_DIRECT_OBJC_ISA_USAGE = YES_ERROR;
				CLANG_WARN_DOCUMENTATION_COMMENTS = YES;
				CLANG_WARN_EMPTY_BODY = YES;
				CLANG_WARN_ENUM_CONVERSION = YES;
				CLANG_WARN_INFINITE_RECURSION = YES;
				CLANG_WARN_INT_CONVERSION = YES;
				CLANG_WARN_NON_LITERAL_NULL_CONVERSION = YES;
				CLANG_WARN_OBJC_LITERAL_CONVERSION = YES;
				CLANG_WARN_OBJC_ROOT_CLASS = YES_ERROR;
				CLANG_WARN_RANGE_LOOP_ANALYSIS = YES;
				CLANG_WARN_STRICT_PROTOTYPES = YES;
				CLANG_WARN_SUSPICIOUS_MOVE = YES;
				CLANG_WARN_UNGUARDED_AVAILABILITY = YES_AGGRESSIVE;
				CLANG_WARN_UNREACHABLE_CODE = YES;
				CLANG_WARN__DUPLICATE_METHOD_MATCH = YES;
				COPY_PHASE_STRIP = NO;
				DEBUG_INFORMATION_FORMAT = dwarf;
				ENABLE_STRICT_OBJC_MSGSEND = YES;
				ENABLE_TESTABILITY = YES;
				GCC_C_LANGUAGE_STANDARD = gnu11;
				GCC_DYNAMIC_NO_PIC = NO;
				GCC_NO_COMMON_BLOCKS = YES;
				GCC_OPTIMIZATION_LEVEL = 0;
				GCC_PREPROCESSOR_DEFINITIONS = (
					"DEBUG=1",
					"$(inherited)",
				);
				GCC_WARN_64_TO_32_BIT_CONVERSION = YES;
				GCC_WARN_ABOUT_RETURN_TYPE = YES_ERROR;
				GCC_WARN_UNDECLARED_SELECTOR = YES;
				GCC_WARN_UNINITIALIZED_AUTOS = YES_AGGRESSIVE;
				GCC_WARN_UNUSED_FUNCTION = YES;
				GCC_WARN_UNUSED_VARIABLE = YES;
				INFOPLIST_FILE = "${SUPPORTING_FILES_DIR}/Info-iOS.plist";
				IPHONEOS_DEPLOYMENT_TARGET = 11.2;
				LD_RUNPATH_SEARCH_PATHS = "$(inherited) @executable_path/Frameworks";
				MTL_ENABLE_DEBUG_INFO = YES;
				ONLY_ACTIVE_ARCH = YES;
				PRODUCT_BUNDLE_IDENTIFIER = "com.jackfelle.Demo-iOS";
				PRODUCT_NAME = "$(TARGET_NAME)";
				SDKROOT = iphoneos;
				SWIFT_ACTIVE_COMPILATION_CONDITIONS = DEBUG;
				SWIFT_OPTIMIZATION_LEVEL = "-Onone";
				SWIFT_VERSION = 4.0;
				TARGETED_DEVICE_FAMILY = "1,2";
				UI_LAUNCH_SCREEN_FILE = "LaunchScreen-Swift";
				UI_MAIN_FILE = "Main-iOS-Swift";
			};
			name = Debug;
		};
		4ECFE2BF1FD8BD8F004EEACE /* Release */ = {
			isa = XCBuildConfiguration;
			buildSettings = {
				ALWAYS_SEARCH_USER_PATHS = NO;
				ASSETCATALOG_COMPILER_APPICON_NAME = AppIcon;
				CLANG_ANALYZER_NONNULL = YES;
				CLANG_ANALYZER_NUMBER_OBJECT_CONVERSION = YES_AGGRESSIVE;
				CLANG_CXX_LANGUAGE_STANDARD = "gnu++14";
				CLANG_CXX_LIBRARY = "libc++";
				CLANG_ENABLE_MODULES = YES;
				CLANG_ENABLE_OBJC_ARC = YES;
				CLANG_WARN_BLOCK_CAPTURE_AUTORELEASING = YES;
				CLANG_WARN_BOOL_CONVERSION = YES;
				CLANG_WARN_COMMA = YES;
				CLANG_WARN_CONSTANT_CONVERSION = YES;
				CLANG_WARN_DIRECT_OBJC_ISA_USAGE = YES_ERROR;
				CLANG_WARN_DOCUMENTATION_COMMENTS = YES;
				CLANG_WARN_EMPTY_BODY = YES;
				CLANG_WARN_ENUM_CONVERSION = YES;
				CLANG_WARN_INFINITE_RECURSION = YES;
				CLANG_WARN_INT_CONVERSION = YES;
				CLANG_WARN_NON_LITERAL_NULL_CONVERSION = YES;
				CLANG_WARN_OBJC_LITERAL_CONVERSION = YES;
				CLANG_WARN_OBJC_ROOT_CLASS = YES_ERROR;
				CLANG_WARN_RANGE_LOOP_ANALYSIS = YES;
				CLANG_WARN_STRICT_PROTOTYPES = YES;
				CLANG_WARN_SUSPICIOUS_MOVE = YES;
				CLANG_WARN_UNGUARDED_AVAILABILITY = YES_AGGRESSIVE;
				CLANG_WARN_UNREACHABLE_CODE = YES;
				CLANG_WARN__DUPLICATE_METHOD_MATCH = YES;
				COPY_PHASE_STRIP = NO;
				DEBUG_INFORMATION_FORMAT = "dwarf-with-dsym";
				ENABLE_NS_ASSERTIONS = NO;
				ENABLE_STRICT_OBJC_MSGSEND = YES;
				GCC_C_LANGUAGE_STANDARD = gnu11;
				GCC_NO_COMMON_BLOCKS = YES;
				GCC_WARN_64_TO_32_BIT_CONVERSION = YES;
				GCC_WARN_ABOUT_RETURN_TYPE = YES_ERROR;
				GCC_WARN_UNDECLARED_SELECTOR = YES;
				GCC_WARN_UNINITIALIZED_AUTOS = YES_AGGRESSIVE;
				GCC_WARN_UNUSED_FUNCTION = YES;
				GCC_WARN_UNUSED_VARIABLE = YES;
				INFOPLIST_FILE = "${SUPPORTING_FILES_DIR}/Info-iOS.plist";
				IPHONEOS_DEPLOYMENT_TARGET = 11.2;
				LD_RUNPATH_SEARCH_PATHS = "$(inherited) @executable_path/Frameworks";
				MTL_ENABLE_DEBUG_INFO = NO;
				PRODUCT_BUNDLE_IDENTIFIER = "com.jackfelle.Demo-iOS";
				PRODUCT_NAME = "$(TARGET_NAME)";
				SDKROOT = iphoneos;
				SWIFT_OPTIMIZATION_LEVEL = "-Owholemodule";
				SWIFT_VERSION = 4.0;
				TARGETED_DEVICE_FAMILY = "1,2";
				UI_LAUNCH_SCREEN_FILE = "LaunchScreen-Swift";
				UI_MAIN_FILE = "Main-iOS-Swift";
				VALIDATE_PRODUCT = YES;
			};
			name = Release;
		};
		4ECFE2C01FD8BD8F004EEACE /* Debug */ = {
			isa = XCBuildConfiguration;
			buildSettings = {
				ALWAYS_EMBED_SWIFT_STANDARD_LIBRARIES = YES;
				ALWAYS_SEARCH_USER_PATHS = NO;
				BUNDLE_LOADER = "$(TEST_HOST)";
				CLANG_ANALYZER_NONNULL = YES;
				CLANG_ANALYZER_NUMBER_OBJECT_CONVERSION = YES_AGGRESSIVE;
				CLANG_CXX_LANGUAGE_STANDARD = "gnu++14";
				CLANG_CXX_LIBRARY = "libc++";
				CLANG_ENABLE_MODULES = YES;
				CLANG_ENABLE_OBJC_ARC = YES;
				CLANG_WARN_BLOCK_CAPTURE_AUTORELEASING = YES;
				CLANG_WARN_BOOL_CONVERSION = YES;
				CLANG_WARN_COMMA = YES;
				CLANG_WARN_CONSTANT_CONVERSION = YES;
				CLANG_WARN_DIRECT_OBJC_ISA_USAGE = YES_ERROR;
				CLANG_WARN_DOCUMENTATION_COMMENTS = YES;
				CLANG_WARN_EMPTY_BODY = YES;
				CLANG_WARN_ENUM_CONVERSION = YES;
				CLANG_WARN_INFINITE_RECURSION = YES;
				CLANG_WARN_INT_CONVERSION = YES;
				CLANG_WARN_NON_LITERAL_NULL_CONVERSION = YES;
				CLANG_WARN_OBJC_LITERAL_CONVERSION = YES;
				CLANG_WARN_OBJC_ROOT_CLASS = YES_ERROR;
				CLANG_WARN_RANGE_LOOP_ANALYSIS = YES;
				CLANG_WARN_STRICT_PROTOTYPES = YES;
				CLANG_WARN_SUSPICIOUS_MOVE = YES;
				CLANG_WARN_UNGUARDED_AVAILABILITY = YES_AGGRESSIVE;
				CLANG_WARN_UNREACHABLE_CODE = YES;
				CLANG_WARN__DUPLICATE_METHOD_MATCH = YES;
				COPY_PHASE_STRIP = NO;
				DEBUG_INFORMATION_FORMAT = dwarf;
				ENABLE_STRICT_OBJC_MSGSEND = YES;
				ENABLE_TESTABILITY = YES;
				GCC_C_LANGUAGE_STANDARD = gnu11;
				GCC_DYNAMIC_NO_PIC = NO;
				GCC_NO_COMMON_BLOCKS = YES;
				GCC_OPTIMIZATION_LEVEL = 0;
				GCC_PREPROCESSOR_DEFINITIONS = (
					"DEBUG=1",
					"$(inherited)",
				);
				GCC_WARN_64_TO_32_BIT_CONVERSION = YES;
				GCC_WARN_ABOUT_RETURN_TYPE = YES_ERROR;
				GCC_WARN_UNDECLARED_SELECTOR = YES;
				GCC_WARN_UNINITIALIZED_AUTOS = YES_AGGRESSIVE;
				GCC_WARN_UNUSED_FUNCTION = YES;
				GCC_WARN_UNUSED_VARIABLE = YES;
				IPHONEOS_DEPLOYMENT_TARGET = 11.2;
				LD_RUNPATH_SEARCH_PATHS = "$(inherited) @executable_path/Frameworks @loader_path/Frameworks";
				MTL_ENABLE_DEBUG_INFO = YES;
				ONLY_ACTIVE_ARCH = YES;
				PRODUCT_BUNDLE_IDENTIFIER = "com.jackfelle.Demo-iOSTests";
				PRODUCT_NAME = "$(TARGET_NAME)";
				SDKROOT = iphoneos;
				SWIFT_ACTIVE_COMPILATION_CONDITIONS = DEBUG;
				SWIFT_OPTIMIZATION_LEVEL = "-Onone";
				SWIFT_VERSION = 4.0;
				TARGETED_DEVICE_FAMILY = "1,2";
				TEST_HOST = "$(BUILT_PRODUCTS_DIR)/Demo-Swift iOS.app/Demo-Swift iOS";
			};
			name = Debug;
		};
		4ECFE2C11FD8BD8F004EEACE /* Release */ = {
			isa = XCBuildConfiguration;
			buildSettings = {
				ALWAYS_EMBED_SWIFT_STANDARD_LIBRARIES = YES;
				ALWAYS_SEARCH_USER_PATHS = NO;
				BUNDLE_LOADER = "$(TEST_HOST)";
				CLANG_ANALYZER_NONNULL = YES;
				CLANG_ANALYZER_NUMBER_OBJECT_CONVERSION = YES_AGGRESSIVE;
				CLANG_CXX_LANGUAGE_STANDARD = "gnu++14";
				CLANG_CXX_LIBRARY = "libc++";
				CLANG_ENABLE_MODULES = YES;
				CLANG_ENABLE_OBJC_ARC = YES;
				CLANG_WARN_BLOCK_CAPTURE_AUTORELEASING = YES;
				CLANG_WARN_BOOL_CONVERSION = YES;
				CLANG_WARN_COMMA = YES;
				CLANG_WARN_CONSTANT_CONVERSION = YES;
				CLANG_WARN_DIRECT_OBJC_ISA_USAGE = YES_ERROR;
				CLANG_WARN_DOCUMENTATION_COMMENTS = YES;
				CLANG_WARN_EMPTY_BODY = YES;
				CLANG_WARN_ENUM_CONVERSION = YES;
				CLANG_WARN_INFINITE_RECURSION = YES;
				CLANG_WARN_INT_CONVERSION = YES;
				CLANG_WARN_NON_LITERAL_NULL_CONVERSION = YES;
				CLANG_WARN_OBJC_LITERAL_CONVERSION = YES;
				CLANG_WARN_OBJC_ROOT_CLASS = YES_ERROR;
				CLANG_WARN_RANGE_LOOP_ANALYSIS = YES;
				CLANG_WARN_STRICT_PROTOTYPES = YES;
				CLANG_WARN_SUSPICIOUS_MOVE = YES;
				CLANG_WARN_UNGUARDED_AVAILABILITY = YES_AGGRESSIVE;
				CLANG_WARN_UNREACHABLE_CODE = YES;
				CLANG_WARN__DUPLICATE_METHOD_MATCH = YES;
				COPY_PHASE_STRIP = NO;
				DEBUG_INFORMATION_FORMAT = "dwarf-with-dsym";
				ENABLE_NS_ASSERTIONS = NO;
				ENABLE_STRICT_OBJC_MSGSEND = YES;
				GCC_C_LANGUAGE_STANDARD = gnu11;
				GCC_NO_COMMON_BLOCKS = YES;
				GCC_WARN_64_TO_32_BIT_CONVERSION = YES;
				GCC_WARN_ABOUT_RETURN_TYPE = YES_ERROR;
				GCC_WARN_UNDECLARED_SELECTOR = YES;
				GCC_WARN_UNINITIALIZED_AUTOS = YES_AGGRESSIVE;
				GCC_WARN_UNUSED_FUNCTION = YES;
				GCC_WARN_UNUSED_VARIABLE = YES;
				IPHONEOS_DEPLOYMENT_TARGET = 11.2;
				LD_RUNPATH_SEARCH_PATHS = "$(inherited) @executable_path/Frameworks @loader_path/Frameworks";
				MTL_ENABLE_DEBUG_INFO = NO;
				PRODUCT_BUNDLE_IDENTIFIER = "com.jackfelle.Demo-iOSTests";
				PRODUCT_NAME = "$(TARGET_NAME)";
				SDKROOT = iphoneos;
				SWIFT_OPTIMIZATION_LEVEL = "-Owholemodule";
				SWIFT_VERSION = 4.0;
				TARGETED_DEVICE_FAMILY = "1,2";
				TEST_HOST = "$(BUILT_PRODUCTS_DIR)/Demo-Swift iOS.app/Demo-Swift iOS";
				VALIDATE_PRODUCT = YES;
			};
			name = Release;
		};
		4ECFE2C21FD8BD8F004EEACE /* Debug */ = {
			isa = XCBuildConfiguration;
			buildSettings = {
				ALWAYS_EMBED_SWIFT_STANDARD_LIBRARIES = YES;
				ALWAYS_SEARCH_USER_PATHS = NO;
				CLANG_ANALYZER_NONNULL = YES;
				CLANG_ANALYZER_NUMBER_OBJECT_CONVERSION = YES_AGGRESSIVE;
				CLANG_CXX_LANGUAGE_STANDARD = "gnu++14";
				CLANG_CXX_LIBRARY = "libc++";
				CLANG_ENABLE_MODULES = YES;
				CLANG_ENABLE_OBJC_ARC = YES;
				CLANG_WARN_BLOCK_CAPTURE_AUTORELEASING = YES;
				CLANG_WARN_BOOL_CONVERSION = YES;
				CLANG_WARN_COMMA = YES;
				CLANG_WARN_CONSTANT_CONVERSION = YES;
				CLANG_WARN_DIRECT_OBJC_ISA_USAGE = YES_ERROR;
				CLANG_WARN_DOCUMENTATION_COMMENTS = YES;
				CLANG_WARN_EMPTY_BODY = YES;
				CLANG_WARN_ENUM_CONVERSION = YES;
				CLANG_WARN_INFINITE_RECURSION = YES;
				CLANG_WARN_INT_CONVERSION = YES;
				CLANG_WARN_NON_LITERAL_NULL_CONVERSION = YES;
				CLANG_WARN_OBJC_LITERAL_CONVERSION = YES;
				CLANG_WARN_OBJC_ROOT_CLASS = YES_ERROR;
				CLANG_WARN_RANGE_LOOP_ANALYSIS = YES;
				CLANG_WARN_STRICT_PROTOTYPES = YES;
				CLANG_WARN_SUSPICIOUS_MOVE = YES;
				CLANG_WARN_UNGUARDED_AVAILABILITY = YES_AGGRESSIVE;
				CLANG_WARN_UNREACHABLE_CODE = YES;
				CLANG_WARN__DUPLICATE_METHOD_MATCH = YES;
				COPY_PHASE_STRIP = NO;
				DEBUG_INFORMATION_FORMAT = dwarf;
				ENABLE_STRICT_OBJC_MSGSEND = YES;
				ENABLE_TESTABILITY = YES;
				GCC_C_LANGUAGE_STANDARD = gnu11;
				GCC_DYNAMIC_NO_PIC = NO;
				GCC_NO_COMMON_BLOCKS = YES;
				GCC_OPTIMIZATION_LEVEL = 0;
				GCC_PREPROCESSOR_DEFINITIONS = (
					"DEBUG=1",
					"$(inherited)",
				);
				GCC_WARN_64_TO_32_BIT_CONVERSION = YES;
				GCC_WARN_ABOUT_RETURN_TYPE = YES_ERROR;
				GCC_WARN_UNDECLARED_SELECTOR = YES;
				GCC_WARN_UNINITIALIZED_AUTOS = YES_AGGRESSIVE;
				GCC_WARN_UNUSED_FUNCTION = YES;
				GCC_WARN_UNUSED_VARIABLE = YES;
				IPHONEOS_DEPLOYMENT_TARGET = 11.2;
				LD_RUNPATH_SEARCH_PATHS = "$(inherited) @executable_path/Frameworks @loader_path/Frameworks";
				MTL_ENABLE_DEBUG_INFO = YES;
				ONLY_ACTIVE_ARCH = YES;
				PRODUCT_BUNDLE_IDENTIFIER = "com.jackfelle.Demo-iOSUITests";
				PRODUCT_NAME = "$(TARGET_NAME)";
				SDKROOT = iphoneos;
				SWIFT_ACTIVE_COMPILATION_CONDITIONS = DEBUG;
				SWIFT_OPTIMIZATION_LEVEL = "-Onone";
				SWIFT_VERSION = 4.0;
				TARGETED_DEVICE_FAMILY = "1,2";
				TEST_TARGET_NAME = "Demo-Swift iOS";
			};
			name = Debug;
		};
		4ECFE2C31FD8BD8F004EEACE /* Release */ = {
			isa = XCBuildConfiguration;
			buildSettings = {
				ALWAYS_EMBED_SWIFT_STANDARD_LIBRARIES = YES;
				ALWAYS_SEARCH_USER_PATHS = NO;
				CLANG_ANALYZER_NONNULL = YES;
				CLANG_ANALYZER_NUMBER_OBJECT_CONVERSION = YES_AGGRESSIVE;
				CLANG_CXX_LANGUAGE_STANDARD = "gnu++14";
				CLANG_CXX_LIBRARY = "libc++";
				CLANG_ENABLE_MODULES = YES;
				CLANG_ENABLE_OBJC_ARC = YES;
				CLANG_WARN_BLOCK_CAPTURE_AUTORELEASING = YES;
				CLANG_WARN_BOOL_CONVERSION = YES;
				CLANG_WARN_COMMA = YES;
				CLANG_WARN_CONSTANT_CONVERSION = YES;
				CLANG_WARN_DIRECT_OBJC_ISA_USAGE = YES_ERROR;
				CLANG_WARN_DOCUMENTATION_COMMENTS = YES;
				CLANG_WARN_EMPTY_BODY = YES;
				CLANG_WARN_ENUM_CONVERSION = YES;
				CLANG_WARN_INFINITE_RECURSION = YES;
				CLANG_WARN_INT_CONVERSION = YES;
				CLANG_WARN_NON_LITERAL_NULL_CONVERSION = YES;
				CLANG_WARN_OBJC_LITERAL_CONVERSION = YES;
				CLANG_WARN_OBJC_ROOT_CLASS = YES_ERROR;
				CLANG_WARN_RANGE_LOOP_ANALYSIS = YES;
				CLANG_WARN_STRICT_PROTOTYPES = YES;
				CLANG_WARN_SUSPICIOUS_MOVE = YES;
				CLANG_WARN_UNGUARDED_AVAILABILITY = YES_AGGRESSIVE;
				CLANG_WARN_UNREACHABLE_CODE = YES;
				CLANG_WARN__DUPLICATE_METHOD_MATCH = YES;
				COPY_PHASE_STRIP = NO;
				DEBUG_INFORMATION_FORMAT = "dwarf-with-dsym";
				ENABLE_NS_ASSERTIONS = NO;
				ENABLE_STRICT_OBJC_MSGSEND = YES;
				GCC_C_LANGUAGE_STANDARD = gnu11;
				GCC_NO_COMMON_BLOCKS = YES;
				GCC_WARN_64_TO_32_BIT_CONVERSION = YES;
				GCC_WARN_ABOUT_RETURN_TYPE = YES_ERROR;
				GCC_WARN_UNDECLARED_SELECTOR = YES;
				GCC_WARN_UNINITIALIZED_AUTOS = YES_AGGRESSIVE;
				GCC_WARN_UNUSED_FUNCTION = YES;
				GCC_WARN_UNUSED_VARIABLE = YES;
				IPHONEOS_DEPLOYMENT_TARGET = 11.2;
				LD_RUNPATH_SEARCH_PATHS = "$(inherited) @executable_path/Frameworks @loader_path/Frameworks";
				MTL_ENABLE_DEBUG_INFO = NO;
				PRODUCT_BUNDLE_IDENTIFIER = "com.jackfelle.Demo-iOSUITests";
				PRODUCT_NAME = "$(TARGET_NAME)";
				SDKROOT = iphoneos;
				SWIFT_OPTIMIZATION_LEVEL = "-Owholemodule";
				SWIFT_VERSION = 4.0;
				TARGETED_DEVICE_FAMILY = "1,2";
				TEST_TARGET_NAME = "Demo-Swift iOS";
				VALIDATE_PRODUCT = YES;
			};
			name = Release;
		};
		4ECFE2F21FD8BDA4004EEACE /* Debug */ = {
			isa = XCBuildConfiguration;
			buildSettings = {
				ALWAYS_SEARCH_USER_PATHS = NO;
				ASSETCATALOG_COMPILER_APPICON_NAME = AppIcon;
				CLANG_ANALYZER_NONNULL = YES;
				CLANG_ANALYZER_NUMBER_OBJECT_CONVERSION = YES_AGGRESSIVE;
				CLANG_CXX_LANGUAGE_STANDARD = "gnu++14";
				CLANG_CXX_LIBRARY = "libc++";
				CLANG_ENABLE_MODULES = YES;
				CLANG_ENABLE_OBJC_ARC = YES;
				CLANG_WARN_BLOCK_CAPTURE_AUTORELEASING = YES;
				CLANG_WARN_BOOL_CONVERSION = YES;
				CLANG_WARN_COMMA = YES;
				CLANG_WARN_CONSTANT_CONVERSION = YES;
				CLANG_WARN_DIRECT_OBJC_ISA_USAGE = YES_ERROR;
				CLANG_WARN_DOCUMENTATION_COMMENTS = YES;
				CLANG_WARN_EMPTY_BODY = YES;
				CLANG_WARN_ENUM_CONVERSION = YES;
				CLANG_WARN_INFINITE_RECURSION = YES;
				CLANG_WARN_INT_CONVERSION = YES;
				CLANG_WARN_NON_LITERAL_NULL_CONVERSION = YES;
				CLANG_WARN_OBJC_LITERAL_CONVERSION = YES;
				CLANG_WARN_OBJC_ROOT_CLASS = YES_ERROR;
				CLANG_WARN_RANGE_LOOP_ANALYSIS = YES;
				CLANG_WARN_STRICT_PROTOTYPES = YES;
				CLANG_WARN_SUSPICIOUS_MOVE = YES;
				CLANG_WARN_UNGUARDED_AVAILABILITY = YES_AGGRESSIVE;
				CLANG_WARN_UNREACHABLE_CODE = YES;
				CLANG_WARN__DUPLICATE_METHOD_MATCH = YES;
				COMBINE_HIDPI_IMAGES = YES;
				COPY_PHASE_STRIP = NO;
				DEBUG_INFORMATION_FORMAT = dwarf;
				ENABLE_STRICT_OBJC_MSGSEND = YES;
				ENABLE_TESTABILITY = YES;
				GCC_C_LANGUAGE_STANDARD = gnu11;
				GCC_DYNAMIC_NO_PIC = NO;
				GCC_NO_COMMON_BLOCKS = YES;
				GCC_OPTIMIZATION_LEVEL = 0;
				GCC_PREPROCESSOR_DEFINITIONS = (
					"DEBUG=1",
					"$(inherited)",
				);
				GCC_WARN_64_TO_32_BIT_CONVERSION = YES;
				GCC_WARN_ABOUT_RETURN_TYPE = YES_ERROR;
				GCC_WARN_UNDECLARED_SELECTOR = YES;
				GCC_WARN_UNINITIALIZED_AUTOS = YES_AGGRESSIVE;
				GCC_WARN_UNUSED_FUNCTION = YES;
				GCC_WARN_UNUSED_VARIABLE = YES;
				INFOPLIST_FILE = "${SUPPORTING_FILES_DIR}/Info-macOS.plist";
				LD_RUNPATH_SEARCH_PATHS = "$(inherited) @executable_path/../Frameworks";
				MACOSX_DEPLOYMENT_TARGET = 10.13;
				MTL_ENABLE_DEBUG_INFO = YES;
				ONLY_ACTIVE_ARCH = YES;
				PRODUCT_BUNDLE_IDENTIFIER = "com.jackfelle.Demo-macOS";
				PRODUCT_NAME = "$(TARGET_NAME)";
				SDKROOT = macosx;
				SWIFT_ACTIVE_COMPILATION_CONDITIONS = DEBUG;
				SWIFT_OPTIMIZATION_LEVEL = "-Onone";
				SWIFT_VERSION = 4.0;
				UI_MAIN_FILE = "Main-macOS-Swift";
			};
			name = Debug;
		};
		4ECFE2F31FD8BDA4004EEACE /* Release */ = {
			isa = XCBuildConfiguration;
			buildSettings = {
				ALWAYS_SEARCH_USER_PATHS = NO;
				ASSETCATALOG_COMPILER_APPICON_NAME = AppIcon;
				CLANG_ANALYZER_NONNULL = YES;
				CLANG_ANALYZER_NUMBER_OBJECT_CONVERSION = YES_AGGRESSIVE;
				CLANG_CXX_LANGUAGE_STANDARD = "gnu++14";
				CLANG_CXX_LIBRARY = "libc++";
				CLANG_ENABLE_MODULES = YES;
				CLANG_ENABLE_OBJC_ARC = YES;
				CLANG_WARN_BLOCK_CAPTURE_AUTORELEASING = YES;
				CLANG_WARN_BOOL_CONVERSION = YES;
				CLANG_WARN_COMMA = YES;
				CLANG_WARN_CONSTANT_CONVERSION = YES;
				CLANG_WARN_DIRECT_OBJC_ISA_USAGE = YES_ERROR;
				CLANG_WARN_DOCUMENTATION_COMMENTS = YES;
				CLANG_WARN_EMPTY_BODY = YES;
				CLANG_WARN_ENUM_CONVERSION = YES;
				CLANG_WARN_INFINITE_RECURSION = YES;
				CLANG_WARN_INT_CONVERSION = YES;
				CLANG_WARN_NON_LITERAL_NULL_CONVERSION = YES;
				CLANG_WARN_OBJC_LITERAL_CONVERSION = YES;
				CLANG_WARN_OBJC_ROOT_CLASS = YES_ERROR;
				CLANG_WARN_RANGE_LOOP_ANALYSIS = YES;
				CLANG_WARN_STRICT_PROTOTYPES = YES;
				CLANG_WARN_SUSPICIOUS_MOVE = YES;
				CLANG_WARN_UNGUARDED_AVAILABILITY = YES_AGGRESSIVE;
				CLANG_WARN_UNREACHABLE_CODE = YES;
				CLANG_WARN__DUPLICATE_METHOD_MATCH = YES;
				COMBINE_HIDPI_IMAGES = YES;
				COPY_PHASE_STRIP = NO;
				DEBUG_INFORMATION_FORMAT = "dwarf-with-dsym";
				ENABLE_NS_ASSERTIONS = NO;
				ENABLE_STRICT_OBJC_MSGSEND = YES;
				GCC_C_LANGUAGE_STANDARD = gnu11;
				GCC_NO_COMMON_BLOCKS = YES;
				GCC_WARN_64_TO_32_BIT_CONVERSION = YES;
				GCC_WARN_ABOUT_RETURN_TYPE = YES_ERROR;
				GCC_WARN_UNDECLARED_SELECTOR = YES;
				GCC_WARN_UNINITIALIZED_AUTOS = YES_AGGRESSIVE;
				GCC_WARN_UNUSED_FUNCTION = YES;
				GCC_WARN_UNUSED_VARIABLE = YES;
				INFOPLIST_FILE = "${SUPPORTING_FILES_DIR}/Info-macOS.plist";
				LD_RUNPATH_SEARCH_PATHS = "$(inherited) @executable_path/../Frameworks";
				MACOSX_DEPLOYMENT_TARGET = 10.13;
				MTL_ENABLE_DEBUG_INFO = NO;
				PRODUCT_BUNDLE_IDENTIFIER = "com.jackfelle.Demo-macOS";
				PRODUCT_NAME = "$(TARGET_NAME)";
				SDKROOT = macosx;
				SWIFT_OPTIMIZATION_LEVEL = "-Owholemodule";
				SWIFT_VERSION = 4.0;
				UI_MAIN_FILE = "Main-macOS-Swift";
			};
			name = Release;
		};
		4ECFE2F51FD8BDA4004EEACE /* Debug */ = {
			isa = XCBuildConfiguration;
			buildSettings = {
				ALWAYS_EMBED_SWIFT_STANDARD_LIBRARIES = YES;
				ALWAYS_SEARCH_USER_PATHS = NO;
				BUNDLE_LOADER = "$(TEST_HOST)";
				CLANG_ANALYZER_NONNULL = YES;
				CLANG_ANALYZER_NUMBER_OBJECT_CONVERSION = YES_AGGRESSIVE;
				CLANG_CXX_LANGUAGE_STANDARD = "gnu++14";
				CLANG_CXX_LIBRARY = "libc++";
				CLANG_ENABLE_MODULES = YES;
				CLANG_ENABLE_OBJC_ARC = YES;
				CLANG_WARN_BLOCK_CAPTURE_AUTORELEASING = YES;
				CLANG_WARN_BOOL_CONVERSION = YES;
				CLANG_WARN_COMMA = YES;
				CLANG_WARN_CONSTANT_CONVERSION = YES;
				CLANG_WARN_DIRECT_OBJC_ISA_USAGE = YES_ERROR;
				CLANG_WARN_DOCUMENTATION_COMMENTS = YES;
				CLANG_WARN_EMPTY_BODY = YES;
				CLANG_WARN_ENUM_CONVERSION = YES;
				CLANG_WARN_INFINITE_RECURSION = YES;
				CLANG_WARN_INT_CONVERSION = YES;
				CLANG_WARN_NON_LITERAL_NULL_CONVERSION = YES;
				CLANG_WARN_OBJC_LITERAL_CONVERSION = YES;
				CLANG_WARN_OBJC_ROOT_CLASS = YES_ERROR;
				CLANG_WARN_RANGE_LOOP_ANALYSIS = YES;
				CLANG_WARN_STRICT_PROTOTYPES = YES;
				CLANG_WARN_SUSPICIOUS_MOVE = YES;
				CLANG_WARN_UNGUARDED_AVAILABILITY = YES_AGGRESSIVE;
				CLANG_WARN_UNREACHABLE_CODE = YES;
				CLANG_WARN__DUPLICATE_METHOD_MATCH = YES;
				COMBINE_HIDPI_IMAGES = YES;
				COPY_PHASE_STRIP = NO;
				DEBUG_INFORMATION_FORMAT = dwarf;
				ENABLE_STRICT_OBJC_MSGSEND = YES;
				ENABLE_TESTABILITY = YES;
				GCC_C_LANGUAGE_STANDARD = gnu11;
				GCC_DYNAMIC_NO_PIC = NO;
				GCC_NO_COMMON_BLOCKS = YES;
				GCC_OPTIMIZATION_LEVEL = 0;
				GCC_PREPROCESSOR_DEFINITIONS = (
					"DEBUG=1",
					"$(inherited)",
				);
				GCC_WARN_64_TO_32_BIT_CONVERSION = YES;
				GCC_WARN_ABOUT_RETURN_TYPE = YES_ERROR;
				GCC_WARN_UNDECLARED_SELECTOR = YES;
				GCC_WARN_UNINITIALIZED_AUTOS = YES_AGGRESSIVE;
				GCC_WARN_UNUSED_FUNCTION = YES;
				GCC_WARN_UNUSED_VARIABLE = YES;
				LD_RUNPATH_SEARCH_PATHS = "$(inherited) @executable_path/../Frameworks @loader_path/../Frameworks";
				MACOSX_DEPLOYMENT_TARGET = 10.13;
				MTL_ENABLE_DEBUG_INFO = YES;
				ONLY_ACTIVE_ARCH = YES;
				PRODUCT_BUNDLE_IDENTIFIER = "com.jackfelle.Demo-macOSTests";
				PRODUCT_NAME = "$(TARGET_NAME)";
				SDKROOT = macosx;
				SWIFT_ACTIVE_COMPILATION_CONDITIONS = DEBUG;
				SWIFT_OPTIMIZATION_LEVEL = "-Onone";
				SWIFT_VERSION = 4.0;
				TEST_HOST = "$(BUILT_PRODUCTS_DIR)/Demo-Swift macOS.app/Contents/MacOS/Demo-Swift macOS";
			};
			name = Debug;
		};
		4ECFE2F61FD8BDA4004EEACE /* Release */ = {
			isa = XCBuildConfiguration;
			buildSettings = {
				ALWAYS_EMBED_SWIFT_STANDARD_LIBRARIES = YES;
				ALWAYS_SEARCH_USER_PATHS = NO;
				BUNDLE_LOADER = "$(TEST_HOST)";
				CLANG_ANALYZER_NONNULL = YES;
				CLANG_ANALYZER_NUMBER_OBJECT_CONVERSION = YES_AGGRESSIVE;
				CLANG_CXX_LANGUAGE_STANDARD = "gnu++14";
				CLANG_CXX_LIBRARY = "libc++";
				CLANG_ENABLE_MODULES = YES;
				CLANG_ENABLE_OBJC_ARC = YES;
				CLANG_WARN_BLOCK_CAPTURE_AUTORELEASING = YES;
				CLANG_WARN_BOOL_CONVERSION = YES;
				CLANG_WARN_COMMA = YES;
				CLANG_WARN_CONSTANT_CONVERSION = YES;
				CLANG_WARN_DIRECT_OBJC_ISA_USAGE = YES_ERROR;
				CLANG_WARN_DOCUMENTATION_COMMENTS = YES;
				CLANG_WARN_EMPTY_BODY = YES;
				CLANG_WARN_ENUM_CONVERSION = YES;
				CLANG_WARN_INFINITE_RECURSION = YES;
				CLANG_WARN_INT_CONVERSION = YES;
				CLANG_WARN_NON_LITERAL_NULL_CONVERSION = YES;
				CLANG_WARN_OBJC_LITERAL_CONVERSION = YES;
				CLANG_WARN_OBJC_ROOT_CLASS = YES_ERROR;
				CLANG_WARN_RANGE_LOOP_ANALYSIS = YES;
				CLANG_WARN_STRICT_PROTOTYPES = YES;
				CLANG_WARN_SUSPICIOUS_MOVE = YES;
				CLANG_WARN_UNGUARDED_AVAILABILITY = YES_AGGRESSIVE;
				CLANG_WARN_UNREACHABLE_CODE = YES;
				CLANG_WARN__DUPLICATE_METHOD_MATCH = YES;
				COMBINE_HIDPI_IMAGES = YES;
				COPY_PHASE_STRIP = NO;
				DEBUG_INFORMATION_FORMAT = "dwarf-with-dsym";
				ENABLE_NS_ASSERTIONS = NO;
				ENABLE_STRICT_OBJC_MSGSEND = YES;
				GCC_C_LANGUAGE_STANDARD = gnu11;
				GCC_NO_COMMON_BLOCKS = YES;
				GCC_WARN_64_TO_32_BIT_CONVERSION = YES;
				GCC_WARN_ABOUT_RETURN_TYPE = YES_ERROR;
				GCC_WARN_UNDECLARED_SELECTOR = YES;
				GCC_WARN_UNINITIALIZED_AUTOS = YES_AGGRESSIVE;
				GCC_WARN_UNUSED_FUNCTION = YES;
				GCC_WARN_UNUSED_VARIABLE = YES;
				LD_RUNPATH_SEARCH_PATHS = "$(inherited) @executable_path/../Frameworks @loader_path/../Frameworks";
				MACOSX_DEPLOYMENT_TARGET = 10.13;
				MTL_ENABLE_DEBUG_INFO = NO;
				PRODUCT_BUNDLE_IDENTIFIER = "com.jackfelle.Demo-macOSTests";
				PRODUCT_NAME = "$(TARGET_NAME)";
				SDKROOT = macosx;
				SWIFT_OPTIMIZATION_LEVEL = "-Owholemodule";
				SWIFT_VERSION = 4.0;
				TEST_HOST = "$(BUILT_PRODUCTS_DIR)/Demo-Swift macOS.app/Contents/MacOS/Demo-Swift macOS";
			};
			name = Release;
		};
		4ECFE2F81FD8BDA4004EEACE /* Debug */ = {
			isa = XCBuildConfiguration;
			buildSettings = {
				ALWAYS_EMBED_SWIFT_STANDARD_LIBRARIES = YES;
				ALWAYS_SEARCH_USER_PATHS = NO;
				CLANG_ANALYZER_NONNULL = YES;
				CLANG_ANALYZER_NUMBER_OBJECT_CONVERSION = YES_AGGRESSIVE;
				CLANG_CXX_LANGUAGE_STANDARD = "gnu++14";
				CLANG_CXX_LIBRARY = "libc++";
				CLANG_ENABLE_MODULES = YES;
				CLANG_ENABLE_OBJC_ARC = YES;
				CLANG_WARN_BLOCK_CAPTURE_AUTORELEASING = YES;
				CLANG_WARN_BOOL_CONVERSION = YES;
				CLANG_WARN_COMMA = YES;
				CLANG_WARN_CONSTANT_CONVERSION = YES;
				CLANG_WARN_DIRECT_OBJC_ISA_USAGE = YES_ERROR;
				CLANG_WARN_DOCUMENTATION_COMMENTS = YES;
				CLANG_WARN_EMPTY_BODY = YES;
				CLANG_WARN_ENUM_CONVERSION = YES;
				CLANG_WARN_INFINITE_RECURSION = YES;
				CLANG_WARN_INT_CONVERSION = YES;
				CLANG_WARN_NON_LITERAL_NULL_CONVERSION = YES;
				CLANG_WARN_OBJC_LITERAL_CONVERSION = YES;
				CLANG_WARN_OBJC_ROOT_CLASS = YES_ERROR;
				CLANG_WARN_RANGE_LOOP_ANALYSIS = YES;
				CLANG_WARN_STRICT_PROTOTYPES = YES;
				CLANG_WARN_SUSPICIOUS_MOVE = YES;
				CLANG_WARN_UNGUARDED_AVAILABILITY = YES_AGGRESSIVE;
				CLANG_WARN_UNREACHABLE_CODE = YES;
				CLANG_WARN__DUPLICATE_METHOD_MATCH = YES;
				COMBINE_HIDPI_IMAGES = YES;
				COPY_PHASE_STRIP = NO;
				DEBUG_INFORMATION_FORMAT = dwarf;
				ENABLE_STRICT_OBJC_MSGSEND = YES;
				ENABLE_TESTABILITY = YES;
				GCC_C_LANGUAGE_STANDARD = gnu11;
				GCC_DYNAMIC_NO_PIC = NO;
				GCC_NO_COMMON_BLOCKS = YES;
				GCC_OPTIMIZATION_LEVEL = 0;
				GCC_PREPROCESSOR_DEFINITIONS = (
					"DEBUG=1",
					"$(inherited)",
				);
				GCC_WARN_64_TO_32_BIT_CONVERSION = YES;
				GCC_WARN_ABOUT_RETURN_TYPE = YES_ERROR;
				GCC_WARN_UNDECLARED_SELECTOR = YES;
				GCC_WARN_UNINITIALIZED_AUTOS = YES_AGGRESSIVE;
				GCC_WARN_UNUSED_FUNCTION = YES;
				GCC_WARN_UNUSED_VARIABLE = YES;
				LD_RUNPATH_SEARCH_PATHS = "$(inherited) @executable_path/../Frameworks @loader_path/../Frameworks";
				MACOSX_DEPLOYMENT_TARGET = 10.13;
				MTL_ENABLE_DEBUG_INFO = YES;
				ONLY_ACTIVE_ARCH = YES;
				PRODUCT_BUNDLE_IDENTIFIER = "com.jackfelle.Demo-macOSUITests";
				PRODUCT_NAME = "$(TARGET_NAME)";
				SDKROOT = macosx;
				SWIFT_ACTIVE_COMPILATION_CONDITIONS = DEBUG;
				SWIFT_OPTIMIZATION_LEVEL = "-Onone";
				SWIFT_VERSION = 4.0;
				TEST_TARGET_NAME = "Demo-Swift macOS";
			};
			name = Debug;
		};
		4ECFE2F91FD8BDA4004EEACE /* Release */ = {
			isa = XCBuildConfiguration;
			buildSettings = {
				ALWAYS_EMBED_SWIFT_STANDARD_LIBRARIES = YES;
				ALWAYS_SEARCH_USER_PATHS = NO;
				CLANG_ANALYZER_NONNULL = YES;
				CLANG_ANALYZER_NUMBER_OBJECT_CONVERSION = YES_AGGRESSIVE;
				CLANG_CXX_LANGUAGE_STANDARD = "gnu++14";
				CLANG_CXX_LIBRARY = "libc++";
				CLANG_ENABLE_MODULES = YES;
				CLANG_ENABLE_OBJC_ARC = YES;
				CLANG_WARN_BLOCK_CAPTURE_AUTORELEASING = YES;
				CLANG_WARN_BOOL_CONVERSION = YES;
				CLANG_WARN_COMMA = YES;
				CLANG_WARN_CONSTANT_CONVERSION = YES;
				CLANG_WARN_DIRECT_OBJC_ISA_USAGE = YES_ERROR;
				CLANG_WARN_DOCUMENTATION_COMMENTS = YES;
				CLANG_WARN_EMPTY_BODY = YES;
				CLANG_WARN_ENUM_CONVERSION = YES;
				CLANG_WARN_INFINITE_RECURSION = YES;
				CLANG_WARN_INT_CONVERSION = YES;
				CLANG_WARN_NON_LITERAL_NULL_CONVERSION = YES;
				CLANG_WARN_OBJC_LITERAL_CONVERSION = YES;
				CLANG_WARN_OBJC_ROOT_CLASS = YES_ERROR;
				CLANG_WARN_RANGE_LOOP_ANALYSIS = YES;
				CLANG_WARN_STRICT_PROTOTYPES = YES;
				CLANG_WARN_SUSPICIOUS_MOVE = YES;
				CLANG_WARN_UNGUARDED_AVAILABILITY = YES_AGGRESSIVE;
				CLANG_WARN_UNREACHABLE_CODE = YES;
				CLANG_WARN__DUPLICATE_METHOD_MATCH = YES;
				COMBINE_HIDPI_IMAGES = YES;
				COPY_PHASE_STRIP = NO;
				DEBUG_INFORMATION_FORMAT = "dwarf-with-dsym";
				ENABLE_NS_ASSERTIONS = NO;
				ENABLE_STRICT_OBJC_MSGSEND = YES;
				GCC_C_LANGUAGE_STANDARD = gnu11;
				GCC_NO_COMMON_BLOCKS = YES;
				GCC_WARN_64_TO_32_BIT_CONVERSION = YES;
				GCC_WARN_ABOUT_RETURN_TYPE = YES_ERROR;
				GCC_WARN_UNDECLARED_SELECTOR = YES;
				GCC_WARN_UNINITIALIZED_AUTOS = YES_AGGRESSIVE;
				GCC_WARN_UNUSED_FUNCTION = YES;
				GCC_WARN_UNUSED_VARIABLE = YES;
				LD_RUNPATH_SEARCH_PATHS = "$(inherited) @executable_path/../Frameworks @loader_path/../Frameworks";
				MACOSX_DEPLOYMENT_TARGET = 10.13;
				MTL_ENABLE_DEBUG_INFO = NO;
				PRODUCT_BUNDLE_IDENTIFIER = "com.jackfelle.Demo-macOSUITests";
				PRODUCT_NAME = "$(TARGET_NAME)";
				SDKROOT = macosx;
				SWIFT_OPTIMIZATION_LEVEL = "-Owholemodule";
				SWIFT_VERSION = 4.0;
				TEST_TARGET_NAME = "Demo-Swift macOS";
			};
			name = Release;
		};
/* End XCBuildConfiguration section */

/* Begin XCConfigurationList section */
		4ECFE24F1FD8BA20004EEACE /* Build configuration list for PBXProject "Demo-Swift" */ = {
			isa = XCConfigurationList;
			buildConfigurations = (
				4ECFE2501FD8BA20004EEACE /* Debug */,
				4ECFE2511FD8BA20004EEACE /* Release */,
			);
			defaultConfigurationIsVisible = 0;
			defaultConfigurationName = Release;
		};
		4ECFE2C41FD8BD8F004EEACE /* Build configuration list for PBXNativeTarget "Demo-Swift iOS" */ = {
			isa = XCConfigurationList;
			buildConfigurations = (
				4ECFE2BE1FD8BD8F004EEACE /* Debug */,
				4ECFE2BF1FD8BD8F004EEACE /* Release */,
			);
			defaultConfigurationIsVisible = 0;
			defaultConfigurationName = Release;
		};
		4ECFE2C51FD8BD8F004EEACE /* Build configuration list for PBXNativeTarget "Demo-Swift iOS Tests" */ = {
			isa = XCConfigurationList;
			buildConfigurations = (
				4ECFE2C01FD8BD8F004EEACE /* Debug */,
				4ECFE2C11FD8BD8F004EEACE /* Release */,
			);
			defaultConfigurationIsVisible = 0;
			defaultConfigurationName = Release;
		};
		4ECFE2C61FD8BD8F004EEACE /* Build configuration list for PBXNativeTarget "Demo-Swift iOS UITests" */ = {
			isa = XCConfigurationList;
			buildConfigurations = (
				4ECFE2C21FD8BD8F004EEACE /* Debug */,
				4ECFE2C31FD8BD8F004EEACE /* Release */,
			);
			defaultConfigurationIsVisible = 0;
			defaultConfigurationName = Release;
		};
		4ECFE2F11FD8BDA4004EEACE /* Build configuration list for PBXNativeTarget "Demo-Swift macOS" */ = {
			isa = XCConfigurationList;
			buildConfigurations = (
				4ECFE2F21FD8BDA4004EEACE /* Debug */,
				4ECFE2F31FD8BDA4004EEACE /* Release */,
			);
			defaultConfigurationIsVisible = 0;
			defaultConfigurationName = Release;
		};
		4ECFE2F41FD8BDA4004EEACE /* Build configuration list for PBXNativeTarget "Demo-Swift macOS Tests" */ = {
			isa = XCConfigurationList;
			buildConfigurations = (
				4ECFE2F51FD8BDA4004EEACE /* Debug */,
				4ECFE2F61FD8BDA4004EEACE /* Release */,
			);
			defaultConfigurationIsVisible = 0;
			defaultConfigurationName = Release;
		};
		4ECFE2F71FD8BDA4004EEACE /* Build configuration list for PBXNativeTarget "Demo-Swift macOS UITests" */ = {
			isa = XCConfigurationList;
			buildConfigurations = (
				4ECFE2F81FD8BDA4004EEACE /* Debug */,
				4ECFE2F91FD8BDA4004EEACE /* Release */,
			);
			defaultConfigurationIsVisible = 0;
			defaultConfigurationName = Release;
		};
/* End XCConfigurationList section */

/* Begin XCVersionGroup section */
		4ED5D2221FD8D5B1009C1EDD /* Database-Swift.xcdatamodeld */ = {
			isa = XCVersionGroup;
			children = (
				4ED5D2231FD8D5B1009C1EDD /* Demo_iOS.xcdatamodel */,
			);
			currentVersion = 4ED5D2231FD8D5B1009C1EDD /* Demo_iOS.xcdatamodel */;
			path = "Database-Swift.xcdatamodeld";
			sourceTree = "<group>";
			versionGroupType = wrapper.xcdatamodel;
		};
/* End XCVersionGroup section */
	};
	rootObject = 4ECFE24C1FD8BA20004EEACE /* Project object */;
}
