// !$*UTF8*$!
{
	archiveVersion = 1;
	classes = {
	};
	objectVersion = 46;
	objects = {

/* Begin PBXBuildFile section */
		6C0261A41C199FB8001D52B9 /* JFByteStream.h in Headers */ = {isa = PBXBuildFile; fileRef = 6C0261A21C199FB8001D52B9 /* JFByteStream.h */; settings = {ATTRIBUTES = (Public, ); }; };
		6C0261A51C199FB8001D52B9 /* JFByteStream.h in Headers */ = {isa = PBXBuildFile; fileRef = 6C0261A21C199FB8001D52B9 /* JFByteStream.h */; settings = {ATTRIBUTES = (Public, ); }; };
		6C0261A61C199FB8001D52B9 /* JFByteStream.m in Sources */ = {isa = PBXBuildFile; fileRef = 6C0261A31C199FB8001D52B9 /* JFByteStream.m */; };
		6C0261A71C199FB8001D52B9 /* JFByteStream.m in Sources */ = {isa = PBXBuildFile; fileRef = 6C0261A31C199FB8001D52B9 /* JFByteStream.m */; };
		6C0261A91C19BB32001D52B9 /* JFByteStream-Tests.m in Sources */ = {isa = PBXBuildFile; fileRef = 6C0261A81C19BB32001D52B9 /* JFByteStream-Tests.m */; };
		6C0261AA1C19BB32001D52B9 /* JFByteStream-Tests.m in Sources */ = {isa = PBXBuildFile; fileRef = 6C0261A81C19BB32001D52B9 /* JFByteStream-Tests.m */; };
		6C1C57F71C29A517007F08F6 /* JFWindowController.h in Headers */ = {isa = PBXBuildFile; fileRef = 6C1C57F51C29A517007F08F6 /* JFWindowController.h */; };
		6C1C57F81C29A517007F08F6 /* JFWindowController.h in Headers */ = {isa = PBXBuildFile; fileRef = 6C1C57F51C29A517007F08F6 /* JFWindowController.h */; };
		6C1C57F91C29A517007F08F6 /* JFWindowController.h in Headers */ = {isa = PBXBuildFile; fileRef = 6C1C57F51C29A517007F08F6 /* JFWindowController.h */; };
		6C1C57FA1C29A517007F08F6 /* JFWindowController.m in Sources */ = {isa = PBXBuildFile; fileRef = 6C1C57F61C29A517007F08F6 /* JFWindowController.m */; };
		6C1C57FB1C29A517007F08F6 /* JFWindowController.m in Sources */ = {isa = PBXBuildFile; fileRef = 6C1C57F61C29A517007F08F6 /* JFWindowController.m */; };
		6C1C57FC1C29A517007F08F6 /* JFWindowController.m in Sources */ = {isa = PBXBuildFile; fileRef = 6C1C57F61C29A517007F08F6 /* JFWindowController.m */; };
		6C31C7851B9EEDF400FAF487 /* JFFramework-iOS.a in Frameworks */ = {isa = PBXBuildFile; fileRef = 6C31C77A1B9EEDF300FAF487 /* JFFramework-iOS.a */; };
		6C31C7A11B9EF3CF00FAF487 /* JFFramework-OSX.a in Frameworks */ = {isa = PBXBuildFile; fileRef = 6C31C7961B9EF3CE00FAF487 /* JFFramework-OSX.a */; };
		6CE4F4CF1C2456A3008A8ACB /* JFFramework-tvOS.a in Frameworks */ = {isa = PBXBuildFile; fileRef = 6CE4F4BD1C24567E008A8ACB /* JFFramework-tvOS.a */; };
		6CE4F4D71C245937008A8ACB /* JFConnectionMachine.m in Sources */ = {isa = PBXBuildFile; fileRef = EA465D771C00A1E300811A80 /* JFConnectionMachine.m */; };
		6CE4F4D81C245937008A8ACB /* JFErrorsManager.m in Sources */ = {isa = PBXBuildFile; fileRef = EAE4A34C1C18BB5B00D7A8A1 /* JFErrorsManager.m */; };
		6CE4F4D91C245937008A8ACB /* JFManager.m in Sources */ = {isa = PBXBuildFile; fileRef = EAFAFC2E1BFE6A9C00563037 /* JFManager.m */; };
		6CE4F4DA1C245937008A8ACB /* JFByteStream.m in Sources */ = {isa = PBXBuildFile; fileRef = 6C0261A31C199FB8001D52B9 /* JFByteStream.m */; };
		6CE4F4DB1C245937008A8ACB /* JFColor.m in Sources */ = {isa = PBXBuildFile; fileRef = EA5BDED81BF7571100D1DD7C /* JFColor.m */; };
		6CE4F4DC1C245937008A8ACB /* JFString.m in Sources */ = {isa = PBXBuildFile; fileRef = EAE752601BEC200D003A2F38 /* JFString.m */; };
		6CE4F4DD1C245937008A8ACB /* JFLogger.m in Sources */ = {isa = PBXBuildFile; fileRef = EAB650E01C135C0000064C7D /* JFLogger.m */; };
		6CE4F4DE1C245937008A8ACB /* JFUtilities.m in Sources */ = {isa = PBXBuildFile; fileRef = EAE752521BEBFFC1003A2F38 /* JFUtilities.m */; };
		6CE4F4DF1C245963008A8ACB /* JFConnectionMachine.h in Headers */ = {isa = PBXBuildFile; fileRef = EA465D761C00A1E300811A80 /* JFConnectionMachine.h */; settings = {ATTRIBUTES = (Public, ); }; };
		6CE4F4E01C245963008A8ACB /* JFErrorsManager.h in Headers */ = {isa = PBXBuildFile; fileRef = EAE4A34B1C18BB5B00D7A8A1 /* JFErrorsManager.h */; settings = {ATTRIBUTES = (Public, ); }; };
		6CE4F4E11C245963008A8ACB /* JFManager.h in Headers */ = {isa = PBXBuildFile; fileRef = EAFAFC2D1BFE6A9C00563037 /* JFManager.h */; settings = {ATTRIBUTES = (Public, ); }; };
		6CE4F4E21C245963008A8ACB /* JFByteStream.h in Headers */ = {isa = PBXBuildFile; fileRef = 6C0261A21C199FB8001D52B9 /* JFByteStream.h */; settings = {ATTRIBUTES = (Public, ); }; };
		6CE4F4E31C245963008A8ACB /* JFColor.h in Headers */ = {isa = PBXBuildFile; fileRef = EA5BDED71BF7571100D1DD7C /* JFColor.h */; settings = {ATTRIBUTES = (Public, ); }; };
		6CE4F4E41C245963008A8ACB /* JFString.h in Headers */ = {isa = PBXBuildFile; fileRef = EAE7525F1BEC200D003A2F38 /* JFString.h */; settings = {ATTRIBUTES = (Public, ); }; };
		6CE4F4E51C245963008A8ACB /* JFLogger.h in Headers */ = {isa = PBXBuildFile; fileRef = EAB650E11C135C0000064C7D /* JFLogger.h */; settings = {ATTRIBUTES = (Public, ); }; };
		6CE4F4E61C245963008A8ACB /* JFShortcuts.h in Headers */ = {isa = PBXBuildFile; fileRef = EAE7525B1BEC1B86003A2F38 /* JFShortcuts.h */; settings = {ATTRIBUTES = (Public, ); }; };
		6CE4F4E71C245963008A8ACB /* JFTypes.h in Headers */ = {isa = PBXBuildFile; fileRef = EAE752581BEC15FF003A2F38 /* JFTypes.h */; settings = {ATTRIBUTES = (Public, ); }; };
		6CE4F4E81C245963008A8ACB /* JFUtilities.h in Headers */ = {isa = PBXBuildFile; fileRef = EAE752511BEBFFC1003A2F38 /* JFUtilities.h */; settings = {ATTRIBUTES = (Public, ); }; };
		6CE4F4E91C245963008A8ACB /* JFFramework.h in Headers */ = {isa = PBXBuildFile; fileRef = EAE752371BEBEF91003A2F38 /* JFFramework.h */; settings = {ATTRIBUTES = (Public, ); }; };
		6CE4F4EB1C245992008A8ACB /* JFConnectionMachine-Tests.m in Sources */ = {isa = PBXBuildFile; fileRef = EA2CE8411C08D72C00713102 /* JFConnectionMachine-Tests.m */; };
		6CE4F4EC1C245992008A8ACB /* JFErrorsManager-Tests.m in Sources */ = {isa = PBXBuildFile; fileRef = EAE4A3511C18D17800D7A8A1 /* JFErrorsManager-Tests.m */; };
		6CE4F4ED1C245992008A8ACB /* JFManager-Tests.m in Sources */ = {isa = PBXBuildFile; fileRef = EAFAFC341BFE8EBC00563037 /* JFManager-Tests.m */; };
		6CE4F4EE1C245992008A8ACB /* JFByteStream-Tests.m in Sources */ = {isa = PBXBuildFile; fileRef = 6C0261A81C19BB32001D52B9 /* JFByteStream-Tests.m */; };
		6CE4F4EF1C245992008A8ACB /* JFColor-Tests.m in Sources */ = {isa = PBXBuildFile; fileRef = EA5BDEDD1BF7B65400D1DD7C /* JFColor-Tests.m */; };
		6CE4F4F01C245992008A8ACB /* JFString-Tests.m in Sources */ = {isa = PBXBuildFile; fileRef = EA730C141BF2A7A900968F31 /* JFString-Tests.m */; };
		6CE4F4F11C245992008A8ACB /* JFLogger-Tests.m in Sources */ = {isa = PBXBuildFile; fileRef = EAE5B25A1C15E4F900FE0A57 /* JFLogger-Tests.m */; };
		6CE4F4F21C245992008A8ACB /* JFShortcuts-Tests.m in Sources */ = {isa = PBXBuildFile; fileRef = EA0039241BFBCDCB003C8AE8 /* JFShortcuts-Tests.m */; };
		6CE4F4F31C245992008A8ACB /* JFUtilities-Tests.m in Sources */ = {isa = PBXBuildFile; fileRef = EAD4F1D01BF413F00031E236 /* JFUtilities-Tests.m */; };
		EA0039251BFBCDCB003C8AE8 /* JFShortcuts-Tests.m in Sources */ = {isa = PBXBuildFile; fileRef = EA0039241BFBCDCB003C8AE8 /* JFShortcuts-Tests.m */; };
		EA0039261BFBCDCB003C8AE8 /* JFShortcuts-Tests.m in Sources */ = {isa = PBXBuildFile; fileRef = EA0039241BFBCDCB003C8AE8 /* JFShortcuts-Tests.m */; };
		EA2CE8421C08D72C00713102 /* JFConnectionMachine-Tests.m in Sources */ = {isa = PBXBuildFile; fileRef = EA2CE8411C08D72C00713102 /* JFConnectionMachine-Tests.m */; };
		EA2CE8431C08D72C00713102 /* JFConnectionMachine-Tests.m in Sources */ = {isa = PBXBuildFile; fileRef = EA2CE8411C08D72C00713102 /* JFConnectionMachine-Tests.m */; };
		EA465D781C00A1E300811A80 /* JFConnectionMachine.h in Headers */ = {isa = PBXBuildFile; fileRef = EA465D761C00A1E300811A80 /* JFConnectionMachine.h */; settings = {ATTRIBUTES = (Public, ); }; };
		EA465D791C00A1E300811A80 /* JFConnectionMachine.h in Headers */ = {isa = PBXBuildFile; fileRef = EA465D761C00A1E300811A80 /* JFConnectionMachine.h */; settings = {ATTRIBUTES = (Public, ); }; };
		EA465D7A1C00A1E300811A80 /* JFConnectionMachine.m in Sources */ = {isa = PBXBuildFile; fileRef = EA465D771C00A1E300811A80 /* JFConnectionMachine.m */; };
		EA465D7B1C00A1E300811A80 /* JFConnectionMachine.m in Sources */ = {isa = PBXBuildFile; fileRef = EA465D771C00A1E300811A80 /* JFConnectionMachine.m */; };
		EA5BDED91BF7571100D1DD7C /* JFColor.h in Headers */ = {isa = PBXBuildFile; fileRef = EA5BDED71BF7571100D1DD7C /* JFColor.h */; settings = {ATTRIBUTES = (Public, ); }; };
		EA5BDEDA1BF7571100D1DD7C /* JFColor.h in Headers */ = {isa = PBXBuildFile; fileRef = EA5BDED71BF7571100D1DD7C /* JFColor.h */; settings = {ATTRIBUTES = (Public, ); }; };
		EA5BDEDB1BF7571100D1DD7C /* JFColor.m in Sources */ = {isa = PBXBuildFile; fileRef = EA5BDED81BF7571100D1DD7C /* JFColor.m */; };
		EA5BDEDC1BF7571100D1DD7C /* JFColor.m in Sources */ = {isa = PBXBuildFile; fileRef = EA5BDED81BF7571100D1DD7C /* JFColor.m */; };
		EA5BDEDE1BF7B65400D1DD7C /* JFColor-Tests.m in Sources */ = {isa = PBXBuildFile; fileRef = EA5BDEDD1BF7B65400D1DD7C /* JFColor-Tests.m */; };
		EA5BDEDF1BF7B65400D1DD7C /* JFColor-Tests.m in Sources */ = {isa = PBXBuildFile; fileRef = EA5BDEDD1BF7B65400D1DD7C /* JFColor-Tests.m */; };
		EA730C151BF2A7A900968F31 /* JFString-Tests.m in Sources */ = {isa = PBXBuildFile; fileRef = EA730C141BF2A7A900968F31 /* JFString-Tests.m */; };
		EA730C161BF2A7A900968F31 /* JFString-Tests.m in Sources */ = {isa = PBXBuildFile; fileRef = EA730C141BF2A7A900968F31 /* JFString-Tests.m */; };
		EA7F89641C289F1D002C2E34 /* JFAppDelegate.h in Headers */ = {isa = PBXBuildFile; fileRef = EA7F89621C289F1D002C2E34 /* JFAppDelegate.h */; settings = {ATTRIBUTES = (Public, ); }; };
		EA7F89651C289F1D002C2E34 /* JFAppDelegate.h in Headers */ = {isa = PBXBuildFile; fileRef = EA7F89621C289F1D002C2E34 /* JFAppDelegate.h */; settings = {ATTRIBUTES = (Public, ); }; };
		EA7F89661C289F1D002C2E34 /* JFAppDelegate.h in Headers */ = {isa = PBXBuildFile; fileRef = EA7F89621C289F1D002C2E34 /* JFAppDelegate.h */; settings = {ATTRIBUTES = (Public, ); }; };
		EA7F89671C289F1D002C2E34 /* JFAppDelegate.m in Sources */ = {isa = PBXBuildFile; fileRef = EA7F89631C289F1D002C2E34 /* JFAppDelegate.m */; };
		EA7F89681C289F1D002C2E34 /* JFAppDelegate.m in Sources */ = {isa = PBXBuildFile; fileRef = EA7F89631C289F1D002C2E34 /* JFAppDelegate.m */; };
		EA7F89691C289F1D002C2E34 /* JFAppDelegate.m in Sources */ = {isa = PBXBuildFile; fileRef = EA7F89631C289F1D002C2E34 /* JFAppDelegate.m */; };
		EA83A5F61C257E650057F954 /* JFPreprocessorMacros.h in Headers */ = {isa = PBXBuildFile; fileRef = EA83A5F51C257E650057F954 /* JFPreprocessorMacros.h */; };
		EA83A5F71C257E650057F954 /* JFPreprocessorMacros.h in Headers */ = {isa = PBXBuildFile; fileRef = EA83A5F51C257E650057F954 /* JFPreprocessorMacros.h */; };
		EA83A5F81C257E650057F954 /* JFPreprocessorMacros.h in Headers */ = {isa = PBXBuildFile; fileRef = EA83A5F51C257E650057F954 /* JFPreprocessorMacros.h */; };
		EAB650E21C135C0000064C7D /* JFLogger.m in Sources */ = {isa = PBXBuildFile; fileRef = EAB650E01C135C0000064C7D /* JFLogger.m */; };
		EAB650E31C135C0000064C7D /* JFLogger.m in Sources */ = {isa = PBXBuildFile; fileRef = EAB650E01C135C0000064C7D /* JFLogger.m */; };
		EAB650E41C135C0000064C7D /* JFLogger.h in Headers */ = {isa = PBXBuildFile; fileRef = EAB650E11C135C0000064C7D /* JFLogger.h */; settings = {ATTRIBUTES = (Public, ); }; };
		EAB650E51C135C0000064C7D /* JFLogger.h in Headers */ = {isa = PBXBuildFile; fileRef = EAB650E11C135C0000064C7D /* JFLogger.h */; settings = {ATTRIBUTES = (Public, ); }; };
		EAD4F1D11BF413F00031E236 /* JFUtilities-Tests.m in Sources */ = {isa = PBXBuildFile; fileRef = EAD4F1D01BF413F00031E236 /* JFUtilities-Tests.m */; };
		EAD4F1D21BF413F00031E236 /* JFUtilities-Tests.m in Sources */ = {isa = PBXBuildFile; fileRef = EAD4F1D01BF413F00031E236 /* JFUtilities-Tests.m */; };
		EAE4A34D1C18BB5B00D7A8A1 /* JFErrorsManager.h in Headers */ = {isa = PBXBuildFile; fileRef = EAE4A34B1C18BB5B00D7A8A1 /* JFErrorsManager.h */; settings = {ATTRIBUTES = (Public, ); }; };
		EAE4A34E1C18BB5B00D7A8A1 /* JFErrorsManager.h in Headers */ = {isa = PBXBuildFile; fileRef = EAE4A34B1C18BB5B00D7A8A1 /* JFErrorsManager.h */; settings = {ATTRIBUTES = (Public, ); }; };
		EAE4A34F1C18BB5B00D7A8A1 /* JFErrorsManager.m in Sources */ = {isa = PBXBuildFile; fileRef = EAE4A34C1C18BB5B00D7A8A1 /* JFErrorsManager.m */; };
		EAE4A3501C18BB5B00D7A8A1 /* JFErrorsManager.m in Sources */ = {isa = PBXBuildFile; fileRef = EAE4A34C1C18BB5B00D7A8A1 /* JFErrorsManager.m */; };
		EAE4A3521C18D17800D7A8A1 /* JFErrorsManager-Tests.m in Sources */ = {isa = PBXBuildFile; fileRef = EAE4A3511C18D17800D7A8A1 /* JFErrorsManager-Tests.m */; };
		EAE4A3531C18D17800D7A8A1 /* JFErrorsManager-Tests.m in Sources */ = {isa = PBXBuildFile; fileRef = EAE4A3511C18D17800D7A8A1 /* JFErrorsManager-Tests.m */; };
		EAE5B25B1C15E4F900FE0A57 /* JFLogger-Tests.m in Sources */ = {isa = PBXBuildFile; fileRef = EAE5B25A1C15E4F900FE0A57 /* JFLogger-Tests.m */; };
		EAE5B25C1C15E4F900FE0A57 /* JFLogger-Tests.m in Sources */ = {isa = PBXBuildFile; fileRef = EAE5B25A1C15E4F900FE0A57 /* JFLogger-Tests.m */; };
		EAE752391BEBEF91003A2F38 /* JFFramework.h in Headers */ = {isa = PBXBuildFile; fileRef = EAE752371BEBEF91003A2F38 /* JFFramework.h */; settings = {ATTRIBUTES = (Public, ); }; };
		EAE7523A1BEBEF91003A2F38 /* JFFramework.h in Headers */ = {isa = PBXBuildFile; fileRef = EAE752371BEBEF91003A2F38 /* JFFramework.h */; settings = {ATTRIBUTES = (Public, ); }; };
		EAE752531BEBFFC1003A2F38 /* JFUtilities.h in Headers */ = {isa = PBXBuildFile; fileRef = EAE752511BEBFFC1003A2F38 /* JFUtilities.h */; settings = {ATTRIBUTES = (Public, ); }; };
		EAE752541BEBFFC1003A2F38 /* JFUtilities.h in Headers */ = {isa = PBXBuildFile; fileRef = EAE752511BEBFFC1003A2F38 /* JFUtilities.h */; settings = {ATTRIBUTES = (Public, ); }; };
		EAE752551BEBFFC1003A2F38 /* JFUtilities.m in Sources */ = {isa = PBXBuildFile; fileRef = EAE752521BEBFFC1003A2F38 /* JFUtilities.m */; };
		EAE752561BEBFFC1003A2F38 /* JFUtilities.m in Sources */ = {isa = PBXBuildFile; fileRef = EAE752521BEBFFC1003A2F38 /* JFUtilities.m */; };
		EAE752591BEC15FF003A2F38 /* JFTypes.h in Headers */ = {isa = PBXBuildFile; fileRef = EAE752581BEC15FF003A2F38 /* JFTypes.h */; settings = {ATTRIBUTES = (Public, ); }; };
		EAE7525A1BEC15FF003A2F38 /* JFTypes.h in Headers */ = {isa = PBXBuildFile; fileRef = EAE752581BEC15FF003A2F38 /* JFTypes.h */; settings = {ATTRIBUTES = (Public, ); }; };
		EAE7525C1BEC1B86003A2F38 /* JFShortcuts.h in Headers */ = {isa = PBXBuildFile; fileRef = EAE7525B1BEC1B86003A2F38 /* JFShortcuts.h */; settings = {ATTRIBUTES = (Public, ); }; };
		EAE7525D1BEC1B86003A2F38 /* JFShortcuts.h in Headers */ = {isa = PBXBuildFile; fileRef = EAE7525B1BEC1B86003A2F38 /* JFShortcuts.h */; settings = {ATTRIBUTES = (Public, ); }; };
		EAE752611BEC200D003A2F38 /* JFString.h in Headers */ = {isa = PBXBuildFile; fileRef = EAE7525F1BEC200D003A2F38 /* JFString.h */; settings = {ATTRIBUTES = (Public, ); }; };
		EAE752621BEC200D003A2F38 /* JFString.h in Headers */ = {isa = PBXBuildFile; fileRef = EAE7525F1BEC200D003A2F38 /* JFString.h */; settings = {ATTRIBUTES = (Public, ); }; };
		EAE752631BEC200D003A2F38 /* JFString.m in Sources */ = {isa = PBXBuildFile; fileRef = EAE752601BEC200D003A2F38 /* JFString.m */; };
		EAE752641BEC200D003A2F38 /* JFString.m in Sources */ = {isa = PBXBuildFile; fileRef = EAE752601BEC200D003A2F38 /* JFString.m */; };
		EAFAFC2F1BFE6A9C00563037 /* JFManager.h in Headers */ = {isa = PBXBuildFile; fileRef = EAFAFC2D1BFE6A9C00563037 /* JFManager.h */; settings = {ATTRIBUTES = (Public, ); }; };
		EAFAFC301BFE6A9C00563037 /* JFManager.h in Headers */ = {isa = PBXBuildFile; fileRef = EAFAFC2D1BFE6A9C00563037 /* JFManager.h */; settings = {ATTRIBUTES = (Public, ); }; };
		EAFAFC311BFE6A9C00563037 /* JFManager.m in Sources */ = {isa = PBXBuildFile; fileRef = EAFAFC2E1BFE6A9C00563037 /* JFManager.m */; };
		EAFAFC321BFE6A9C00563037 /* JFManager.m in Sources */ = {isa = PBXBuildFile; fileRef = EAFAFC2E1BFE6A9C00563037 /* JFManager.m */; };
		EAFAFC351BFE8EBC00563037 /* JFManager-Tests.m in Sources */ = {isa = PBXBuildFile; fileRef = EAFAFC341BFE8EBC00563037 /* JFManager-Tests.m */; };
		EAFAFC361BFE8EBC00563037 /* JFManager-Tests.m in Sources */ = {isa = PBXBuildFile; fileRef = EAFAFC341BFE8EBC00563037 /* JFManager-Tests.m */; };
/* End PBXBuildFile section */

/* Begin PBXContainerItemProxy section */
		6C31C7861B9EEDF400FAF487 /* PBXContainerItemProxy */ = {
			isa = PBXContainerItemProxy;
			containerPortal = EA5F858C1B768E5A00A32291 /* Project object */;
			proxyType = 1;
			remoteGlobalIDString = 6C31C7791B9EEDF300FAF487;
			remoteInfo = "JFFramework-iOS";
		};
		6C31C7A21B9EF3CF00FAF487 /* PBXContainerItemProxy */ = {
			isa = PBXContainerItemProxy;
			containerPortal = EA5F858C1B768E5A00A32291 /* Project object */;
			proxyType = 1;
			remoteGlobalIDString = 6C31C7951B9EF3CE00FAF487;
			remoteInfo = "JFFramework-OSX";
		};
		6CE4F4D01C2456A3008A8ACB /* PBXContainerItemProxy */ = {
			isa = PBXContainerItemProxy;
			containerPortal = EA5F858C1B768E5A00A32291 /* Project object */;
			proxyType = 1;
			remoteGlobalIDString = 6CE4F4BC1C24567E008A8ACB;
			remoteInfo = "JFFramework-tvOS";
		};
/* End PBXContainerItemProxy section */

/* Begin PBXFileReference section */
		6C0261A21C199FB8001D52B9 /* JFByteStream.h */ = {isa = PBXFileReference; fileEncoding = 4; lastKnownFileType = sourcecode.c.h; path = JFByteStream.h; sourceTree = "<group>"; };
		6C0261A31C199FB8001D52B9 /* JFByteStream.m */ = {isa = PBXFileReference; fileEncoding = 4; lastKnownFileType = sourcecode.c.objc; path = JFByteStream.m; sourceTree = "<group>"; };
		6C0261A81C19BB32001D52B9 /* JFByteStream-Tests.m */ = {isa = PBXFileReference; fileEncoding = 4; lastKnownFileType = sourcecode.c.objc; path = "JFByteStream-Tests.m"; sourceTree = "<group>"; };
		6C1C57F51C29A517007F08F6 /* JFWindowController.h */ = {isa = PBXFileReference; fileEncoding = 4; lastKnownFileType = sourcecode.c.h; path = JFWindowController.h; sourceTree = "<group>"; };
		6C1C57F61C29A517007F08F6 /* JFWindowController.m */ = {isa = PBXFileReference; fileEncoding = 4; lastKnownFileType = sourcecode.c.objc; path = JFWindowController.m; sourceTree = "<group>"; };
		6C31C77A1B9EEDF300FAF487 /* JFFramework-iOS.a */ = {isa = PBXFileReference; explicitFileType = archive.ar; includeInIndex = 0; path = "JFFramework-iOS.a"; sourceTree = BUILT_PRODUCTS_DIR; };
		6C31C7841B9EEDF400FAF487 /* JFFramework-iOS-Tests.xctest */ = {isa = PBXFileReference; explicitFileType = wrapper.cfbundle; includeInIndex = 0; path = "JFFramework-iOS-Tests.xctest"; sourceTree = BUILT_PRODUCTS_DIR; };
		6C31C7961B9EF3CE00FAF487 /* JFFramework-OSX.a */ = {isa = PBXFileReference; explicitFileType = archive.ar; includeInIndex = 0; path = "JFFramework-OSX.a"; sourceTree = BUILT_PRODUCTS_DIR; };
		6C31C7A01B9EF3CF00FAF487 /* JFFramework-OSX-Tests.xctest */ = {isa = PBXFileReference; explicitFileType = wrapper.cfbundle; includeInIndex = 0; path = "JFFramework-OSX-Tests.xctest"; sourceTree = BUILT_PRODUCTS_DIR; };
		6CE4F4BD1C24567E008A8ACB /* JFFramework-tvOS.a */ = {isa = PBXFileReference; explicitFileType = archive.ar; includeInIndex = 0; path = "JFFramework-tvOS.a"; sourceTree = BUILT_PRODUCTS_DIR; };
		6CE4F4CA1C2456A3008A8ACB /* tvOS-Tests.xctest */ = {isa = PBXFileReference; explicitFileType = wrapper.cfbundle; includeInIndex = 0; path = "tvOS-Tests.xctest"; sourceTree = BUILT_PRODUCTS_DIR; };
		6CE4F4D61C2458EB008A8ACB /* Info-tvOS-Tests.plist */ = {isa = PBXFileReference; lastKnownFileType = text.plist.xml; path = "Info-tvOS-Tests.plist"; sourceTree = "<group>"; };
		EA0039241BFBCDCB003C8AE8 /* JFShortcuts-Tests.m */ = {isa = PBXFileReference; fileEncoding = 4; lastKnownFileType = sourcecode.c.objc; path = "JFShortcuts-Tests.m"; sourceTree = "<group>"; };
		EA2CE8411C08D72C00713102 /* JFConnectionMachine-Tests.m */ = {isa = PBXFileReference; fileEncoding = 4; lastKnownFileType = sourcecode.c.objc; path = "JFConnectionMachine-Tests.m"; sourceTree = "<group>"; };
		EA465D761C00A1E300811A80 /* JFConnectionMachine.h */ = {isa = PBXFileReference; fileEncoding = 4; lastKnownFileType = sourcecode.c.h; path = JFConnectionMachine.h; sourceTree = "<group>"; };
		EA465D771C00A1E300811A80 /* JFConnectionMachine.m */ = {isa = PBXFileReference; fileEncoding = 4; lastKnownFileType = sourcecode.c.objc; path = JFConnectionMachine.m; sourceTree = "<group>"; };
		EA465D7C1C00A69700811A80 /* Documentation */ = {isa = PBXFileReference; lastKnownFileType = folder; path = Documentation; sourceTree = "<group>"; };
		EA5BDED71BF7571100D1DD7C /* JFColor.h */ = {isa = PBXFileReference; fileEncoding = 4; lastKnownFileType = sourcecode.c.h; path = JFColor.h; sourceTree = "<group>"; };
		EA5BDED81BF7571100D1DD7C /* JFColor.m */ = {isa = PBXFileReference; fileEncoding = 4; lastKnownFileType = sourcecode.c.objc; path = JFColor.m; sourceTree = "<group>"; };
		EA5BDEDD1BF7B65400D1DD7C /* JFColor-Tests.m */ = {isa = PBXFileReference; fileEncoding = 4; lastKnownFileType = sourcecode.c.objc; path = "JFColor-Tests.m"; sourceTree = "<group>"; };
		EA730C141BF2A7A900968F31 /* JFString-Tests.m */ = {isa = PBXFileReference; fileEncoding = 4; lastKnownFileType = sourcecode.c.objc; path = "JFString-Tests.m"; sourceTree = "<group>"; };
		EA7F89621C289F1D002C2E34 /* JFAppDelegate.h */ = {isa = PBXFileReference; fileEncoding = 4; lastKnownFileType = sourcecode.c.h; path = JFAppDelegate.h; sourceTree = "<group>"; };
		EA7F89631C289F1D002C2E34 /* JFAppDelegate.m */ = {isa = PBXFileReference; fileEncoding = 4; lastKnownFileType = sourcecode.c.objc; path = JFAppDelegate.m; sourceTree = "<group>"; };
		EA83A5F51C257E650057F954 /* JFPreprocessorMacros.h */ = {isa = PBXFileReference; fileEncoding = 4; lastKnownFileType = sourcecode.c.h; path = JFPreprocessorMacros.h; sourceTree = "<group>"; };
		EAB650E01C135C0000064C7D /* JFLogger.m */ = {isa = PBXFileReference; fileEncoding = 4; lastKnownFileType = sourcecode.c.objc; path = JFLogger.m; sourceTree = "<group>"; };
		EAB650E11C135C0000064C7D /* JFLogger.h */ = {isa = PBXFileReference; fileEncoding = 4; lastKnownFileType = sourcecode.c.h; path = JFLogger.h; sourceTree = "<group>"; };
		EAD4F1D01BF413F00031E236 /* JFUtilities-Tests.m */ = {isa = PBXFileReference; fileEncoding = 4; lastKnownFileType = sourcecode.c.objc; path = "JFUtilities-Tests.m"; sourceTree = "<group>"; };
		EAE4A34B1C18BB5B00D7A8A1 /* JFErrorsManager.h */ = {isa = PBXFileReference; fileEncoding = 4; lastKnownFileType = sourcecode.c.h; path = JFErrorsManager.h; sourceTree = "<group>"; };
		EAE4A34C1C18BB5B00D7A8A1 /* JFErrorsManager.m */ = {isa = PBXFileReference; fileEncoding = 4; lastKnownFileType = sourcecode.c.objc; path = JFErrorsManager.m; sourceTree = "<group>"; };
		EAE4A3511C18D17800D7A8A1 /* JFErrorsManager-Tests.m */ = {isa = PBXFileReference; fileEncoding = 4; lastKnownFileType = sourcecode.c.objc; path = "JFErrorsManager-Tests.m"; sourceTree = "<group>"; };
		EAE5B25A1C15E4F900FE0A57 /* JFLogger-Tests.m */ = {isa = PBXFileReference; fileEncoding = 4; lastKnownFileType = sourcecode.c.objc; path = "JFLogger-Tests.m"; sourceTree = "<group>"; };
		EAE752351BEBEF91003A2F38 /* Info-iOS-Tests.plist */ = {isa = PBXFileReference; fileEncoding = 4; lastKnownFileType = text.plist.xml; path = "Info-iOS-Tests.plist"; sourceTree = "<group>"; };
		EAE752361BEBEF91003A2F38 /* Info-OSX-Tests.plist */ = {isa = PBXFileReference; fileEncoding = 4; lastKnownFileType = text.plist.xml; path = "Info-OSX-Tests.plist"; sourceTree = "<group>"; };
		EAE752371BEBEF91003A2F38 /* JFFramework.h */ = {isa = PBXFileReference; fileEncoding = 4; lastKnownFileType = sourcecode.c.h; path = JFFramework.h; sourceTree = "<group>"; };
		EAE752381BEBEF91003A2F38 /* Prefix.pch */ = {isa = PBXFileReference; fileEncoding = 4; lastKnownFileType = sourcecode.c.h; path = Prefix.pch; sourceTree = "<group>"; };
		EAE752511BEBFFC1003A2F38 /* JFUtilities.h */ = {isa = PBXFileReference; fileEncoding = 4; lastKnownFileType = sourcecode.c.h; path = JFUtilities.h; sourceTree = "<group>"; };
		EAE752521BEBFFC1003A2F38 /* JFUtilities.m */ = {isa = PBXFileReference; fileEncoding = 4; lastKnownFileType = sourcecode.c.objc; path = JFUtilities.m; sourceTree = "<group>"; };
		EAE752581BEC15FF003A2F38 /* JFTypes.h */ = {isa = PBXFileReference; fileEncoding = 4; lastKnownFileType = sourcecode.c.h; path = JFTypes.h; sourceTree = "<group>"; };
		EAE7525B1BEC1B86003A2F38 /* JFShortcuts.h */ = {isa = PBXFileReference; fileEncoding = 4; lastKnownFileType = sourcecode.c.h; path = JFShortcuts.h; sourceTree = "<group>"; };
		EAE7525F1BEC200D003A2F38 /* JFString.h */ = {isa = PBXFileReference; fileEncoding = 4; lastKnownFileType = sourcecode.c.h; path = JFString.h; sourceTree = "<group>"; };
		EAE752601BEC200D003A2F38 /* JFString.m */ = {isa = PBXFileReference; fileEncoding = 4; lastKnownFileType = sourcecode.c.objc; path = JFString.m; sourceTree = "<group>"; };
		EAFAFC2D1BFE6A9C00563037 /* JFManager.h */ = {isa = PBXFileReference; fileEncoding = 4; lastKnownFileType = sourcecode.c.h; path = JFManager.h; sourceTree = "<group>"; };
		EAFAFC2E1BFE6A9C00563037 /* JFManager.m */ = {isa = PBXFileReference; fileEncoding = 4; lastKnownFileType = sourcecode.c.objc; path = JFManager.m; sourceTree = "<group>"; };
		EAFAFC341BFE8EBC00563037 /* JFManager-Tests.m */ = {isa = PBXFileReference; fileEncoding = 4; lastKnownFileType = sourcecode.c.objc; path = "JFManager-Tests.m"; sourceTree = "<group>"; };
/* End PBXFileReference section */

/* Begin PBXFrameworksBuildPhase section */
		6C31C7771B9EEDF300FAF487 /* Frameworks */ = {
			isa = PBXFrameworksBuildPhase;
			buildActionMask = 2147483647;
			files = (
			);
			runOnlyForDeploymentPostprocessing = 0;
		};
		6C31C7811B9EEDF400FAF487 /* Frameworks */ = {
			isa = PBXFrameworksBuildPhase;
			buildActionMask = 2147483647;
			files = (
				6C31C7851B9EEDF400FAF487 /* JFFramework-iOS.a in Frameworks */,
			);
			runOnlyForDeploymentPostprocessing = 0;
		};
		6C31C7931B9EF3CE00FAF487 /* Frameworks */ = {
			isa = PBXFrameworksBuildPhase;
			buildActionMask = 2147483647;
			files = (
			);
			runOnlyForDeploymentPostprocessing = 0;
		};
		6C31C79D1B9EF3CF00FAF487 /* Frameworks */ = {
			isa = PBXFrameworksBuildPhase;
			buildActionMask = 2147483647;
			files = (
				6C31C7A11B9EF3CF00FAF487 /* JFFramework-OSX.a in Frameworks */,
			);
			runOnlyForDeploymentPostprocessing = 0;
		};
		6CE4F4BA1C24567E008A8ACB /* Frameworks */ = {
			isa = PBXFrameworksBuildPhase;
			buildActionMask = 2147483647;
			files = (
			);
			runOnlyForDeploymentPostprocessing = 0;
		};
		6CE4F4C71C2456A3008A8ACB /* Frameworks */ = {
			isa = PBXFrameworksBuildPhase;
			buildActionMask = 2147483647;
			files = (
				6CE4F4CF1C2456A3008A8ACB /* JFFramework-tvOS.a in Frameworks */,
			);
			runOnlyForDeploymentPostprocessing = 0;
		};
/* End PBXFrameworksBuildPhase section */

/* Begin PBXGroup section */
		6C1C57F41C29A4D0007F08F6 /* User Interface */ = {
			isa = PBXGroup;
			children = (
				6C1C57F51C29A517007F08F6 /* JFWindowController.h */,
				6C1C57F61C29A517007F08F6 /* JFWindowController.m */,
			);
			path = "User Interface";
			sourceTree = "<group>";
		};
		EA5F858B1B768E5A00A32291 = {
			isa = PBXGroup;
			children = (
				EA465D7C1C00A69700811A80 /* Documentation */,
				EA5F85981B769A3700A32291 /* Products */,
				EAE7523E1BEBF444003A2F38 /* Sources */,
				EAE752341BEBEF91003A2F38 /* Supporting Files */,
				EA730C0F1BF2A38100968F31 /* Tests */,
			);
			sourceTree = "<group>";
		};
		EA5F85981B769A3700A32291 /* Products */ = {
			isa = PBXGroup;
			children = (
				6C31C77A1B9EEDF300FAF487 /* JFFramework-iOS.a */,
				6C31C7841B9EEDF400FAF487 /* JFFramework-iOS-Tests.xctest */,
				6C31C7961B9EF3CE00FAF487 /* JFFramework-OSX.a */,
				6C31C7A01B9EF3CF00FAF487 /* JFFramework-OSX-Tests.xctest */,
				6CE4F4BD1C24567E008A8ACB /* JFFramework-tvOS.a */,
				6CE4F4CA1C2456A3008A8ACB /* tvOS-Tests.xctest */,
			);
			name = Products;
			sourceTree = "<group>";
		};
		EA730C0F1BF2A38100968F31 /* Tests */ = {
			isa = PBXGroup;
			children = (
				EAFAFC331BFE8EA200563037 /* Core */,
				EA730C101BF2A74800968F31 /* Data Objects */,
				EAD4F1CF1BF413E10031E236 /* Utilities */,
			);
			name = Tests;
			path = JFFramework/Tests;
			sourceTree = "<group>";
		};
		EA730C101BF2A74800968F31 /* Data Objects */ = {
			isa = PBXGroup;
			children = (
				6C0261A81C19BB32001D52B9 /* JFByteStream-Tests.m */,
				EA5BDEDD1BF7B65400D1DD7C /* JFColor-Tests.m */,
				EA730C141BF2A7A900968F31 /* JFString-Tests.m */,
			);
			path = "Data Objects";
			sourceTree = "<group>";
		};
		EAD4F1CF1BF413E10031E236 /* Utilities */ = {
			isa = PBXGroup;
			children = (
				EAE5B25A1C15E4F900FE0A57 /* JFLogger-Tests.m */,
				EA0039241BFBCDCB003C8AE8 /* JFShortcuts-Tests.m */,
				EAD4F1D01BF413F00031E236 /* JFUtilities-Tests.m */,
			);
			path = Utilities;
			sourceTree = "<group>";
		};
		EAE752341BEBEF91003A2F38 /* Supporting Files */ = {
			isa = PBXGroup;
			children = (
				EAE752351BEBEF91003A2F38 /* Info-iOS-Tests.plist */,
				EAE752361BEBEF91003A2F38 /* Info-OSX-Tests.plist */,
				6CE4F4D61C2458EB008A8ACB /* Info-tvOS-Tests.plist */,
				EAE752371BEBEF91003A2F38 /* JFFramework.h */,
				EAE752381BEBEF91003A2F38 /* Prefix.pch */,
			);
			name = "Supporting Files";
			path = "JFFramework/Supporting Files";
			sourceTree = "<group>";
		};
		EAE7523E1BEBF444003A2F38 /* Sources */ = {
			isa = PBXGroup;
			children = (
				EAFAFC2C1BFE6A5100563037 /* Core */,
				EAE7525E1BEC1FFC003A2F38 /* Data Objects */,
				6C1C57F41C29A4D0007F08F6 /* User Interface */,
				EAE752501BEBFFAE003A2F38 /* Utilities */,
			);
			name = Sources;
			path = JFFramework/Sources;
			sourceTree = "<group>";
		};
		EAE752501BEBFFAE003A2F38 /* Utilities */ = {
			isa = PBXGroup;
			children = (
				EAB650E11C135C0000064C7D /* JFLogger.h */,
				EAB650E01C135C0000064C7D /* JFLogger.m */,
				EA83A5F51C257E650057F954 /* JFPreprocessorMacros.h */,
				EAE7525B1BEC1B86003A2F38 /* JFShortcuts.h */,
				EAE752581BEC15FF003A2F38 /* JFTypes.h */,
				EAE752511BEBFFC1003A2F38 /* JFUtilities.h */,
				EAE752521BEBFFC1003A2F38 /* JFUtilities.m */,
			);
			path = Utilities;
			sourceTree = "<group>";
		};
		EAE7525E1BEC1FFC003A2F38 /* Data Objects */ = {
			isa = PBXGroup;
			children = (
				6C0261A21C199FB8001D52B9 /* JFByteStream.h */,
				6C0261A31C199FB8001D52B9 /* JFByteStream.m */,
				EA5BDED71BF7571100D1DD7C /* JFColor.h */,
				EA5BDED81BF7571100D1DD7C /* JFColor.m */,
				EAE7525F1BEC200D003A2F38 /* JFString.h */,
				EAE752601BEC200D003A2F38 /* JFString.m */,
			);
			path = "Data Objects";
			sourceTree = "<group>";
		};
		EAFAFC2C1BFE6A5100563037 /* Core */ = {
			isa = PBXGroup;
			children = (
				EA7F89621C289F1D002C2E34 /* JFAppDelegate.h */,
				EA7F89631C289F1D002C2E34 /* JFAppDelegate.m */,
				EA465D761C00A1E300811A80 /* JFConnectionMachine.h */,
				EA465D771C00A1E300811A80 /* JFConnectionMachine.m */,
				EAE4A34B1C18BB5B00D7A8A1 /* JFErrorsManager.h */,
				EAE4A34C1C18BB5B00D7A8A1 /* JFErrorsManager.m */,
				EAFAFC2D1BFE6A9C00563037 /* JFManager.h */,
				EAFAFC2E1BFE6A9C00563037 /* JFManager.m */,
			);
			path = Core;
			sourceTree = "<group>";
		};
		EAFAFC331BFE8EA200563037 /* Core */ = {
			isa = PBXGroup;
			children = (
				EA2CE8411C08D72C00713102 /* JFConnectionMachine-Tests.m */,
				EAE4A3511C18D17800D7A8A1 /* JFErrorsManager-Tests.m */,
				EAFAFC341BFE8EBC00563037 /* JFManager-Tests.m */,
			);
			path = Core;
			sourceTree = "<group>";
		};
/* End PBXGroup section */

/* Begin PBXHeadersBuildPhase section */
		6C31C7941B9EF3CE00FAF487 /* Headers */ = {
			isa = PBXHeadersBuildPhase;
			buildActionMask = 2147483647;
			files = (
				EA83A5F71C257E650057F954 /* JFPreprocessorMacros.h in Headers */,
				EA7F89651C289F1D002C2E34 /* JFAppDelegate.h in Headers */,
				EA465D791C00A1E300811A80 /* JFConnectionMachine.h in Headers */,
				EAE7525A1BEC15FF003A2F38 /* JFTypes.h in Headers */,
				EAE7525D1BEC1B86003A2F38 /* JFShortcuts.h in Headers */,
				EAB650E51C135C0000064C7D /* JFLogger.h in Headers */,
				EAFAFC301BFE6A9C00563037 /* JFManager.h in Headers */,
				6C0261A51C199FB8001D52B9 /* JFByteStream.h in Headers */,
				EA5BDEDA1BF7571100D1DD7C /* JFColor.h in Headers */,
				EAE7523A1BEBEF91003A2F38 /* JFFramework.h in Headers */,
				EAE752621BEC200D003A2F38 /* JFString.h in Headers */,
				EAE752541BEBFFC1003A2F38 /* JFUtilities.h in Headers */,
				6C1C57F81C29A517007F08F6 /* JFWindowController.h in Headers */,
				EAE4A34E1C18BB5B00D7A8A1 /* JFErrorsManager.h in Headers */,
			);
			runOnlyForDeploymentPostprocessing = 0;
		};
		6C5B09BD1B9EFAB70055ACEC /* Headers */ = {
			isa = PBXHeadersBuildPhase;
			buildActionMask = 2147483647;
			files = (
				EA83A5F61C257E650057F954 /* JFPreprocessorMacros.h in Headers */,
				EA7F89641C289F1D002C2E34 /* JFAppDelegate.h in Headers */,
				EA465D781C00A1E300811A80 /* JFConnectionMachine.h in Headers */,
				EAE752591BEC15FF003A2F38 /* JFTypes.h in Headers */,
				EAE7525C1BEC1B86003A2F38 /* JFShortcuts.h in Headers */,
				EAFAFC2F1BFE6A9C00563037 /* JFManager.h in Headers */,
				EAE752391BEBEF91003A2F38 /* JFFramework.h in Headers */,
				6C0261A41C199FB8001D52B9 /* JFByteStream.h in Headers */,
				EAE752611BEC200D003A2F38 /* JFString.h in Headers */,
				EAB650E41C135C0000064C7D /* JFLogger.h in Headers */,
				EA5BDED91BF7571100D1DD7C /* JFColor.h in Headers */,
				EAE752531BEBFFC1003A2F38 /* JFUtilities.h in Headers */,
				6C1C57F71C29A517007F08F6 /* JFWindowController.h in Headers */,
				EAE4A34D1C18BB5B00D7A8A1 /* JFErrorsManager.h in Headers */,
			);
			runOnlyForDeploymentPostprocessing = 0;
		};
		6CE4F4D51C245805008A8ACB /* Headers */ = {
			isa = PBXHeadersBuildPhase;
			buildActionMask = 2147483647;
			files = (
				EA83A5F81C257E650057F954 /* JFPreprocessorMacros.h in Headers */,
				EA7F89661C289F1D002C2E34 /* JFAppDelegate.h in Headers */,
				6CE4F4DF1C245963008A8ACB /* JFConnectionMachine.h in Headers */,
				6CE4F4E01C245963008A8ACB /* JFErrorsManager.h in Headers */,
				6CE4F4E11C245963008A8ACB /* JFManager.h in Headers */,
				6CE4F4E21C245963008A8ACB /* JFByteStream.h in Headers */,
				6CE4F4E31C245963008A8ACB /* JFColor.h in Headers */,
				6CE4F4E41C245963008A8ACB /* JFString.h in Headers */,
				6CE4F4E51C245963008A8ACB /* JFLogger.h in Headers */,
				6CE4F4E61C245963008A8ACB /* JFShortcuts.h in Headers */,
				6CE4F4E71C245963008A8ACB /* JFTypes.h in Headers */,
				6CE4F4E81C245963008A8ACB /* JFUtilities.h in Headers */,
				6C1C57F91C29A517007F08F6 /* JFWindowController.h in Headers */,
				6CE4F4E91C245963008A8ACB /* JFFramework.h in Headers */,
			);
			runOnlyForDeploymentPostprocessing = 0;
		};
/* End PBXHeadersBuildPhase section */

/* Begin PBXNativeTarget section */
		6C31C7791B9EEDF300FAF487 /* iOS */ = {
			isa = PBXNativeTarget;
			buildConfigurationList = 6C31C78B1B9EEDF400FAF487 /* Build configuration list for PBXNativeTarget "iOS" */;
			buildPhases = (
				6C31C7761B9EEDF300FAF487 /* Sources */,
				6C31C7771B9EEDF300FAF487 /* Frameworks */,
				6C5B09BD1B9EFAB70055ACEC /* Headers */,
			);
			buildRules = (
			);
			dependencies = (
			);
			name = iOS;
			productName = "JFFramework-iOS";
			productReference = 6C31C77A1B9EEDF300FAF487 /* JFFramework-iOS.a */;
			productType = "com.apple.product-type.library.static";
		};
		6C31C7831B9EEDF400FAF487 /* iOS-Tests */ = {
			isa = PBXNativeTarget;
			buildConfigurationList = 6C31C78E1B9EEDF400FAF487 /* Build configuration list for PBXNativeTarget "iOS-Tests" */;
			buildPhases = (
				6C31C7801B9EEDF400FAF487 /* Sources */,
				6C31C7811B9EEDF400FAF487 /* Frameworks */,
				6C31C7821B9EEDF400FAF487 /* Resources */,
			);
			buildRules = (
			);
			dependencies = (
				6C31C7871B9EEDF400FAF487 /* PBXTargetDependency */,
			);
			name = "iOS-Tests";
			productName = "JFFramework-iOSTests";
			productReference = 6C31C7841B9EEDF400FAF487 /* JFFramework-iOS-Tests.xctest */;
			productType = "com.apple.product-type.bundle.unit-test";
		};
		6C31C7951B9EF3CE00FAF487 /* OSX */ = {
			isa = PBXNativeTarget;
			buildConfigurationList = 6C31C7A71B9EF3CF00FAF487 /* Build configuration list for PBXNativeTarget "OSX" */;
			buildPhases = (
				6C31C7921B9EF3CE00FAF487 /* Sources */,
				6C31C7931B9EF3CE00FAF487 /* Frameworks */,
				6C31C7941B9EF3CE00FAF487 /* Headers */,
			);
			buildRules = (
			);
			dependencies = (
			);
			name = OSX;
			productName = "JFFramework-OSX";
			productReference = 6C31C7961B9EF3CE00FAF487 /* JFFramework-OSX.a */;
			productType = "com.apple.product-type.library.static";
		};
		6C31C79F1B9EF3CF00FAF487 /* OSX-Tests */ = {
			isa = PBXNativeTarget;
			buildConfigurationList = 6C31C7AA1B9EF3CF00FAF487 /* Build configuration list for PBXNativeTarget "OSX-Tests" */;
			buildPhases = (
				6C31C79C1B9EF3CF00FAF487 /* Sources */,
				6C31C79D1B9EF3CF00FAF487 /* Frameworks */,
				6C31C79E1B9EF3CF00FAF487 /* Resources */,
			);
			buildRules = (
			);
			dependencies = (
				6C31C7A31B9EF3CF00FAF487 /* PBXTargetDependency */,
			);
			name = "OSX-Tests";
			productName = "JFFramework-OSXTests";
			productReference = 6C31C7A01B9EF3CF00FAF487 /* JFFramework-OSX-Tests.xctest */;
			productType = "com.apple.product-type.bundle.unit-test";
		};
		6CE4F4BC1C24567E008A8ACB /* tvOS */ = {
			isa = PBXNativeTarget;
			buildConfigurationList = 6CE4F4C31C24567E008A8ACB /* Build configuration list for PBXNativeTarget "tvOS" */;
			buildPhases = (
				6CE4F4B91C24567E008A8ACB /* Sources */,
				6CE4F4BA1C24567E008A8ACB /* Frameworks */,
				6CE4F4D51C245805008A8ACB /* Headers */,
			);
			buildRules = (
			);
			dependencies = (
			);
			name = tvOS;
			productName = "JFFramework-tvOS";
			productReference = 6CE4F4BD1C24567E008A8ACB /* JFFramework-tvOS.a */;
			productType = "com.apple.product-type.library.static";
		};
		6CE4F4C91C2456A3008A8ACB /* tvOS-Tests */ = {
			isa = PBXNativeTarget;
			buildConfigurationList = 6CE4F4D21C2456A3008A8ACB /* Build configuration list for PBXNativeTarget "tvOS-Tests" */;
			buildPhases = (
				6CE4F4EA1C245986008A8ACB /* Sources */,
				6CE4F4C71C2456A3008A8ACB /* Frameworks */,
				6CE4F4C81C2456A3008A8ACB /* Resources */,
			);
			buildRules = (
			);
			dependencies = (
				6CE4F4D11C2456A3008A8ACB /* PBXTargetDependency */,
			);
			name = "tvOS-Tests";
			productName = "JFFramework-tvOS-Tests";
			productReference = 6CE4F4CA1C2456A3008A8ACB /* tvOS-Tests.xctest */;
			productType = "com.apple.product-type.bundle.unit-test";
		};
/* End PBXNativeTarget section */

/* Begin PBXProject section */
		EA5F858C1B768E5A00A32291 /* Project object */ = {
			isa = PBXProject;
			attributes = {
				LastUpgradeCheck = 0700;
				TargetAttributes = {
					6C31C7791B9EEDF300FAF487 = {
						CreatedOnToolsVersion = 6.4;
					};
					6C31C7831B9EEDF400FAF487 = {
						CreatedOnToolsVersion = 6.4;
					};
					6C31C7951B9EF3CE00FAF487 = {
						CreatedOnToolsVersion = 6.4;
					};
					6C31C79F1B9EF3CF00FAF487 = {
						CreatedOnToolsVersion = 6.4;
					};
					6CE4F4BC1C24567E008A8ACB = {
						CreatedOnToolsVersion = 7.2;
					};
					6CE4F4C91C2456A3008A8ACB = {
						CreatedOnToolsVersion = 7.2;
					};
				};
			};
			buildConfigurationList = EA5F858F1B768E5A00A32291 /* Build configuration list for PBXProject "JFFramework" */;
			compatibilityVersion = "Xcode 3.2";
			developmentRegion = English;
			hasScannedForEncodings = 0;
			knownRegions = (
				en,
				Base,
			);
			mainGroup = EA5F858B1B768E5A00A32291;
			productRefGroup = EA5F85981B769A3700A32291 /* Products */;
			projectDirPath = "";
			projectRoot = "";
			targets = (
				6C31C7791B9EEDF300FAF487 /* iOS */,
				6C31C7831B9EEDF400FAF487 /* iOS-Tests */,
				6C31C7951B9EF3CE00FAF487 /* OSX */,
				6C31C79F1B9EF3CF00FAF487 /* OSX-Tests */,
				6CE4F4BC1C24567E008A8ACB /* tvOS */,
				6CE4F4C91C2456A3008A8ACB /* tvOS-Tests */,
			);
		};
/* End PBXProject section */

/* Begin PBXResourcesBuildPhase section */
		6C31C7821B9EEDF400FAF487 /* Resources */ = {
			isa = PBXResourcesBuildPhase;
			buildActionMask = 2147483647;
			files = (
			);
			runOnlyForDeploymentPostprocessing = 0;
		};
		6C31C79E1B9EF3CF00FAF487 /* Resources */ = {
			isa = PBXResourcesBuildPhase;
			buildActionMask = 2147483647;
			files = (
			);
			runOnlyForDeploymentPostprocessing = 0;
		};
		6CE4F4C81C2456A3008A8ACB /* Resources */ = {
			isa = PBXResourcesBuildPhase;
			buildActionMask = 2147483647;
			files = (
			);
			runOnlyForDeploymentPostprocessing = 0;
		};
/* End PBXResourcesBuildPhase section */

/* Begin PBXSourcesBuildPhase section */
		6C31C7761B9EEDF300FAF487 /* Sources */ = {
			isa = PBXSourcesBuildPhase;
			buildActionMask = 2147483647;
			files = (
				EAE752551BEBFFC1003A2F38 /* JFUtilities.m in Sources */,
				6C1C57FA1C29A517007F08F6 /* JFWindowController.m in Sources */,
				6C0261A61C199FB8001D52B9 /* JFByteStream.m in Sources */,
				EAE4A34F1C18BB5B00D7A8A1 /* JFErrorsManager.m in Sources */,
				EA7F89671C289F1D002C2E34 /* JFAppDelegate.m in Sources */,
				EAFAFC311BFE6A9C00563037 /* JFManager.m in Sources */,
				EA465D7A1C00A1E300811A80 /* JFConnectionMachine.m in Sources */,
				EAE752631BEC200D003A2F38 /* JFString.m in Sources */,
				EA5BDEDB1BF7571100D1DD7C /* JFColor.m in Sources */,
				EAB650E21C135C0000064C7D /* JFLogger.m in Sources */,
			);
			runOnlyForDeploymentPostprocessing = 0;
		};
		6C31C7801B9EEDF400FAF487 /* Sources */ = {
			isa = PBXSourcesBuildPhase;
			buildActionMask = 2147483647;
			files = (
				EA2CE8421C08D72C00713102 /* JFConnectionMachine-Tests.m in Sources */,
				EAD4F1D11BF413F00031E236 /* JFUtilities-Tests.m in Sources */,
				EAE4A3521C18D17800D7A8A1 /* JFErrorsManager-Tests.m in Sources */,
				EA0039251BFBCDCB003C8AE8 /* JFShortcuts-Tests.m in Sources */,
				EA5BDEDE1BF7B65400D1DD7C /* JFColor-Tests.m in Sources */,
				6C0261A91C19BB32001D52B9 /* JFByteStream-Tests.m in Sources */,
				EAFAFC351BFE8EBC00563037 /* JFManager-Tests.m in Sources */,
				EA730C151BF2A7A900968F31 /* JFString-Tests.m in Sources */,
				EAE5B25B1C15E4F900FE0A57 /* JFLogger-Tests.m in Sources */,
			);
			runOnlyForDeploymentPostprocessing = 0;
		};
		6C31C7921B9EF3CE00FAF487 /* Sources */ = {
			isa = PBXSourcesBuildPhase;
			buildActionMask = 2147483647;
			files = (
				EAE752561BEBFFC1003A2F38 /* JFUtilities.m in Sources */,
				6C1C57FB1C29A517007F08F6 /* JFWindowController.m in Sources */,
				6C0261A71C199FB8001D52B9 /* JFByteStream.m in Sources */,
				EAE4A3501C18BB5B00D7A8A1 /* JFErrorsManager.m in Sources */,
				EA7F89681C289F1D002C2E34 /* JFAppDelegate.m in Sources */,
				EAFAFC321BFE6A9C00563037 /* JFManager.m in Sources */,
				EA465D7B1C00A1E300811A80 /* JFConnectionMachine.m in Sources */,
				EAE752641BEC200D003A2F38 /* JFString.m in Sources */,
				EA5BDEDC1BF7571100D1DD7C /* JFColor.m in Sources */,
				EAB650E31C135C0000064C7D /* JFLogger.m in Sources */,
			);
			runOnlyForDeploymentPostprocessing = 0;
		};
		6C31C79C1B9EF3CF00FAF487 /* Sources */ = {
			isa = PBXSourcesBuildPhase;
			buildActionMask = 2147483647;
			files = (
				EA2CE8431C08D72C00713102 /* JFConnectionMachine-Tests.m in Sources */,
				EAD4F1D21BF413F00031E236 /* JFUtilities-Tests.m in Sources */,
				EAE4A3531C18D17800D7A8A1 /* JFErrorsManager-Tests.m in Sources */,
				EA0039261BFBCDCB003C8AE8 /* JFShortcuts-Tests.m in Sources */,
				EA5BDEDF1BF7B65400D1DD7C /* JFColor-Tests.m in Sources */,
				6C0261AA1C19BB32001D52B9 /* JFByteStream-Tests.m in Sources */,
				EAFAFC361BFE8EBC00563037 /* JFManager-Tests.m in Sources */,
				EA730C161BF2A7A900968F31 /* JFString-Tests.m in Sources */,
				EAE5B25C1C15E4F900FE0A57 /* JFLogger-Tests.m in Sources */,
			);
			runOnlyForDeploymentPostprocessing = 0;
		};
		6CE4F4B91C24567E008A8ACB /* Sources */ = {
			isa = PBXSourcesBuildPhase;
			buildActionMask = 2147483647;
			files = (
				6CE4F4D71C245937008A8ACB /* JFConnectionMachine.m in Sources */,
				6C1C57FC1C29A517007F08F6 /* JFWindowController.m in Sources */,
				6CE4F4D81C245937008A8ACB /* JFErrorsManager.m in Sources */,
				6CE4F4D91C245937008A8ACB /* JFManager.m in Sources */,
				EA7F89691C289F1D002C2E34 /* JFAppDelegate.m in Sources */,
				6CE4F4DA1C245937008A8ACB /* JFByteStream.m in Sources */,
				6CE4F4DB1C245937008A8ACB /* JFColor.m in Sources */,
				6CE4F4DC1C245937008A8ACB /* JFString.m in Sources */,
				6CE4F4DD1C245937008A8ACB /* JFLogger.m in Sources */,
				6CE4F4DE1C245937008A8ACB /* JFUtilities.m in Sources */,
			);
			runOnlyForDeploymentPostprocessing = 0;
		};
		6CE4F4EA1C245986008A8ACB /* Sources */ = {
			isa = PBXSourcesBuildPhase;
			buildActionMask = 2147483647;
			files = (
				6CE4F4EB1C245992008A8ACB /* JFConnectionMachine-Tests.m in Sources */,
				6CE4F4EC1C245992008A8ACB /* JFErrorsManager-Tests.m in Sources */,
				6CE4F4ED1C245992008A8ACB /* JFManager-Tests.m in Sources */,
				6CE4F4EE1C245992008A8ACB /* JFByteStream-Tests.m in Sources */,
				6CE4F4EF1C245992008A8ACB /* JFColor-Tests.m in Sources */,
				6CE4F4F01C245992008A8ACB /* JFString-Tests.m in Sources */,
				6CE4F4F11C245992008A8ACB /* JFLogger-Tests.m in Sources */,
				6CE4F4F21C245992008A8ACB /* JFShortcuts-Tests.m in Sources */,
				6CE4F4F31C245992008A8ACB /* JFUtilities-Tests.m in Sources */,
			);
			runOnlyForDeploymentPostprocessing = 0;
		};
/* End PBXSourcesBuildPhase section */

/* Begin PBXTargetDependency section */
		6C31C7871B9EEDF400FAF487 /* PBXTargetDependency */ = {
			isa = PBXTargetDependency;
			target = 6C31C7791B9EEDF300FAF487 /* iOS */;
			targetProxy = 6C31C7861B9EEDF400FAF487 /* PBXContainerItemProxy */;
		};
		6C31C7A31B9EF3CF00FAF487 /* PBXTargetDependency */ = {
			isa = PBXTargetDependency;
			target = 6C31C7951B9EF3CE00FAF487 /* OSX */;
			targetProxy = 6C31C7A21B9EF3CF00FAF487 /* PBXContainerItemProxy */;
		};
		6CE4F4D11C2456A3008A8ACB /* PBXTargetDependency */ = {
			isa = PBXTargetDependency;
			target = 6CE4F4BC1C24567E008A8ACB /* tvOS */;
			targetProxy = 6CE4F4D01C2456A3008A8ACB /* PBXContainerItemProxy */;
		};
/* End PBXTargetDependency section */

/* Begin XCBuildConfiguration section */
		6C31C78C1B9EEDF400FAF487 /* Debug */ = {
			isa = XCBuildConfiguration;
			buildSettings = {
				EXECUTABLE_PREFIX = "";
				MTL_ENABLE_DEBUG_INFO = YES;
				SDKROOT = iphoneos;
				TARGETED_DEVICE_FAMILY = "1,2";
			};
			name = Debug;
		};
		6C31C78D1B9EEDF400FAF487 /* Release */ = {
			isa = XCBuildConfiguration;
			buildSettings = {
				EXECUTABLE_PREFIX = "";
				MTL_ENABLE_DEBUG_INFO = NO;
				SDKROOT = iphoneos;
				TARGETED_DEVICE_FAMILY = "1,2";
				VALIDATE_PRODUCT = YES;
			};
			name = Release;
		};
		6C31C78F1B9EEDF400FAF487 /* Debug */ = {
			isa = XCBuildConfiguration;
			buildSettings = {
				ALWAYS_SEARCH_USER_PATHS = NO;
				CLANG_CXX_LANGUAGE_STANDARD = "gnu++0x";
				CLANG_CXX_LIBRARY = "libc++";
				CLANG_ENABLE_MODULES = YES;
				CLANG_ENABLE_OBJC_ARC = YES;
				CLANG_WARN_BOOL_CONVERSION = YES;
				CLANG_WARN_CONSTANT_CONVERSION = YES;
				CLANG_WARN_DIRECT_OBJC_ISA_USAGE = YES_ERROR;
				CLANG_WARN_EMPTY_BODY = YES;
				CLANG_WARN_ENUM_CONVERSION = YES;
				CLANG_WARN_INT_CONVERSION = YES;
				CLANG_WARN_OBJC_ROOT_CLASS = YES_ERROR;
				CLANG_WARN_UNREACHABLE_CODE = YES;
				CLANG_WARN__DUPLICATE_METHOD_MATCH = YES;
				CODE_SIGN_IDENTITY = "iPhone Developer";
				COPY_PHASE_STRIP = NO;
				DEBUG_INFORMATION_FORMAT = "dwarf-with-dsym";
				ENABLE_STRICT_OBJC_MSGSEND = YES;
				GCC_C_LANGUAGE_STANDARD = gnu99;
				GCC_DYNAMIC_NO_PIC = NO;
				GCC_NO_COMMON_BLOCKS = YES;
				GCC_OPTIMIZATION_LEVEL = 0;
				GCC_PREPROCESSOR_DEFINITIONS = (
					"DEBUG=1",
					"$(inherited)",
				);
				GCC_SYMBOLS_PRIVATE_EXTERN = NO;
				GCC_WARN_64_TO_32_BIT_CONVERSION = YES;
				GCC_WARN_ABOUT_RETURN_TYPE = YES_ERROR;
				GCC_WARN_UNDECLARED_SELECTOR = YES;
				GCC_WARN_UNINITIALIZED_AUTOS = YES_AGGRESSIVE;
				GCC_WARN_UNUSED_FUNCTION = YES;
				GCC_WARN_UNUSED_VARIABLE = YES;
				INFOPLIST_FILE = "$(PROJECT_NAME)/Supporting Files/Info-iOS-Tests.plist";
				LD_RUNPATH_SEARCH_PATHS = "$(inherited) @executable_path/Frameworks @loader_path/Frameworks";
				MTL_ENABLE_DEBUG_INFO = YES;
				SDKROOT = iphoneos;
			};
			name = Debug;
		};
		6C31C7901B9EEDF400FAF487 /* Release */ = {
			isa = XCBuildConfiguration;
			buildSettings = {
				ALWAYS_SEARCH_USER_PATHS = NO;
				CLANG_CXX_LANGUAGE_STANDARD = "gnu++0x";
				CLANG_CXX_LIBRARY = "libc++";
				CLANG_ENABLE_MODULES = YES;
				CLANG_ENABLE_OBJC_ARC = YES;
				CLANG_WARN_BOOL_CONVERSION = YES;
				CLANG_WARN_CONSTANT_CONVERSION = YES;
				CLANG_WARN_DIRECT_OBJC_ISA_USAGE = YES_ERROR;
				CLANG_WARN_EMPTY_BODY = YES;
				CLANG_WARN_ENUM_CONVERSION = YES;
				CLANG_WARN_INT_CONVERSION = YES;
				CLANG_WARN_OBJC_ROOT_CLASS = YES_ERROR;
				CLANG_WARN_UNREACHABLE_CODE = YES;
				CLANG_WARN__DUPLICATE_METHOD_MATCH = YES;
				CODE_SIGN_IDENTITY = "iPhone Developer";
				COPY_PHASE_STRIP = NO;
				DEBUG_INFORMATION_FORMAT = "dwarf-with-dsym";
				ENABLE_NS_ASSERTIONS = NO;
				ENABLE_STRICT_OBJC_MSGSEND = YES;
				GCC_C_LANGUAGE_STANDARD = gnu99;
				GCC_NO_COMMON_BLOCKS = YES;
				GCC_WARN_64_TO_32_BIT_CONVERSION = YES;
				GCC_WARN_ABOUT_RETURN_TYPE = YES_ERROR;
				GCC_WARN_UNDECLARED_SELECTOR = YES;
				GCC_WARN_UNINITIALIZED_AUTOS = YES_AGGRESSIVE;
				GCC_WARN_UNUSED_FUNCTION = YES;
				GCC_WARN_UNUSED_VARIABLE = YES;
				INFOPLIST_FILE = "$(PROJECT_NAME)/Supporting Files/Info-iOS-Tests.plist";
				LD_RUNPATH_SEARCH_PATHS = "$(inherited) @executable_path/Frameworks @loader_path/Frameworks";
				MTL_ENABLE_DEBUG_INFO = NO;
				SDKROOT = iphoneos;
				VALIDATE_PRODUCT = YES;
			};
			name = Release;
		};
		6C31C7A81B9EF3CF00FAF487 /* Debug */ = {
			isa = XCBuildConfiguration;
			buildSettings = {
				COMBINE_HIDPI_IMAGES = YES;
				EXECUTABLE_PREFIX = "";
				MTL_ENABLE_DEBUG_INFO = YES;
				SDKROOT = macosx;
			};
			name = Debug;
		};
		6C31C7A91B9EF3CF00FAF487 /* Release */ = {
			isa = XCBuildConfiguration;
			buildSettings = {
				COMBINE_HIDPI_IMAGES = YES;
				EXECUTABLE_PREFIX = "";
				MTL_ENABLE_DEBUG_INFO = NO;
				SDKROOT = macosx;
			};
			name = Release;
		};
		6C31C7AB1B9EF3CF00FAF487 /* Debug */ = {
			isa = XCBuildConfiguration;
			buildSettings = {
				ALWAYS_SEARCH_USER_PATHS = NO;
				CLANG_CXX_LANGUAGE_STANDARD = "gnu++0x";
				CLANG_CXX_LIBRARY = "libc++";
				CLANG_ENABLE_MODULES = YES;
				CLANG_ENABLE_OBJC_ARC = YES;
				CLANG_WARN_BOOL_CONVERSION = YES;
				CLANG_WARN_CONSTANT_CONVERSION = YES;
				CLANG_WARN_DIRECT_OBJC_ISA_USAGE = YES_ERROR;
				CLANG_WARN_EMPTY_BODY = YES;
				CLANG_WARN_ENUM_CONVERSION = YES;
				CLANG_WARN_INT_CONVERSION = YES;
				CLANG_WARN_OBJC_ROOT_CLASS = YES_ERROR;
				CLANG_WARN_UNREACHABLE_CODE = YES;
				CLANG_WARN__DUPLICATE_METHOD_MATCH = YES;
				COMBINE_HIDPI_IMAGES = YES;
				COPY_PHASE_STRIP = NO;
				DEBUG_INFORMATION_FORMAT = dwarf;
				ENABLE_STRICT_OBJC_MSGSEND = YES;
				GCC_C_LANGUAGE_STANDARD = gnu99;
				GCC_DYNAMIC_NO_PIC = NO;
				GCC_NO_COMMON_BLOCKS = YES;
				GCC_OPTIMIZATION_LEVEL = 0;
				GCC_PREPROCESSOR_DEFINITIONS = (
					"DEBUG=1",
					"$(inherited)",
				);
				GCC_SYMBOLS_PRIVATE_EXTERN = NO;
				GCC_WARN_64_TO_32_BIT_CONVERSION = YES;
				GCC_WARN_ABOUT_RETURN_TYPE = YES_ERROR;
				GCC_WARN_UNDECLARED_SELECTOR = YES;
				GCC_WARN_UNINITIALIZED_AUTOS = YES_AGGRESSIVE;
				GCC_WARN_UNUSED_FUNCTION = YES;
				GCC_WARN_UNUSED_VARIABLE = YES;
				INFOPLIST_FILE = "$(PROJECT_NAME)/Supporting Files/Info-OSX-Tests.plist";
				LD_RUNPATH_SEARCH_PATHS = "$(inherited) @executable_path/../Frameworks @loader_path/../Frameworks";
				MTL_ENABLE_DEBUG_INFO = YES;
				SDKROOT = macosx;
			};
			name = Debug;
		};
		6C31C7AC1B9EF3CF00FAF487 /* Release */ = {
			isa = XCBuildConfiguration;
			buildSettings = {
				ALWAYS_SEARCH_USER_PATHS = NO;
				CLANG_CXX_LANGUAGE_STANDARD = "gnu++0x";
				CLANG_CXX_LIBRARY = "libc++";
				CLANG_ENABLE_MODULES = YES;
				CLANG_ENABLE_OBJC_ARC = YES;
				CLANG_WARN_BOOL_CONVERSION = YES;
				CLANG_WARN_CONSTANT_CONVERSION = YES;
				CLANG_WARN_DIRECT_OBJC_ISA_USAGE = YES_ERROR;
				CLANG_WARN_EMPTY_BODY = YES;
				CLANG_WARN_ENUM_CONVERSION = YES;
				CLANG_WARN_INT_CONVERSION = YES;
				CLANG_WARN_OBJC_ROOT_CLASS = YES_ERROR;
				CLANG_WARN_UNREACHABLE_CODE = YES;
				CLANG_WARN__DUPLICATE_METHOD_MATCH = YES;
				COMBINE_HIDPI_IMAGES = YES;
				COPY_PHASE_STRIP = NO;
				DEBUG_INFORMATION_FORMAT = "dwarf-with-dsym";
				ENABLE_NS_ASSERTIONS = NO;
				ENABLE_STRICT_OBJC_MSGSEND = YES;
				GCC_C_LANGUAGE_STANDARD = gnu99;
				GCC_NO_COMMON_BLOCKS = YES;
				GCC_WARN_64_TO_32_BIT_CONVERSION = YES;
				GCC_WARN_ABOUT_RETURN_TYPE = YES_ERROR;
				GCC_WARN_UNDECLARED_SELECTOR = YES;
				GCC_WARN_UNINITIALIZED_AUTOS = YES_AGGRESSIVE;
				GCC_WARN_UNUSED_FUNCTION = YES;
				GCC_WARN_UNUSED_VARIABLE = YES;
				INFOPLIST_FILE = "$(PROJECT_NAME)/Supporting Files/Info-OSX-Tests.plist";
				LD_RUNPATH_SEARCH_PATHS = "$(inherited) @executable_path/../Frameworks @loader_path/../Frameworks";
				MTL_ENABLE_DEBUG_INFO = NO;
				SDKROOT = macosx;
			};
			name = Release;
		};
		6CE4F4C41C24567E008A8ACB /* Debug */ = {
			isa = XCBuildConfiguration;
			buildSettings = {
				EXECUTABLE_PREFIX = "";
				MTL_ENABLE_DEBUG_INFO = YES;
				SDKROOT = appletvos;
			};
			name = Debug;
		};
		6CE4F4C51C24567E008A8ACB /* Release */ = {
			isa = XCBuildConfiguration;
			buildSettings = {
				EXECUTABLE_PREFIX = "";
				MTL_ENABLE_DEBUG_INFO = NO;
				SDKROOT = appletvos;
				VALIDATE_PRODUCT = YES;
			};
			name = Release;
		};
		6CE4F4D31C2456A3008A8ACB /* Debug */ = {
			isa = XCBuildConfiguration;
			buildSettings = {
				ALWAYS_SEARCH_USER_PATHS = NO;
				CLANG_CXX_LANGUAGE_STANDARD = "gnu++0x";
				CLANG_CXX_LIBRARY = "libc++";
				CLANG_ENABLE_MODULES = YES;
				CLANG_ENABLE_OBJC_ARC = YES;
				CLANG_WARN_BOOL_CONVERSION = YES;
				CLANG_WARN_CONSTANT_CONVERSION = YES;
				CLANG_WARN_DIRECT_OBJC_ISA_USAGE = YES_ERROR;
				CLANG_WARN_EMPTY_BODY = YES;
				CLANG_WARN_ENUM_CONVERSION = YES;
				CLANG_WARN_INT_CONVERSION = YES;
				CLANG_WARN_OBJC_ROOT_CLASS = YES_ERROR;
				CLANG_WARN_UNREACHABLE_CODE = YES;
				CLANG_WARN__DUPLICATE_METHOD_MATCH = YES;
				COPY_PHASE_STRIP = NO;
				DEBUG_INFORMATION_FORMAT = dwarf;
				ENABLE_STRICT_OBJC_MSGSEND = YES;
				GCC_C_LANGUAGE_STANDARD = gnu99;
				GCC_DYNAMIC_NO_PIC = NO;
				GCC_NO_COMMON_BLOCKS = YES;
				GCC_OPTIMIZATION_LEVEL = 0;
				GCC_PREPROCESSOR_DEFINITIONS = (
					"DEBUG=1",
					"$(inherited)",
				);
				GCC_WARN_64_TO_32_BIT_CONVERSION = YES;
				GCC_WARN_ABOUT_RETURN_TYPE = YES_ERROR;
				GCC_WARN_UNDECLARED_SELECTOR = YES;
				GCC_WARN_UNINITIALIZED_AUTOS = YES_AGGRESSIVE;
				GCC_WARN_UNUSED_FUNCTION = YES;
				GCC_WARN_UNUSED_VARIABLE = YES;
				INFOPLIST_FILE = "$(PROJECT_NAME)/Supporting Files/Info-tvOS-Tests.plist";
				LD_RUNPATH_SEARCH_PATHS = "$(inherited) @executable_path/Frameworks @loader_path/Frameworks";
				MTL_ENABLE_DEBUG_INFO = YES;
				PRODUCT_NAME = "$(TARGET_NAME)";
				SDKROOT = appletvos;
				TVOS_DEPLOYMENT_TARGET = 9.1;
			};
			name = Debug;
		};
		6CE4F4D41C2456A3008A8ACB /* Release */ = {
			isa = XCBuildConfiguration;
			buildSettings = {
				ALWAYS_SEARCH_USER_PATHS = NO;
				CLANG_CXX_LANGUAGE_STANDARD = "gnu++0x";
				CLANG_CXX_LIBRARY = "libc++";
				CLANG_ENABLE_MODULES = YES;
				CLANG_ENABLE_OBJC_ARC = YES;
				CLANG_WARN_BOOL_CONVERSION = YES;
				CLANG_WARN_CONSTANT_CONVERSION = YES;
				CLANG_WARN_DIRECT_OBJC_ISA_USAGE = YES_ERROR;
				CLANG_WARN_EMPTY_BODY = YES;
				CLANG_WARN_ENUM_CONVERSION = YES;
				CLANG_WARN_INT_CONVERSION = YES;
				CLANG_WARN_OBJC_ROOT_CLASS = YES_ERROR;
				CLANG_WARN_UNREACHABLE_CODE = YES;
				CLANG_WARN__DUPLICATE_METHOD_MATCH = YES;
				COPY_PHASE_STRIP = NO;
				DEBUG_INFORMATION_FORMAT = "dwarf-with-dsym";
				ENABLE_NS_ASSERTIONS = NO;
				ENABLE_STRICT_OBJC_MSGSEND = YES;
				GCC_C_LANGUAGE_STANDARD = gnu99;
				GCC_NO_COMMON_BLOCKS = YES;
				GCC_WARN_64_TO_32_BIT_CONVERSION = YES;
				GCC_WARN_ABOUT_RETURN_TYPE = YES_ERROR;
				GCC_WARN_UNDECLARED_SELECTOR = YES;
				GCC_WARN_UNINITIALIZED_AUTOS = YES_AGGRESSIVE;
				GCC_WARN_UNUSED_FUNCTION = YES;
				GCC_WARN_UNUSED_VARIABLE = YES;
				INFOPLIST_FILE = "$(PROJECT_NAME)/Supporting Files/Info-tvOS-Tests.plist";
				LD_RUNPATH_SEARCH_PATHS = "$(inherited) @executable_path/Frameworks @loader_path/Frameworks";
				MTL_ENABLE_DEBUG_INFO = NO;
				PRODUCT_NAME = "$(TARGET_NAME)";
				SDKROOT = appletvos;
				TVOS_DEPLOYMENT_TARGET = 9.1;
				VALIDATE_PRODUCT = YES;
			};
			name = Release;
		};
		EA5F85901B768E5A00A32291 /* Debug */ = {
			isa = XCBuildConfiguration;
			buildSettings = {
				ALWAYS_SEARCH_USER_PATHS = NO;
				CLANG_CXX_LANGUAGE_STANDARD = "gnu++14";
				CLANG_CXX_LIBRARY = "libc++";
				CLANG_ENABLE_MODULES = YES;
				CLANG_ENABLE_OBJC_ARC = YES;
				CLANG_WARN_BOOL_CONVERSION = YES;
				CLANG_WARN_CONSTANT_CONVERSION = YES;
				CLANG_WARN_DIRECT_OBJC_ISA_USAGE = YES_ERROR;
				CLANG_WARN_EMPTY_BODY = YES;
				CLANG_WARN_ENUM_CONVERSION = YES;
				CLANG_WARN_INT_CONVERSION = YES;
				CLANG_WARN_OBJC_MISSING_PROPERTY_SYNTHESIS = YES;
				CLANG_WARN_OBJC_ROOT_CLASS = YES_ERROR;
				CLANG_WARN_UNREACHABLE_CODE = YES_AGGRESSIVE;
				CLANG_WARN__DUPLICATE_METHOD_MATCH = YES;
				CODE_SIGN_IDENTITY = "";
				COPY_PHASE_STRIP = NO;
				DEAD_CODE_STRIPPING = NO;
				DEBUG_INFORMATION_FORMAT = "dwarf-with-dsym";
				ENABLE_STRICT_OBJC_MSGSEND = YES;
				ENABLE_TESTABILITY = YES;
				GCC_C_LANGUAGE_STANDARD = gnu11;
				GCC_NO_COMMON_BLOCKS = YES;
				GCC_OPTIMIZATION_LEVEL = 0;
				GCC_PREFIX_HEADER = "${SRCROOT}/${PROJECT_NAME}/Supporting Files/Prefix.pch";
				GCC_PREPROCESSOR_DEFINITIONS = (
					"$(inherited)",
					"DEBUG=1",
				);
				GCC_SYMBOLS_PRIVATE_EXTERN = NO;
				GCC_WARN_64_TO_32_BIT_CONVERSION = YES;
				GCC_WARN_ABOUT_RETURN_TYPE = YES_ERROR;
				GCC_WARN_UNDECLARED_SELECTOR = YES;
				GCC_WARN_UNINITIALIZED_AUTOS = YES_AGGRESSIVE;
				GCC_WARN_UNUSED_FUNCTION = YES;
				GCC_WARN_UNUSED_VARIABLE = YES;
				IPHONEOS_DEPLOYMENT_TARGET = 6.1;
				MACOSX_DEPLOYMENT_TARGET = 10.6;
				ONLY_ACTIVE_ARCH = YES;
				PRODUCT_BUNDLE_IDENTIFIER = "com.jackfelle.$(PRODUCT_NAME:rfc1034identifier)";
				PRODUCT_NAME = "${PROJECT_NAME}-${TARGET_NAME}";
				PUBLIC_HEADERS_FOLDER_PATH = "include/$(PRODUCT_NAME)";
				RUN_CLANG_STATIC_ANALYZER = YES;
				SKIP_INSTALL = YES;
				STRIP_STYLE = "non-global";
				TVOS_DEPLOYMENT_TARGET = 9.0;
				WATCHOS_DEPLOYMENT_TARGET = 2.0;
			};
			name = Debug;
		};
		EA5F85911B768E5A00A32291 /* Release */ = {
			isa = XCBuildConfiguration;
			buildSettings = {
				ALWAYS_SEARCH_USER_PATHS = NO;
				CLANG_CXX_LANGUAGE_STANDARD = "gnu++14";
				CLANG_CXX_LIBRARY = "libc++";
				CLANG_ENABLE_MODULES = YES;
				CLANG_ENABLE_OBJC_ARC = YES;
				CLANG_WARN_BOOL_CONVERSION = YES;
				CLANG_WARN_CONSTANT_CONVERSION = YES;
				CLANG_WARN_DIRECT_OBJC_ISA_USAGE = YES_ERROR;
				CLANG_WARN_EMPTY_BODY = YES;
				CLANG_WARN_ENUM_CONVERSION = YES;
				CLANG_WARN_INT_CONVERSION = YES;
				CLANG_WARN_OBJC_MISSING_PROPERTY_SYNTHESIS = YES;
				CLANG_WARN_OBJC_ROOT_CLASS = YES_ERROR;
				CLANG_WARN_UNREACHABLE_CODE = YES_AGGRESSIVE;
				CLANG_WARN__DUPLICATE_METHOD_MATCH = YES;
				CODE_SIGN_IDENTITY = "";
				COPY_PHASE_STRIP = NO;
				DEAD_CODE_STRIPPING = NO;
				DEBUG_INFORMATION_FORMAT = "dwarf-with-dsym";
				ENABLE_NS_ASSERTIONS = NO;
				ENABLE_STRICT_OBJC_MSGSEND = YES;
				GCC_C_LANGUAGE_STANDARD = gnu11;
				GCC_NO_COMMON_BLOCKS = YES;
				GCC_PREFIX_HEADER = "${SRCROOT}/${PROJECT_NAME}/Supporting Files/Prefix.pch";
				GCC_PREPROCESSOR_DEFINITIONS = (
					"$(inherited)",
					"DEBUG=1",
				);
				GCC_SYMBOLS_PRIVATE_EXTERN = NO;
				GCC_WARN_64_TO_32_BIT_CONVERSION = YES;
				GCC_WARN_ABOUT_RETURN_TYPE = YES_ERROR;
				GCC_WARN_UNDECLARED_SELECTOR = YES;
				GCC_WARN_UNINITIALIZED_AUTOS = YES_AGGRESSIVE;
				GCC_WARN_UNUSED_FUNCTION = YES;
				GCC_WARN_UNUSED_VARIABLE = YES;
				IPHONEOS_DEPLOYMENT_TARGET = 6.1;
				MACOSX_DEPLOYMENT_TARGET = 10.6;
				PRODUCT_BUNDLE_IDENTIFIER = "com.jackfelle.$(PRODUCT_NAME:rfc1034identifier)";
				PRODUCT_NAME = "${PROJECT_NAME}-${TARGET_NAME}";
				PUBLIC_HEADERS_FOLDER_PATH = "include/$(PRODUCT_NAME)";
				RUN_CLANG_STATIC_ANALYZER = YES;
				SKIP_INSTALL = YES;
				STRIP_STYLE = "non-global";
				TVOS_DEPLOYMENT_TARGET = 9.0;
				WATCHOS_DEPLOYMENT_TARGET = 2.0;
			};
			name = Release;
		};
/* End XCBuildConfiguration section */

/* Begin XCConfigurationList section */
		6C31C78B1B9EEDF400FAF487 /* Build configuration list for PBXNativeTarget "iOS" */ = {
			isa = XCConfigurationList;
			buildConfigurations = (
				6C31C78C1B9EEDF400FAF487 /* Debug */,
				6C31C78D1B9EEDF400FAF487 /* Release */,
			);
			defaultConfigurationIsVisible = 0;
			defaultConfigurationName = Release;
		};
		6C31C78E1B9EEDF400FAF487 /* Build configuration list for PBXNativeTarget "iOS-Tests" */ = {
			isa = XCConfigurationList;
			buildConfigurations = (
				6C31C78F1B9EEDF400FAF487 /* Debug */,
				6C31C7901B9EEDF400FAF487 /* Release */,
			);
			defaultConfigurationIsVisible = 0;
			defaultConfigurationName = Release;
		};
		6C31C7A71B9EF3CF00FAF487 /* Build configuration list for PBXNativeTarget "OSX" */ = {
			isa = XCConfigurationList;
			buildConfigurations = (
				6C31C7A81B9EF3CF00FAF487 /* Debug */,
				6C31C7A91B9EF3CF00FAF487 /* Release */,
			);
			defaultConfigurationIsVisible = 0;
			defaultConfigurationName = Release;
		};
		6C31C7AA1B9EF3CF00FAF487 /* Build configuration list for PBXNativeTarget "OSX-Tests" */ = {
			isa = XCConfigurationList;
			buildConfigurations = (
				6C31C7AB1B9EF3CF00FAF487 /* Debug */,
				6C31C7AC1B9EF3CF00FAF487 /* Release */,
			);
			defaultConfigurationIsVisible = 0;
			defaultConfigurationName = Release;
		};
		6CE4F4C31C24567E008A8ACB /* Build configuration list for PBXNativeTarget "tvOS" */ = {
			isa = XCConfigurationList;
			buildConfigurations = (
				6CE4F4C41C24567E008A8ACB /* Debug */,
				6CE4F4C51C24567E008A8ACB /* Release */,
			);
			defaultConfigurationIsVisible = 0;
			defaultConfigurationName = Release;
		};
		6CE4F4D21C2456A3008A8ACB /* Build configuration list for PBXNativeTarget "tvOS-Tests" */ = {
			isa = XCConfigurationList;
			buildConfigurations = (
				6CE4F4D31C2456A3008A8ACB /* Debug */,
				6CE4F4D41C2456A3008A8ACB /* Release */,
			);
			defaultConfigurationIsVisible = 0;
			defaultConfigurationName = Release;
		};
		EA5F858F1B768E5A00A32291 /* Build configuration list for PBXProject "JFFramework" */ = {
			isa = XCConfigurationList;
			buildConfigurations = (
				EA5F85901B768E5A00A32291 /* Debug */,
				EA5F85911B768E5A00A32291 /* Release */,
			);
			defaultConfigurationIsVisible = 0;
			defaultConfigurationName = Release;
		};
/* End XCConfigurationList section */
	};
	rootObject = EA5F858C1B768E5A00A32291 /* Project object */;
}
