// !$*UTF8*$!
{
	archiveVersion = 1;
	classes = {
	};
	objectVersion = 48;
	objects = {

/* Begin PBXGroup section */
		4ECFE2441FD8BA0F004EEACE = {
			isa = PBXGroup;
			children = (
			);
			sourceTree = "<group>";
		};
/* End PBXGroup section */

/* Begin PBXProject section */
		4ECFE2451FD8BA0F004EEACE /* Project object */ = {
			isa = PBXProject;
			attributes = {
				LastUpgradeCheck = 0920;
			};
			buildConfigurationList = 4ECFE2481FD8BA0F004EEACE /* Build configuration list for PBXProject "Demo-ObjC" */;
			compatibilityVersion = "Xcode 8.0";
			developmentRegion = en;
			hasScannedForEncodings = 0;
			knownRegions = (
				en,
			);
			mainGroup = 4ECFE2441FD8BA0F004EEACE;
			projectDirPath = "";
			projectRoot = "";
			targets = (
			);
		};
/* End PBXProject section */

/* Begin XCBuildConfiguration section */
		4ECFE2491FD8BA0F004EEACE /* Debug */ = {
			isa = XCBuildConfiguration;
			buildSettings = {
			};
			name = Debug;
		};
		4ECFE24A1FD8BA0F004EEACE /* Release */ = {
			isa = XCBuildConfiguration;
			buildSettings = {
			};
			name = Release;
		};
/* End XCBuildConfiguration section */

/* Begin XCConfigurationList section */
		4ECFE2481FD8BA0F004EEACE /* Build configuration list for PBXProject "Demo-ObjC" */ = {
			isa = XCConfigurationList;
			buildConfigurations = (
				4ECFE2491FD8BA0F004EEACE /* Debug */,
				4ECFE24A1FD8BA0F004EEACE /* Release */,
			);
			defaultConfigurationIsVisible = 0;
			defaultConfigurationName = Release;
		};
/* End XCConfigurationList section */
	};
	rootObject = 4ECFE2451FD8BA0F004EEACE /* Project object */;
}
