// !$*UTF8*$!
{
	archiveVersion = 1;
	classes = {
	};
	objectVersion = 48;
	objects = {

/* Begin PBXBuildFile section */
		4ECFE38F1FD8C01A004EEACE /* JFFramework_iOS.framework in Frameworks */ = {isa = PBXBuildFile; fileRef = 4ECFE3851FD8BE32004EEACE /* JFFramework_iOS.framework */; };
		4ECFE3921FD8C024004EEACE /* JFFramework_macOS.framework in Frameworks */ = {isa = PBXBuildFile; fileRef = 4ECFE3871FD8BE32004EEACE /* JFFramework_macOS.framework */; };
		4ED5D24E1FD8DA6B009C1EDD /* Demo-Tests.m in Sources */ = {isa = PBXBuildFile; fileRef = 4ED5D24C1FD8DA31009C1EDD /* Demo-Tests.m */; };
		4ED5D24F1FD8DA6C009C1EDD /* Demo-Tests.m in Sources */ = {isa = PBXBuildFile; fileRef = 4ED5D24C1FD8DA31009C1EDD /* Demo-Tests.m */; };
		4ED5D2501FD8DA6F009C1EDD /* Demo-UITests.m in Sources */ = {isa = PBXBuildFile; fileRef = 4ED5D24A1FD8DA31009C1EDD /* Demo-UITests.m */; };
		4ED5D2511FD8DA6F009C1EDD /* Demo-UITests.m in Sources */ = {isa = PBXBuildFile; fileRef = 4ED5D24A1FD8DA31009C1EDD /* Demo-UITests.m */; };
		4ED5D2591FD8DABF009C1EDD /* Assets-iOS.xcassets in Resources */ = {isa = PBXBuildFile; fileRef = 4ED5D20F1FD8D5A8009C1EDD /* Assets-iOS.xcassets */; };
		4ED5D25A1FD8DAC2009C1EDD /* Assets-macOS.xcassets in Resources */ = {isa = PBXBuildFile; fileRef = 4ED5D2101FD8D5A8009C1EDD /* Assets-macOS.xcassets */; };
		4ED5D25B1FD8DACF009C1EDD /* Database-ObjC.xcdatamodeld in Sources */ = {isa = PBXBuildFile; fileRef = 4ED5D2141FD8D5A9009C1EDD /* Database-ObjC.xcdatamodeld */; };
		4ED5D25C1FD8DACF009C1EDD /* Database-ObjC.xcdatamodeld in Sources */ = {isa = PBXBuildFile; fileRef = 4ED5D2141FD8D5A9009C1EDD /* Database-ObjC.xcdatamodeld */; };
		4ED5D2661FD8DBBD009C1EDD /* main-iOS.m in Sources */ = {isa = PBXBuildFile; fileRef = 4ED5D2641FD8DBB9009C1EDD /* main-iOS.m */; };
		4ED5D2671FD8DBC0009C1EDD /* main-macOS.m in Sources */ = {isa = PBXBuildFile; fileRef = 4ED5D2651FD8DBB9009C1EDD /* main-macOS.m */; };
		4ED5D28C1FD8DD2F009C1EDD /* AppDelegate-iOS.m in Sources */ = {isa = PBXBuildFile; fileRef = 4ED5D2751FD8DC3A009C1EDD /* AppDelegate-iOS.m */; };
		4ED5D28D1FD8DD2F009C1EDD /* DetailViewController.m in Sources */ = {isa = PBXBuildFile; fileRef = 4ED5D2731FD8DC3A009C1EDD /* DetailViewController.m */; };
		4ED5D28E1FD8DD2F009C1EDD /* MasterViewController.m in Sources */ = {isa = PBXBuildFile; fileRef = 4ED5D2781FD8DC3A009C1EDD /* MasterViewController.m */; };
		4ED5D28F1FD8DD35009C1EDD /* AppDelegate-macOS.m in Sources */ = {isa = PBXBuildFile; fileRef = 4ED5D26D1FD8DC3A009C1EDD /* AppDelegate-macOS.m */; };
		4ED5D2901FD8DD35009C1EDD /* ViewController.m in Sources */ = {isa = PBXBuildFile; fileRef = 4ED5D26C1FD8DC3A009C1EDD /* ViewController.m */; };
		4ED5D2FD1FD8E268009C1EDD /* Main-macOS-ObjC.storyboard in Resources */ = {isa = PBXBuildFile; fileRef = 4ED5D2F91FD8E252009C1EDD /* Main-macOS-ObjC.storyboard */; };
		4ED5D2FE1FD8E26C009C1EDD /* LaunchScreen-ObjC.storyboard in Resources */ = {isa = PBXBuildFile; fileRef = 4ED5D2FB1FD8E252009C1EDD /* LaunchScreen-ObjC.storyboard */; };
		4ED5D2FF1FD8E26C009C1EDD /* Main-iOS-ObjC.storyboard in Resources */ = {isa = PBXBuildFile; fileRef = 4ED5D2F71FD8E252009C1EDD /* Main-iOS-ObjC.storyboard */; };
/* End PBXBuildFile section */

/* Begin PBXContainerItemProxy section */
		4ECFE31D1FD8BDCD004EEACE /* PBXContainerItemProxy */ = {
			isa = PBXContainerItemProxy;
			containerPortal = 4ECFE2451FD8BA0F004EEACE /* Project object */;
			proxyType = 1;
			remoteGlobalIDString = 4ECFE2FD1FD8BDCD004EEACE;
			remoteInfo = "Demo iOS";
		};
		4ECFE3281FD8BDCE004EEACE /* PBXContainerItemProxy */ = {
			isa = PBXContainerItemProxy;
			containerPortal = 4ECFE2451FD8BA0F004EEACE /* Project object */;
			proxyType = 1;
			remoteGlobalIDString = 4ECFE2FD1FD8BDCD004EEACE;
			remoteInfo = "Demo iOS";
		};
		4ECFE3541FD8BDE3004EEACE /* PBXContainerItemProxy */ = {
			isa = PBXContainerItemProxy;
			containerPortal = 4ECFE2451FD8BA0F004EEACE /* Project object */;
			proxyType = 1;
			remoteGlobalIDString = 4ECFE33A1FD8BDE2004EEACE;
			remoteInfo = "Demo macOS";
		};
		4ECFE35F1FD8BDE3004EEACE /* PBXContainerItemProxy */ = {
			isa = PBXContainerItemProxy;
			containerPortal = 4ECFE2451FD8BA0F004EEACE /* Project object */;
			proxyType = 1;
			remoteGlobalIDString = 4ECFE33A1FD8BDE2004EEACE;
			remoteInfo = "Demo macOS";
		};
		4ECFE3841FD8BE32004EEACE /* PBXContainerItemProxy */ = {
			isa = PBXContainerItemProxy;
			containerPortal = 4ECFE37D1FD8BE32004EEACE /* JFFramework.xcodeproj */;
			proxyType = 2;
			remoteGlobalIDString = 4ECFE25B1FD8BCD9004EEACE;
			remoteInfo = "JFFramework iOS";
		};
		4ECFE3861FD8BE32004EEACE /* PBXContainerItemProxy */ = {
			isa = PBXContainerItemProxy;
			containerPortal = 4ECFE37D1FD8BE32004EEACE /* JFFramework.xcodeproj */;
			proxyType = 2;
			remoteGlobalIDString = 4ECFE2781FD8BCF1004EEACE;
			remoteInfo = "JFFramework macOS";
		};
		4ECFE3881FD8BE32004EEACE /* PBXContainerItemProxy */ = {
			isa = PBXContainerItemProxy;
			containerPortal = 4ECFE37D1FD8BE32004EEACE /* JFFramework.xcodeproj */;
			proxyType = 2;
			remoteGlobalIDString = 4ECFE2641FD8BCD9004EEACE;
			remoteInfo = "JFFramework iOS Tests";
		};
		4ECFE38A1FD8BE32004EEACE /* PBXContainerItemProxy */ = {
			isa = PBXContainerItemProxy;
			containerPortal = 4ECFE37D1FD8BE32004EEACE /* JFFramework.xcodeproj */;
			proxyType = 2;
			remoteGlobalIDString = 4ECFE2801FD8BCF1004EEACE;
			remoteInfo = "JFFramework macOS Tests";
		};
		4ECFE38C1FD8C014004EEACE /* PBXContainerItemProxy */ = {
			isa = PBXContainerItemProxy;
			containerPortal = 4ECFE37D1FD8BE32004EEACE /* JFFramework.xcodeproj */;
			proxyType = 1;
			remoteGlobalIDString = 4ECFE25A1FD8BCD9004EEACE;
			remoteInfo = "JFFramework iOS";
		};
		4ECFE3901FD8C01F004EEACE /* PBXContainerItemProxy */ = {
			isa = PBXContainerItemProxy;
			containerPortal = 4ECFE37D1FD8BE32004EEACE /* JFFramework.xcodeproj */;
			proxyType = 1;
			remoteGlobalIDString = 4ECFE2771FD8BCF1004EEACE;
			remoteInfo = "JFFramework macOS";
		};
/* End PBXContainerItemProxy section */

/* Begin PBXCopyFilesBuildPhase section */
		4ECFE3CB1FD8C828004EEACE /* Embed Frameworks */ = {
			isa = PBXCopyFilesBuildPhase;
			buildActionMask = 2147483647;
			dstPath = "";
			dstSubfolderSpec = 10;
			files = (
			);
			name = "Embed Frameworks";
			runOnlyForDeploymentPostprocessing = 0;
		};
/* End PBXCopyFilesBuildPhase section */

/* Begin PBXFileReference section */
		4ECFE2FE1FD8BDCD004EEACE /* Demo iOS.app */ = {isa = PBXFileReference; explicitFileType = wrapper.application; includeInIndex = 0; path = "Demo iOS.app"; sourceTree = BUILT_PRODUCTS_DIR; };
		4ECFE31C1FD8BDCD004EEACE /* Demo iOS Tests.xctest */ = {isa = PBXFileReference; explicitFileType = wrapper.cfbundle; includeInIndex = 0; path = "Demo iOS Tests.xctest"; sourceTree = BUILT_PRODUCTS_DIR; };
		4ECFE3271FD8BDCD004EEACE /* Demo iOS UITests.xctest */ = {isa = PBXFileReference; explicitFileType = wrapper.cfbundle; includeInIndex = 0; path = "Demo iOS UITests.xctest"; sourceTree = BUILT_PRODUCTS_DIR; };
		4ECFE33B1FD8BDE2004EEACE /* Demo macOS.app */ = {isa = PBXFileReference; explicitFileType = wrapper.application; includeInIndex = 0; path = "Demo macOS.app"; sourceTree = BUILT_PRODUCTS_DIR; };
		4ECFE3531FD8BDE2004EEACE /* Demo macOS Tests.xctest */ = {isa = PBXFileReference; explicitFileType = wrapper.cfbundle; includeInIndex = 0; path = "Demo macOS Tests.xctest"; sourceTree = BUILT_PRODUCTS_DIR; };
		4ECFE35E1FD8BDE3004EEACE /* Demo macOS UITests.xctest */ = {isa = PBXFileReference; explicitFileType = wrapper.cfbundle; includeInIndex = 0; path = "Demo macOS UITests.xctest"; sourceTree = BUILT_PRODUCTS_DIR; };
		4ECFE37D1FD8BE32004EEACE /* JFFramework.xcodeproj */ = {isa = PBXFileReference; lastKnownFileType = "wrapper.pb-project"; path = JFFramework.xcodeproj; sourceTree = "<group>"; };
		4ED5D20A1FD8D226009C1EDD /* Info-iOS.plist */ = {isa = PBXFileReference; lastKnownFileType = text.plist.xml; path = "Info-iOS.plist"; sourceTree = "<group>"; };
		4ED5D20B1FD8D226009C1EDD /* Info-Tests.plist */ = {isa = PBXFileReference; lastKnownFileType = text.plist.xml; path = "Info-Tests.plist"; sourceTree = "<group>"; };
		4ED5D20C1FD8D226009C1EDD /* Info-macOS.plist */ = {isa = PBXFileReference; lastKnownFileType = text.plist.xml; path = "Info-macOS.plist"; sourceTree = "<group>"; };
		4ED5D20F1FD8D5A8009C1EDD /* Assets-iOS.xcassets */ = {isa = PBXFileReference; lastKnownFileType = folder.assetcatalog; path = "Assets-iOS.xcassets"; sourceTree = "<group>"; };
		4ED5D2101FD8D5A8009C1EDD /* Assets-macOS.xcassets */ = {isa = PBXFileReference; lastKnownFileType = folder.assetcatalog; path = "Assets-macOS.xcassets"; sourceTree = "<group>"; };
		4ED5D2151FD8D5A9009C1EDD /* Demo_iOS.xcdatamodel */ = {isa = PBXFileReference; lastKnownFileType = wrapper.xcdatamodel; path = Demo_iOS.xcdatamodel; sourceTree = "<group>"; };
		4ED5D24A1FD8DA31009C1EDD /* Demo-UITests.m */ = {isa = PBXFileReference; lastKnownFileType = sourcecode.c.objc; path = "Demo-UITests.m"; sourceTree = "<group>"; };
		4ED5D24C1FD8DA31009C1EDD /* Demo-Tests.m */ = {isa = PBXFileReference; lastKnownFileType = sourcecode.c.objc; path = "Demo-Tests.m"; sourceTree = "<group>"; };
		4ED5D2641FD8DBB9009C1EDD /* main-iOS.m */ = {isa = PBXFileReference; lastKnownFileType = sourcecode.c.objc; path = "main-iOS.m"; sourceTree = "<group>"; };
		4ED5D2651FD8DBB9009C1EDD /* main-macOS.m */ = {isa = PBXFileReference; lastKnownFileType = sourcecode.c.objc; path = "main-macOS.m"; sourceTree = "<group>"; };
		4ED5D26B1FD8DC3A009C1EDD /* AppDelegate-macOS.h */ = {isa = PBXFileReference; lastKnownFileType = sourcecode.c.h; path = "AppDelegate-macOS.h"; sourceTree = "<group>"; };
		4ED5D26C1FD8DC3A009C1EDD /* ViewController.m */ = {isa = PBXFileReference; lastKnownFileType = sourcecode.c.objc; path = ViewController.m; sourceTree = "<group>"; };
		4ED5D26D1FD8DC3A009C1EDD /* AppDelegate-macOS.m */ = {isa = PBXFileReference; lastKnownFileType = sourcecode.c.objc; path = "AppDelegate-macOS.m"; sourceTree = "<group>"; };
		4ED5D26F1FD8DC3A009C1EDD /* ViewController.h */ = {isa = PBXFileReference; lastKnownFileType = sourcecode.c.h; path = ViewController.h; sourceTree = "<group>"; };
		4ED5D2711FD8DC3A009C1EDD /* AppDelegate-iOS.h */ = {isa = PBXFileReference; lastKnownFileType = sourcecode.c.h; path = "AppDelegate-iOS.h"; sourceTree = "<group>"; };
		4ED5D2731FD8DC3A009C1EDD /* DetailViewController.m */ = {isa = PBXFileReference; lastKnownFileType = sourcecode.c.objc; path = DetailViewController.m; sourceTree = "<group>"; };
		4ED5D2741FD8DC3A009C1EDD /* MasterViewController.h */ = {isa = PBXFileReference; lastKnownFileType = sourcecode.c.h; path = MasterViewController.h; sourceTree = "<group>"; };
		4ED5D2751FD8DC3A009C1EDD /* AppDelegate-iOS.m */ = {isa = PBXFileReference; lastKnownFileType = sourcecode.c.objc; path = "AppDelegate-iOS.m"; sourceTree = "<group>"; };
		4ED5D2781FD8DC3A009C1EDD /* MasterViewController.m */ = {isa = PBXFileReference; lastKnownFileType = sourcecode.c.objc; path = MasterViewController.m; sourceTree = "<group>"; };
		4ED5D2791FD8DC3A009C1EDD /* DetailViewController.h */ = {isa = PBXFileReference; lastKnownFileType = sourcecode.c.h; path = DetailViewController.h; sourceTree = "<group>"; };
		4ED5D2F81FD8E252009C1EDD /* Base */ = {isa = PBXFileReference; lastKnownFileType = file.storyboard; name = Base; path = "Base.lproj/Main-iOS-ObjC.storyboard"; sourceTree = "<group>"; };
		4ED5D2FA1FD8E252009C1EDD /* Base */ = {isa = PBXFileReference; lastKnownFileType = file.storyboard; name = Base; path = "Base.lproj/Main-macOS-ObjC.storyboard"; sourceTree = "<group>"; };
		4ED5D2FC1FD8E252009C1EDD /* Base */ = {isa = PBXFileReference; lastKnownFileType = file.storyboard; name = Base; path = "Base.lproj/LaunchScreen-ObjC.storyboard"; sourceTree = "<group>"; };
/* End PBXFileReference section */

/* Begin PBXFrameworksBuildPhase section */
		4ECFE2FB1FD8BDCD004EEACE /* Frameworks */ = {
			isa = PBXFrameworksBuildPhase;
			buildActionMask = 2147483647;
			files = (
				4ECFE38F1FD8C01A004EEACE /* JFFramework_iOS.framework in Frameworks */,
			);
			runOnlyForDeploymentPostprocessing = 0;
		};
		4ECFE3191FD8BDCD004EEACE /* Frameworks */ = {
			isa = PBXFrameworksBuildPhase;
			buildActionMask = 2147483647;
			files = (
			);
			runOnlyForDeploymentPostprocessing = 0;
		};
		4ECFE3241FD8BDCD004EEACE /* Frameworks */ = {
			isa = PBXFrameworksBuildPhase;
			buildActionMask = 2147483647;
			files = (
			);
			runOnlyForDeploymentPostprocessing = 0;
		};
		4ECFE3381FD8BDE2004EEACE /* Frameworks */ = {
			isa = PBXFrameworksBuildPhase;
			buildActionMask = 2147483647;
			files = (
				4ECFE3921FD8C024004EEACE /* JFFramework_macOS.framework in Frameworks */,
			);
			runOnlyForDeploymentPostprocessing = 0;
		};
		4ECFE3501FD8BDE2004EEACE /* Frameworks */ = {
			isa = PBXFrameworksBuildPhase;
			buildActionMask = 2147483647;
			files = (
			);
			runOnlyForDeploymentPostprocessing = 0;
		};
		4ECFE35B1FD8BDE3004EEACE /* Frameworks */ = {
			isa = PBXFrameworksBuildPhase;
			buildActionMask = 2147483647;
			files = (
			);
			runOnlyForDeploymentPostprocessing = 0;
		};
/* End PBXFrameworksBuildPhase section */

/* Begin PBXGroup section */
		4ECFE2441FD8BA0F004EEACE = {
			isa = PBXGroup;
			children = (
				4ECFE38E1FD8C01A004EEACE /* Frameworks */,
				4ECFE2FF1FD8BDCD004EEACE /* Products */,
				4ED5D20D1FD8D5A8009C1EDD /* Resources */,
				4ED5D2681FD8DC3A009C1EDD /* Sources */,
				4ED5D2091FD8D226009C1EDD /* Supporting Files */,
				4ED5D2481FD8DA31009C1EDD /* Tests */,
			);
			indentWidth = 4;
			sourceTree = "<group>";
			tabWidth = 4;
			usesTabs = 1;
			wrapsLines = 1;
		};
		4ECFE2FF1FD8BDCD004EEACE /* Products */ = {
			isa = PBXGroup;
			children = (
				4ECFE2FE1FD8BDCD004EEACE /* Demo iOS.app */,
				4ECFE31C1FD8BDCD004EEACE /* Demo iOS Tests.xctest */,
				4ECFE3271FD8BDCD004EEACE /* Demo iOS UITests.xctest */,
				4ECFE33B1FD8BDE2004EEACE /* Demo macOS.app */,
				4ECFE3531FD8BDE2004EEACE /* Demo macOS Tests.xctest */,
				4ECFE35E1FD8BDE3004EEACE /* Demo macOS UITests.xctest */,
			);
			name = Products;
			sourceTree = "<group>";
		};
		4ECFE37E1FD8BE32004EEACE /* Products */ = {
			isa = PBXGroup;
			children = (
				4ECFE3851FD8BE32004EEACE /* JFFramework_iOS.framework */,
				4ECFE3871FD8BE32004EEACE /* JFFramework_macOS.framework */,
				4ECFE3891FD8BE32004EEACE /* JFFramework iOS Tests.xctest */,
				4ECFE38B1FD8BE32004EEACE /* JFFramework macOS Tests.xctest */,
			);
			name = Products;
			sourceTree = "<group>";
		};
		4ECFE38E1FD8C01A004EEACE /* Frameworks */ = {
			isa = PBXGroup;
			children = (
				4ECFE37D1FD8BE32004EEACE /* JFFramework.xcodeproj */,
			);
			name = Frameworks;
			sourceTree = "<group>";
		};
		4ED5D2091FD8D226009C1EDD /* Supporting Files */ = {
			isa = PBXGroup;
			children = (
				4ED5D20A1FD8D226009C1EDD /* Info-iOS.plist */,
				4ED5D20C1FD8D226009C1EDD /* Info-macOS.plist */,
				4ED5D20B1FD8D226009C1EDD /* Info-Tests.plist */,
				4ED5D2641FD8DBB9009C1EDD /* main-iOS.m */,
				4ED5D2651FD8DBB9009C1EDD /* main-macOS.m */,
			);
			name = "Supporting Files";
			path = "Demo/Supporting Files";
			sourceTree = "<group>";
		};
		4ED5D20D1FD8D5A8009C1EDD /* Resources */ = {
			isa = PBXGroup;
			children = (
				4ED5D2111FD8D5A8009C1EDD /* Content */,
				4ED5D20E1FD8D5A8009C1EDD /* Images */,
				4ED5D2161FD8D5A9009C1EDD /* User Interface */,
			);
			name = Resources;
			path = Demo/Resources;
			sourceTree = "<group>";
		};
		4ED5D20E1FD8D5A8009C1EDD /* Images */ = {
			isa = PBXGroup;
			children = (
				4ED5D20F1FD8D5A8009C1EDD /* Assets-iOS.xcassets */,
				4ED5D2101FD8D5A8009C1EDD /* Assets-macOS.xcassets */,
			);
			path = Images;
			sourceTree = "<group>";
		};
		4ED5D2111FD8D5A8009C1EDD /* Content */ = {
			isa = PBXGroup;
			children = (
				4ED5D2141FD8D5A9009C1EDD /* Database-ObjC.xcdatamodeld */,
			);
			path = Content;
			sourceTree = "<group>";
		};
		4ED5D2161FD8D5A9009C1EDD /* User Interface */ = {
			isa = PBXGroup;
			children = (
				4ED5D2FB1FD8E252009C1EDD /* LaunchScreen-ObjC.storyboard */,
				4ED5D2F71FD8E252009C1EDD /* Main-iOS-ObjC.storyboard */,
				4ED5D2F91FD8E252009C1EDD /* Main-macOS-ObjC.storyboard */,
			);
			path = "User Interface";
			sourceTree = "<group>";
		};
		4ED5D2481FD8DA31009C1EDD /* Tests */ = {
			isa = PBXGroup;
			children = (
				4ED5D24C1FD8DA31009C1EDD /* Demo-Tests.m */,
				4ED5D24A1FD8DA31009C1EDD /* Demo-UITests.m */,
			);
			name = Tests;
			path = Demo/Tests;
			sourceTree = "<group>";
		};
		4ED5D2681FD8DC3A009C1EDD /* Sources */ = {
			isa = PBXGroup;
			children = (
				4ED5D2701FD8DC3A009C1EDD /* iOS */,
				4ED5D2691FD8DC3A009C1EDD /* macOS */,
			);
			name = Sources;
			path = Demo/Sources;
			sourceTree = "<group>";
		};
		4ED5D2691FD8DC3A009C1EDD /* macOS */ = {
			isa = PBXGroup;
			children = (
				4ED5D26B1FD8DC3A009C1EDD /* AppDelegate-macOS.h */,
				4ED5D26D1FD8DC3A009C1EDD /* AppDelegate-macOS.m */,
				4ED5D26F1FD8DC3A009C1EDD /* ViewController.h */,
				4ED5D26C1FD8DC3A009C1EDD /* ViewController.m */,
			);
			path = macOS;
			sourceTree = "<group>";
		};
		4ED5D2701FD8DC3A009C1EDD /* iOS */ = {
			isa = PBXGroup;
			children = (
				4ED5D2711FD8DC3A009C1EDD /* AppDelegate-iOS.h */,
				4ED5D2751FD8DC3A009C1EDD /* AppDelegate-iOS.m */,
				4ED5D2791FD8DC3A009C1EDD /* DetailViewController.h */,
				4ED5D2731FD8DC3A009C1EDD /* DetailViewController.m */,
				4ED5D2741FD8DC3A009C1EDD /* MasterViewController.h */,
				4ED5D2781FD8DC3A009C1EDD /* MasterViewController.m */,
			);
			path = iOS;
			sourceTree = "<group>";
		};
/* End PBXGroup section */

/* Begin PBXNativeTarget section */
		4ECFE2FD1FD8BDCD004EEACE /* Demo iOS */ = {
			isa = PBXNativeTarget;
			buildConfigurationList = 4ECFE32E1FD8BDCE004EEACE /* Build configuration list for PBXNativeTarget "Demo iOS" */;
			buildPhases = (
				4ECFE2FA1FD8BDCD004EEACE /* Sources */,
				4ECFE2FB1FD8BDCD004EEACE /* Frameworks */,
				4ECFE2FC1FD8BDCD004EEACE /* Resources */,
				4ECFE3CB1FD8C828004EEACE /* Embed Frameworks */,
			);
			buildRules = (
			);
			dependencies = (
				4ECFE38D1FD8C014004EEACE /* PBXTargetDependency */,
			);
			name = "Demo iOS";
			productName = "Demo iOS";
			productReference = 4ECFE2FE1FD8BDCD004EEACE /* Demo iOS.app */;
			productType = "com.apple.product-type.application";
		};
		4ECFE31B1FD8BDCD004EEACE /* Demo iOS Tests */ = {
			isa = PBXNativeTarget;
			buildConfigurationList = 4ECFE3311FD8BDCE004EEACE /* Build configuration list for PBXNativeTarget "Demo iOS Tests" */;
			buildPhases = (
				4ECFE3181FD8BDCD004EEACE /* Sources */,
				4ECFE3191FD8BDCD004EEACE /* Frameworks */,
				4ECFE31A1FD8BDCD004EEACE /* Resources */,
			);
			buildRules = (
			);
			dependencies = (
				4ECFE31E1FD8BDCD004EEACE /* PBXTargetDependency */,
			);
			name = "Demo iOS Tests";
			productName = "Demo iOSTests";
			productReference = 4ECFE31C1FD8BDCD004EEACE /* Demo iOS Tests.xctest */;
			productType = "com.apple.product-type.bundle.unit-test";
		};
		4ECFE3261FD8BDCD004EEACE /* Demo iOS UITests */ = {
			isa = PBXNativeTarget;
			buildConfigurationList = 4ECFE3341FD8BDCE004EEACE /* Build configuration list for PBXNativeTarget "Demo iOS UITests" */;
			buildPhases = (
				4ECFE3231FD8BDCD004EEACE /* Sources */,
				4ECFE3241FD8BDCD004EEACE /* Frameworks */,
				4ECFE3251FD8BDCD004EEACE /* Resources */,
			);
			buildRules = (
			);
			dependencies = (
				4ECFE3291FD8BDCE004EEACE /* PBXTargetDependency */,
			);
			name = "Demo iOS UITests";
			productName = "Demo iOSUITests";
			productReference = 4ECFE3271FD8BDCD004EEACE /* Demo iOS UITests.xctest */;
			productType = "com.apple.product-type.bundle.ui-testing";
		};
		4ECFE33A1FD8BDE2004EEACE /* Demo macOS */ = {
			isa = PBXNativeTarget;
			buildConfigurationList = 4ECFE3651FD8BDE3004EEACE /* Build configuration list for PBXNativeTarget "Demo macOS" */;
			buildPhases = (
				4ECFE3371FD8BDE2004EEACE /* Sources */,
				4ECFE3381FD8BDE2004EEACE /* Frameworks */,
				4ECFE3391FD8BDE2004EEACE /* Resources */,
			);
			buildRules = (
			);
			dependencies = (
				4ECFE3911FD8C01F004EEACE /* PBXTargetDependency */,
			);
			name = "Demo macOS";
			productName = "Demo macOS";
			productReference = 4ECFE33B1FD8BDE2004EEACE /* Demo macOS.app */;
			productType = "com.apple.product-type.application";
		};
		4ECFE3521FD8BDE2004EEACE /* Demo macOS Tests */ = {
			isa = PBXNativeTarget;
			buildConfigurationList = 4ECFE3681FD8BDE3004EEACE /* Build configuration list for PBXNativeTarget "Demo macOS Tests" */;
			buildPhases = (
				4ECFE34F1FD8BDE2004EEACE /* Sources */,
				4ECFE3501FD8BDE2004EEACE /* Frameworks */,
				4ECFE3511FD8BDE2004EEACE /* Resources */,
			);
			buildRules = (
			);
			dependencies = (
				4ECFE3551FD8BDE3004EEACE /* PBXTargetDependency */,
			);
			name = "Demo macOS Tests";
			productName = "Demo macOSTests";
			productReference = 4ECFE3531FD8BDE2004EEACE /* Demo macOS Tests.xctest */;
			productType = "com.apple.product-type.bundle.unit-test";
		};
		4ECFE35D1FD8BDE3004EEACE /* Demo macOS UITests */ = {
			isa = PBXNativeTarget;
			buildConfigurationList = 4ECFE36B1FD8BDE3004EEACE /* Build configuration list for PBXNativeTarget "Demo macOS UITests" */;
			buildPhases = (
				4ECFE35A1FD8BDE3004EEACE /* Sources */,
				4ECFE35B1FD8BDE3004EEACE /* Frameworks */,
				4ECFE35C1FD8BDE3004EEACE /* Resources */,
			);
			buildRules = (
			);
			dependencies = (
				4ECFE3601FD8BDE3004EEACE /* PBXTargetDependency */,
			);
			name = "Demo macOS UITests";
			productName = "Demo macOSUITests";
			productReference = 4ECFE35E1FD8BDE3004EEACE /* Demo macOS UITests.xctest */;
			productType = "com.apple.product-type.bundle.ui-testing";
		};
/* End PBXNativeTarget section */

/* Begin PBXProject section */
		4ECFE2451FD8BA0F004EEACE /* Project object */ = {
			isa = PBXProject;
			attributes = {
				LastSwiftUpdateCheck = 0920;
				LastUpgradeCheck = 0920;
				ORGANIZATIONNAME = "Jacopo Filié";
				TargetAttributes = {
					4ECFE2FD1FD8BDCD004EEACE = {
						CreatedOnToolsVersion = 9.2;
					};
					4ECFE31B1FD8BDCD004EEACE = {
						CreatedOnToolsVersion = 9.2;
						TestTargetID = 4ECFE2FD1FD8BDCD004EEACE;
					};
					4ECFE3261FD8BDCD004EEACE = {
						CreatedOnToolsVersion = 9.2;
						TestTargetID = 4ECFE2FD1FD8BDCD004EEACE;
					};
					4ECFE33A1FD8BDE2004EEACE = {
						CreatedOnToolsVersion = 9.2;
					};
					4ECFE3521FD8BDE2004EEACE = {
						CreatedOnToolsVersion = 9.2;
						TestTargetID = 4ECFE33A1FD8BDE2004EEACE;
					};
					4ECFE35D1FD8BDE3004EEACE = {
						CreatedOnToolsVersion = 9.2;
						TestTargetID = 4ECFE33A1FD8BDE2004EEACE;
					};
				};
			};
			buildConfigurationList = 4ECFE2481FD8BA0F004EEACE /* Build configuration list for PBXProject "Demo-ObjC" */;
			compatibilityVersion = "Xcode 8.0";
			developmentRegion = en;
			hasScannedForEncodings = 0;
			knownRegions = (
				en,
				Base,
			);
			mainGroup = 4ECFE2441FD8BA0F004EEACE;
			productRefGroup = 4ECFE2FF1FD8BDCD004EEACE /* Products */;
			projectDirPath = "";
			projectReferences = (
				{
					ProductGroup = 4ECFE37E1FD8BE32004EEACE /* Products */;
					ProjectRef = 4ECFE37D1FD8BE32004EEACE /* JFFramework.xcodeproj */;
				},
			);
			projectRoot = "";
			targets = (
				4ECFE2FD1FD8BDCD004EEACE /* Demo iOS */,
				4ECFE31B1FD8BDCD004EEACE /* Demo iOS Tests */,
				4ECFE3261FD8BDCD004EEACE /* Demo iOS UITests */,
				4ECFE33A1FD8BDE2004EEACE /* Demo macOS */,
				4ECFE3521FD8BDE2004EEACE /* Demo macOS Tests */,
				4ECFE35D1FD8BDE3004EEACE /* Demo macOS UITests */,
			);
		};
/* End PBXProject section */

/* Begin PBXReferenceProxy section */
		4ECFE3851FD8BE32004EEACE /* JFFramework_iOS.framework */ = {
			isa = PBXReferenceProxy;
			fileType = wrapper.framework;
			path = JFFramework_iOS.framework;
			remoteRef = 4ECFE3841FD8BE32004EEACE /* PBXContainerItemProxy */;
			sourceTree = BUILT_PRODUCTS_DIR;
		};
		4ECFE3871FD8BE32004EEACE /* JFFramework_macOS.framework */ = {
			isa = PBXReferenceProxy;
			fileType = wrapper.framework;
			path = JFFramework_macOS.framework;
			remoteRef = 4ECFE3861FD8BE32004EEACE /* PBXContainerItemProxy */;
			sourceTree = BUILT_PRODUCTS_DIR;
		};
		4ECFE3891FD8BE32004EEACE /* JFFramework iOS Tests.xctest */ = {
			isa = PBXReferenceProxy;
			fileType = wrapper.cfbundle;
			path = "JFFramework iOS Tests.xctest";
			remoteRef = 4ECFE3881FD8BE32004EEACE /* PBXContainerItemProxy */;
			sourceTree = BUILT_PRODUCTS_DIR;
		};
		4ECFE38B1FD8BE32004EEACE /* JFFramework macOS Tests.xctest */ = {
			isa = PBXReferenceProxy;
			fileType = wrapper.cfbundle;
			path = "JFFramework macOS Tests.xctest";
			remoteRef = 4ECFE38A1FD8BE32004EEACE /* PBXContainerItemProxy */;
			sourceTree = BUILT_PRODUCTS_DIR;
		};
/* End PBXReferenceProxy section */

/* Begin PBXResourcesBuildPhase section */
		4ECFE2FC1FD8BDCD004EEACE /* Resources */ = {
			isa = PBXResourcesBuildPhase;
			buildActionMask = 2147483647;
			files = (
				4ED5D2591FD8DABF009C1EDD /* Assets-iOS.xcassets in Resources */,
				4ED5D2FF1FD8E26C009C1EDD /* Main-iOS-ObjC.storyboard in Resources */,
				4ED5D2FE1FD8E26C009C1EDD /* LaunchScreen-ObjC.storyboard in Resources */,
			);
			runOnlyForDeploymentPostprocessing = 0;
		};
		4ECFE31A1FD8BDCD004EEACE /* Resources */ = {
			isa = PBXResourcesBuildPhase;
			buildActionMask = 2147483647;
			files = (
			);
			runOnlyForDeploymentPostprocessing = 0;
		};
		4ECFE3251FD8BDCD004EEACE /* Resources */ = {
			isa = PBXResourcesBuildPhase;
			buildActionMask = 2147483647;
			files = (
			);
			runOnlyForDeploymentPostprocessing = 0;
		};
		4ECFE3391FD8BDE2004EEACE /* Resources */ = {
			isa = PBXResourcesBuildPhase;
			buildActionMask = 2147483647;
			files = (
				4ED5D25A1FD8DAC2009C1EDD /* Assets-macOS.xcassets in Resources */,
				4ED5D2FD1FD8E268009C1EDD /* Main-macOS-ObjC.storyboard in Resources */,
			);
			runOnlyForDeploymentPostprocessing = 0;
		};
		4ECFE3511FD8BDE2004EEACE /* Resources */ = {
			isa = PBXResourcesBuildPhase;
			buildActionMask = 2147483647;
			files = (
			);
			runOnlyForDeploymentPostprocessing = 0;
		};
		4ECFE35C1FD8BDE3004EEACE /* Resources */ = {
			isa = PBXResourcesBuildPhase;
			buildActionMask = 2147483647;
			files = (
			);
			runOnlyForDeploymentPostprocessing = 0;
		};
/* End PBXResourcesBuildPhase section */

/* Begin PBXSourcesBuildPhase section */
		4ECFE2FA1FD8BDCD004EEACE /* Sources */ = {
			isa = PBXSourcesBuildPhase;
			buildActionMask = 2147483647;
			files = (
				4ED5D28C1FD8DD2F009C1EDD /* AppDelegate-iOS.m in Sources */,
				4ED5D2661FD8DBBD009C1EDD /* main-iOS.m in Sources */,
				4ED5D28E1FD8DD2F009C1EDD /* MasterViewController.m in Sources */,
				4ED5D25B1FD8DACF009C1EDD /* Database-ObjC.xcdatamodeld in Sources */,
				4ED5D28D1FD8DD2F009C1EDD /* DetailViewController.m in Sources */,
			);
			runOnlyForDeploymentPostprocessing = 0;
		};
		4ECFE3181FD8BDCD004EEACE /* Sources */ = {
			isa = PBXSourcesBuildPhase;
			buildActionMask = 2147483647;
			files = (
				4ED5D24E1FD8DA6B009C1EDD /* Demo-Tests.m in Sources */,
			);
			runOnlyForDeploymentPostprocessing = 0;
		};
		4ECFE3231FD8BDCD004EEACE /* Sources */ = {
			isa = PBXSourcesBuildPhase;
			buildActionMask = 2147483647;
			files = (
				4ED5D2501FD8DA6F009C1EDD /* Demo-UITests.m in Sources */,
			);
			runOnlyForDeploymentPostprocessing = 0;
		};
		4ECFE3371FD8BDE2004EEACE /* Sources */ = {
			isa = PBXSourcesBuildPhase;
			buildActionMask = 2147483647;
			files = (
				4ED5D2671FD8DBC0009C1EDD /* main-macOS.m in Sources */,
				4ED5D25C1FD8DACF009C1EDD /* Database-ObjC.xcdatamodeld in Sources */,
				4ED5D2901FD8DD35009C1EDD /* ViewController.m in Sources */,
				4ED5D28F1FD8DD35009C1EDD /* AppDelegate-macOS.m in Sources */,
			);
			runOnlyForDeploymentPostprocessing = 0;
		};
		4ECFE34F1FD8BDE2004EEACE /* Sources */ = {
			isa = PBXSourcesBuildPhase;
			buildActionMask = 2147483647;
			files = (
				4ED5D24F1FD8DA6C009C1EDD /* Demo-Tests.m in Sources */,
			);
			runOnlyForDeploymentPostprocessing = 0;
		};
		4ECFE35A1FD8BDE3004EEACE /* Sources */ = {
			isa = PBXSourcesBuildPhase;
			buildActionMask = 2147483647;
			files = (
				4ED5D2511FD8DA6F009C1EDD /* Demo-UITests.m in Sources */,
			);
			runOnlyForDeploymentPostprocessing = 0;
		};
/* End PBXSourcesBuildPhase section */

/* Begin PBXTargetDependency section */
		4ECFE31E1FD8BDCD004EEACE /* PBXTargetDependency */ = {
			isa = PBXTargetDependency;
			target = 4ECFE2FD1FD8BDCD004EEACE /* Demo iOS */;
			targetProxy = 4ECFE31D1FD8BDCD004EEACE /* PBXContainerItemProxy */;
		};
		4ECFE3291FD8BDCE004EEACE /* PBXTargetDependency */ = {
			isa = PBXTargetDependency;
			target = 4ECFE2FD1FD8BDCD004EEACE /* Demo iOS */;
			targetProxy = 4ECFE3281FD8BDCE004EEACE /* PBXContainerItemProxy */;
		};
		4ECFE3551FD8BDE3004EEACE /* PBXTargetDependency */ = {
			isa = PBXTargetDependency;
			target = 4ECFE33A1FD8BDE2004EEACE /* Demo macOS */;
			targetProxy = 4ECFE3541FD8BDE3004EEACE /* PBXContainerItemProxy */;
		};
		4ECFE3601FD8BDE3004EEACE /* PBXTargetDependency */ = {
			isa = PBXTargetDependency;
			target = 4ECFE33A1FD8BDE2004EEACE /* Demo macOS */;
			targetProxy = 4ECFE35F1FD8BDE3004EEACE /* PBXContainerItemProxy */;
		};
		4ECFE38D1FD8C014004EEACE /* PBXTargetDependency */ = {
			isa = PBXTargetDependency;
			name = "JFFramework iOS";
			targetProxy = 4ECFE38C1FD8C014004EEACE /* PBXContainerItemProxy */;
		};
		4ECFE3911FD8C01F004EEACE /* PBXTargetDependency */ = {
			isa = PBXTargetDependency;
			name = "JFFramework macOS";
			targetProxy = 4ECFE3901FD8C01F004EEACE /* PBXContainerItemProxy */;
		};
/* End PBXTargetDependency section */

/* Begin PBXVariantGroup section */
		4ED5D2F71FD8E252009C1EDD /* Main-iOS-ObjC.storyboard */ = {
			isa = PBXVariantGroup;
			children = (
				4ED5D2F81FD8E252009C1EDD /* Base */,
			);
			name = "Main-iOS-ObjC.storyboard";
			sourceTree = "<group>";
		};
		4ED5D2F91FD8E252009C1EDD /* Main-macOS-ObjC.storyboard */ = {
			isa = PBXVariantGroup;
			children = (
				4ED5D2FA1FD8E252009C1EDD /* Base */,
			);
			name = "Main-macOS-ObjC.storyboard";
			sourceTree = "<group>";
		};
		4ED5D2FB1FD8E252009C1EDD /* LaunchScreen-ObjC.storyboard */ = {
			isa = PBXVariantGroup;
			children = (
				4ED5D2FC1FD8E252009C1EDD /* Base */,
			);
			name = "LaunchScreen-ObjC.storyboard";
			sourceTree = "<group>";
		};
/* End PBXVariantGroup section */

/* Begin XCBuildConfiguration section */
		4ECFE2491FD8BA0F004EEACE /* Debug */ = {
			isa = XCBuildConfiguration;
			buildSettings = {
				BASE_DIR = Demo;
				CLANG_WARN_BLOCK_CAPTURE_AUTORELEASING = YES;
				CLANG_WARN_BOOL_CONVERSION = YES;
				CLANG_WARN_COMMA = YES;
				CLANG_WARN_CONSTANT_CONVERSION = YES;
				CLANG_WARN_EMPTY_BODY = YES;
				CLANG_WARN_ENUM_CONVERSION = YES;
				CLANG_WARN_INFINITE_RECURSION = YES;
				CLANG_WARN_INT_CONVERSION = YES;
				CLANG_WARN_NON_LITERAL_NULL_CONVERSION = YES;
				CLANG_WARN_OBJC_LITERAL_CONVERSION = YES;
				CLANG_WARN_RANGE_LOOP_ANALYSIS = YES;
				CLANG_WARN_STRICT_PROTOTYPES = YES;
				CLANG_WARN_SUSPICIOUS_MOVE = YES;
				CLANG_WARN_UNREACHABLE_CODE = YES;
				CLANG_WARN__DUPLICATE_METHOD_MATCH = YES;
				ENABLE_STRICT_OBJC_MSGSEND = YES;
				ENABLE_TESTABILITY = YES;
				GCC_NO_COMMON_BLOCKS = YES;
				GCC_WARN_64_TO_32_BIT_CONVERSION = YES;
				GCC_WARN_ABOUT_RETURN_TYPE = YES;
				GCC_WARN_UNDECLARED_SELECTOR = YES;
				GCC_WARN_UNINITIALIZED_AUTOS = YES;
				GCC_WARN_UNUSED_FUNCTION = YES;
				GCC_WARN_UNUSED_VARIABLE = YES;
				INFOPLIST_FILE = "${SUPPORTING_FILES_DIR}/Info-Tests.plist";
				ONLY_ACTIVE_ARCH = YES;
				SUPPORTING_FILES_DIR = "${BASE_DIR}/Supporting Files";
			};
			name = Debug;
		};
		4ECFE24A1FD8BA0F004EEACE /* Release */ = {
			isa = XCBuildConfiguration;
			buildSettings = {
				BASE_DIR = Demo;
				CLANG_WARN_BLOCK_CAPTURE_AUTORELEASING = YES;
				CLANG_WARN_BOOL_CONVERSION = YES;
				CLANG_WARN_COMMA = YES;
				CLANG_WARN_CONSTANT_CONVERSION = YES;
				CLANG_WARN_EMPTY_BODY = YES;
				CLANG_WARN_ENUM_CONVERSION = YES;
				CLANG_WARN_INFINITE_RECURSION = YES;
				CLANG_WARN_INT_CONVERSION = YES;
				CLANG_WARN_NON_LITERAL_NULL_CONVERSION = YES;
				CLANG_WARN_OBJC_LITERAL_CONVERSION = YES;
				CLANG_WARN_RANGE_LOOP_ANALYSIS = YES;
				CLANG_WARN_STRICT_PROTOTYPES = YES;
				CLANG_WARN_SUSPICIOUS_MOVE = YES;
				CLANG_WARN_UNREACHABLE_CODE = YES;
				CLANG_WARN__DUPLICATE_METHOD_MATCH = YES;
				ENABLE_STRICT_OBJC_MSGSEND = YES;
				GCC_NO_COMMON_BLOCKS = YES;
				GCC_WARN_64_TO_32_BIT_CONVERSION = YES;
				GCC_WARN_ABOUT_RETURN_TYPE = YES;
				GCC_WARN_UNDECLARED_SELECTOR = YES;
				GCC_WARN_UNINITIALIZED_AUTOS = YES;
				GCC_WARN_UNUSED_FUNCTION = YES;
				GCC_WARN_UNUSED_VARIABLE = YES;
				INFOPLIST_FILE = "${SUPPORTING_FILES_DIR}/Info-Tests.plist";
				SUPPORTING_FILES_DIR = "${BASE_DIR}/Supporting Files";
			};
			name = Release;
		};
		4ECFE32F1FD8BDCE004EEACE /* Debug */ = {
			isa = XCBuildConfiguration;
			buildSettings = {
				ALWAYS_SEARCH_USER_PATHS = NO;
				ASSETCATALOG_COMPILER_APPICON_NAME = AppIcon;
				CLANG_ANALYZER_NONNULL = YES;
				CLANG_ANALYZER_NUMBER_OBJECT_CONVERSION = YES_AGGRESSIVE;
				CLANG_CXX_LANGUAGE_STANDARD = "gnu++14";
				CLANG_CXX_LIBRARY = "libc++";
				CLANG_ENABLE_MODULES = YES;
				CLANG_ENABLE_OBJC_ARC = YES;
				CLANG_WARN_BLOCK_CAPTURE_AUTORELEASING = YES;
				CLANG_WARN_BOOL_CONVERSION = YES;
				CLANG_WARN_COMMA = YES;
				CLANG_WARN_CONSTANT_CONVERSION = YES;
				CLANG_WARN_DIRECT_OBJC_ISA_USAGE = YES_ERROR;
				CLANG_WARN_DOCUMENTATION_COMMENTS = YES;
				CLANG_WARN_EMPTY_BODY = YES;
				CLANG_WARN_ENUM_CONVERSION = YES;
				CLANG_WARN_INFINITE_RECURSION = YES;
				CLANG_WARN_INT_CONVERSION = YES;
				CLANG_WARN_NON_LITERAL_NULL_CONVERSION = YES;
				CLANG_WARN_OBJC_LITERAL_CONVERSION = YES;
				CLANG_WARN_OBJC_ROOT_CLASS = YES_ERROR;
				CLANG_WARN_RANGE_LOOP_ANALYSIS = YES;
				CLANG_WARN_STRICT_PROTOTYPES = YES;
				CLANG_WARN_SUSPICIOUS_MOVE = YES;
				CLANG_WARN_UNGUARDED_AVAILABILITY = YES_AGGRESSIVE;
				CLANG_WARN_UNREACHABLE_CODE = YES;
				CLANG_WARN__DUPLICATE_METHOD_MATCH = YES;
				COPY_PHASE_STRIP = NO;
				DEBUG_INFORMATION_FORMAT = dwarf;
				ENABLE_STRICT_OBJC_MSGSEND = YES;
				ENABLE_TESTABILITY = YES;
				GCC_C_LANGUAGE_STANDARD = gnu11;
				GCC_DYNAMIC_NO_PIC = NO;
				GCC_NO_COMMON_BLOCKS = YES;
				GCC_OPTIMIZATION_LEVEL = 0;
				GCC_PREPROCESSOR_DEFINITIONS = (
					"DEBUG=1",
					"$(inherited)",
				);
				GCC_WARN_64_TO_32_BIT_CONVERSION = YES;
				GCC_WARN_ABOUT_RETURN_TYPE = YES_ERROR;
				GCC_WARN_UNDECLARED_SELECTOR = YES;
				GCC_WARN_UNINITIALIZED_AUTOS = YES_AGGRESSIVE;
				GCC_WARN_UNUSED_FUNCTION = YES;
				GCC_WARN_UNUSED_VARIABLE = YES;
				INFOPLIST_FILE = "${SUPPORTING_FILES_DIR}/Info-iOS.plist";
				LD_RUNPATH_SEARCH_PATHS = "$(inherited) @executable_path/Frameworks";
				MTL_ENABLE_DEBUG_INFO = YES;
				ONLY_ACTIVE_ARCH = YES;
				PRODUCT_BUNDLE_IDENTIFIER = "com.jackfelle.Demo-iOS";
				PRODUCT_NAME = "$(TARGET_NAME)";
				SDKROOT = iphoneos;
				TARGETED_DEVICE_FAMILY = "1,2";
				UI_LAUNCH_SCREEN_FILE = "LaunchScreen-ObjC";
				UI_MAIN_FILE = "Main-iOS-ObjC";
			};
			name = Debug;
		};
		4ECFE3301FD8BDCE004EEACE /* Release */ = {
			isa = XCBuildConfiguration;
			buildSettings = {
				ALWAYS_SEARCH_USER_PATHS = NO;
				ASSETCATALOG_COMPILER_APPICON_NAME = AppIcon;
				CLANG_ANALYZER_NONNULL = YES;
				CLANG_ANALYZER_NUMBER_OBJECT_CONVERSION = YES_AGGRESSIVE;
				CLANG_CXX_LANGUAGE_STANDARD = "gnu++14";
				CLANG_CXX_LIBRARY = "libc++";
				CLANG_ENABLE_MODULES = YES;
				CLANG_ENABLE_OBJC_ARC = YES;
				CLANG_WARN_BLOCK_CAPTURE_AUTORELEASING = YES;
				CLANG_WARN_BOOL_CONVERSION = YES;
				CLANG_WARN_COMMA = YES;
				CLANG_WARN_CONSTANT_CONVERSION = YES;
				CLANG_WARN_DIRECT_OBJC_ISA_USAGE = YES_ERROR;
				CLANG_WARN_DOCUMENTATION_COMMENTS = YES;
				CLANG_WARN_EMPTY_BODY = YES;
				CLANG_WARN_ENUM_CONVERSION = YES;
				CLANG_WARN_INFINITE_RECURSION = YES;
				CLANG_WARN_INT_CONVERSION = YES;
				CLANG_WARN_NON_LITERAL_NULL_CONVERSION = YES;
				CLANG_WARN_OBJC_LITERAL_CONVERSION = YES;
				CLANG_WARN_OBJC_ROOT_CLASS = YES_ERROR;
				CLANG_WARN_RANGE_LOOP_ANALYSIS = YES;
				CLANG_WARN_STRICT_PROTOTYPES = YES;
				CLANG_WARN_SUSPICIOUS_MOVE = YES;
				CLANG_WARN_UNGUARDED_AVAILABILITY = YES_AGGRESSIVE;
				CLANG_WARN_UNREACHABLE_CODE = YES;
				CLANG_WARN__DUPLICATE_METHOD_MATCH = YES;
				COPY_PHASE_STRIP = NO;
				DEBUG_INFORMATION_FORMAT = "dwarf-with-dsym";
				ENABLE_NS_ASSERTIONS = NO;
				ENABLE_STRICT_OBJC_MSGSEND = YES;
				GCC_C_LANGUAGE_STANDARD = gnu11;
				GCC_NO_COMMON_BLOCKS = YES;
				GCC_WARN_64_TO_32_BIT_CONVERSION = YES;
				GCC_WARN_ABOUT_RETURN_TYPE = YES_ERROR;
				GCC_WARN_UNDECLARED_SELECTOR = YES;
				GCC_WARN_UNINITIALIZED_AUTOS = YES_AGGRESSIVE;
				GCC_WARN_UNUSED_FUNCTION = YES;
				GCC_WARN_UNUSED_VARIABLE = YES;
				INFOPLIST_FILE = "${SUPPORTING_FILES_DIR}/Info-iOS.plist";
				LD_RUNPATH_SEARCH_PATHS = "$(inherited) @executable_path/Frameworks";
				MTL_ENABLE_DEBUG_INFO = NO;
				PRODUCT_BUNDLE_IDENTIFIER = "com.jackfelle.Demo-iOS";
				PRODUCT_NAME = "$(TARGET_NAME)";
				SDKROOT = iphoneos;
				TARGETED_DEVICE_FAMILY = "1,2";
				UI_LAUNCH_SCREEN_FILE = "LaunchScreen-ObjC";
				UI_MAIN_FILE = "Main-iOS-ObjC";
				VALIDATE_PRODUCT = YES;
			};
			name = Release;
		};
		4ECFE3321FD8BDCE004EEACE /* Debug */ = {
			isa = XCBuildConfiguration;
			buildSettings = {
				ALWAYS_SEARCH_USER_PATHS = NO;
				BUNDLE_LOADER = "$(TEST_HOST)";
				CLANG_ANALYZER_NONNULL = YES;
				CLANG_ANALYZER_NUMBER_OBJECT_CONVERSION = YES_AGGRESSIVE;
				CLANG_CXX_LANGUAGE_STANDARD = "gnu++14";
				CLANG_CXX_LIBRARY = "libc++";
				CLANG_ENABLE_MODULES = YES;
				CLANG_ENABLE_OBJC_ARC = YES;
				CLANG_WARN_BLOCK_CAPTURE_AUTORELEASING = YES;
				CLANG_WARN_BOOL_CONVERSION = YES;
				CLANG_WARN_COMMA = YES;
				CLANG_WARN_CONSTANT_CONVERSION = YES;
				CLANG_WARN_DIRECT_OBJC_ISA_USAGE = YES_ERROR;
				CLANG_WARN_DOCUMENTATION_COMMENTS = YES;
				CLANG_WARN_EMPTY_BODY = YES;
				CLANG_WARN_ENUM_CONVERSION = YES;
				CLANG_WARN_INFINITE_RECURSION = YES;
				CLANG_WARN_INT_CONVERSION = YES;
				CLANG_WARN_NON_LITERAL_NULL_CONVERSION = YES;
				CLANG_WARN_OBJC_LITERAL_CONVERSION = YES;
				CLANG_WARN_OBJC_ROOT_CLASS = YES_ERROR;
				CLANG_WARN_RANGE_LOOP_ANALYSIS = YES;
				CLANG_WARN_STRICT_PROTOTYPES = YES;
				CLANG_WARN_SUSPICIOUS_MOVE = YES;
				CLANG_WARN_UNGUARDED_AVAILABILITY = YES_AGGRESSIVE;
				CLANG_WARN_UNREACHABLE_CODE = YES;
				CLANG_WARN__DUPLICATE_METHOD_MATCH = YES;
				COPY_PHASE_STRIP = NO;
				DEBUG_INFORMATION_FORMAT = dwarf;
				ENABLE_STRICT_OBJC_MSGSEND = YES;
				ENABLE_TESTABILITY = YES;
				GCC_C_LANGUAGE_STANDARD = gnu11;
				GCC_DYNAMIC_NO_PIC = NO;
				GCC_NO_COMMON_BLOCKS = YES;
				GCC_OPTIMIZATION_LEVEL = 0;
				GCC_PREPROCESSOR_DEFINITIONS = (
					"DEBUG=1",
					"$(inherited)",
				);
				GCC_WARN_64_TO_32_BIT_CONVERSION = YES;
				GCC_WARN_ABOUT_RETURN_TYPE = YES_ERROR;
				GCC_WARN_UNDECLARED_SELECTOR = YES;
				GCC_WARN_UNINITIALIZED_AUTOS = YES_AGGRESSIVE;
				GCC_WARN_UNUSED_FUNCTION = YES;
				GCC_WARN_UNUSED_VARIABLE = YES;
				IPHONEOS_DEPLOYMENT_TARGET = 11.2;
				LD_RUNPATH_SEARCH_PATHS = "$(inherited) @executable_path/Frameworks @loader_path/Frameworks";
				MTL_ENABLE_DEBUG_INFO = YES;
				ONLY_ACTIVE_ARCH = YES;
				PRODUCT_BUNDLE_IDENTIFIER = "com.jackfelle.Demo-iOSTests";
				PRODUCT_NAME = "$(TARGET_NAME)";
				SDKROOT = iphoneos;
				TARGETED_DEVICE_FAMILY = "1,2";
				TEST_HOST = "$(BUILT_PRODUCTS_DIR)/Demo iOS.app/Demo iOS";
			};
			name = Debug;
		};
		4ECFE3331FD8BDCE004EEACE /* Release */ = {
			isa = XCBuildConfiguration;
			buildSettings = {
				ALWAYS_SEARCH_USER_PATHS = NO;
				BUNDLE_LOADER = "$(TEST_HOST)";
				CLANG_ANALYZER_NONNULL = YES;
				CLANG_ANALYZER_NUMBER_OBJECT_CONVERSION = YES_AGGRESSIVE;
				CLANG_CXX_LANGUAGE_STANDARD = "gnu++14";
				CLANG_CXX_LIBRARY = "libc++";
				CLANG_ENABLE_MODULES = YES;
				CLANG_ENABLE_OBJC_ARC = YES;
				CLANG_WARN_BLOCK_CAPTURE_AUTORELEASING = YES;
				CLANG_WARN_BOOL_CONVERSION = YES;
				CLANG_WARN_COMMA = YES;
				CLANG_WARN_CONSTANT_CONVERSION = YES;
				CLANG_WARN_DIRECT_OBJC_ISA_USAGE = YES_ERROR;
				CLANG_WARN_DOCUMENTATION_COMMENTS = YES;
				CLANG_WARN_EMPTY_BODY = YES;
				CLANG_WARN_ENUM_CONVERSION = YES;
				CLANG_WARN_INFINITE_RECURSION = YES;
				CLANG_WARN_INT_CONVERSION = YES;
				CLANG_WARN_NON_LITERAL_NULL_CONVERSION = YES;
				CLANG_WARN_OBJC_LITERAL_CONVERSION = YES;
				CLANG_WARN_OBJC_ROOT_CLASS = YES_ERROR;
				CLANG_WARN_RANGE_LOOP_ANALYSIS = YES;
				CLANG_WARN_STRICT_PROTOTYPES = YES;
				CLANG_WARN_SUSPICIOUS_MOVE = YES;
				CLANG_WARN_UNGUARDED_AVAILABILITY = YES_AGGRESSIVE;
				CLANG_WARN_UNREACHABLE_CODE = YES;
				CLANG_WARN__DUPLICATE_METHOD_MATCH = YES;
				COPY_PHASE_STRIP = NO;
				DEBUG_INFORMATION_FORMAT = "dwarf-with-dsym";
				ENABLE_NS_ASSERTIONS = NO;
				ENABLE_STRICT_OBJC_MSGSEND = YES;
				GCC_C_LANGUAGE_STANDARD = gnu11;
				GCC_NO_COMMON_BLOCKS = YES;
				GCC_WARN_64_TO_32_BIT_CONVERSION = YES;
				GCC_WARN_ABOUT_RETURN_TYPE = YES_ERROR;
				GCC_WARN_UNDECLARED_SELECTOR = YES;
				GCC_WARN_UNINITIALIZED_AUTOS = YES_AGGRESSIVE;
				GCC_WARN_UNUSED_FUNCTION = YES;
				GCC_WARN_UNUSED_VARIABLE = YES;
				IPHONEOS_DEPLOYMENT_TARGET = 11.2;
				LD_RUNPATH_SEARCH_PATHS = "$(inherited) @executable_path/Frameworks @loader_path/Frameworks";
				MTL_ENABLE_DEBUG_INFO = NO;
				PRODUCT_BUNDLE_IDENTIFIER = "com.jackfelle.Demo-iOSTests";
				PRODUCT_NAME = "$(TARGET_NAME)";
				SDKROOT = iphoneos;
				TARGETED_DEVICE_FAMILY = "1,2";
				TEST_HOST = "$(BUILT_PRODUCTS_DIR)/Demo iOS.app/Demo iOS";
				VALIDATE_PRODUCT = YES;
			};
			name = Release;
		};
		4ECFE3351FD8BDCE004EEACE /* Debug */ = {
			isa = XCBuildConfiguration;
			buildSettings = {
				ALWAYS_SEARCH_USER_PATHS = NO;
				CLANG_ANALYZER_NONNULL = YES;
				CLANG_ANALYZER_NUMBER_OBJECT_CONVERSION = YES_AGGRESSIVE;
				CLANG_CXX_LANGUAGE_STANDARD = "gnu++14";
				CLANG_CXX_LIBRARY = "libc++";
				CLANG_ENABLE_MODULES = YES;
				CLANG_ENABLE_OBJC_ARC = YES;
				CLANG_WARN_BLOCK_CAPTURE_AUTORELEASING = YES;
				CLANG_WARN_BOOL_CONVERSION = YES;
				CLANG_WARN_COMMA = YES;
				CLANG_WARN_CONSTANT_CONVERSION = YES;
				CLANG_WARN_DIRECT_OBJC_ISA_USAGE = YES_ERROR;
				CLANG_WARN_DOCUMENTATION_COMMENTS = YES;
				CLANG_WARN_EMPTY_BODY = YES;
				CLANG_WARN_ENUM_CONVERSION = YES;
				CLANG_WARN_INFINITE_RECURSION = YES;
				CLANG_WARN_INT_CONVERSION = YES;
				CLANG_WARN_NON_LITERAL_NULL_CONVERSION = YES;
				CLANG_WARN_OBJC_LITERAL_CONVERSION = YES;
				CLANG_WARN_OBJC_ROOT_CLASS = YES_ERROR;
				CLANG_WARN_RANGE_LOOP_ANALYSIS = YES;
				CLANG_WARN_STRICT_PROTOTYPES = YES;
				CLANG_WARN_SUSPICIOUS_MOVE = YES;
				CLANG_WARN_UNGUARDED_AVAILABILITY = YES_AGGRESSIVE;
				CLANG_WARN_UNREACHABLE_CODE = YES;
				CLANG_WARN__DUPLICATE_METHOD_MATCH = YES;
				COPY_PHASE_STRIP = NO;
				DEBUG_INFORMATION_FORMAT = dwarf;
				ENABLE_STRICT_OBJC_MSGSEND = YES;
				ENABLE_TESTABILITY = YES;
				GCC_C_LANGUAGE_STANDARD = gnu11;
				GCC_DYNAMIC_NO_PIC = NO;
				GCC_NO_COMMON_BLOCKS = YES;
				GCC_OPTIMIZATION_LEVEL = 0;
				GCC_PREPROCESSOR_DEFINITIONS = (
					"DEBUG=1",
					"$(inherited)",
				);
				GCC_WARN_64_TO_32_BIT_CONVERSION = YES;
				GCC_WARN_ABOUT_RETURN_TYPE = YES_ERROR;
				GCC_WARN_UNDECLARED_SELECTOR = YES;
				GCC_WARN_UNINITIALIZED_AUTOS = YES_AGGRESSIVE;
				GCC_WARN_UNUSED_FUNCTION = YES;
				GCC_WARN_UNUSED_VARIABLE = YES;
				IPHONEOS_DEPLOYMENT_TARGET = 11.2;
				LD_RUNPATH_SEARCH_PATHS = "$(inherited) @executable_path/Frameworks @loader_path/Frameworks";
				MTL_ENABLE_DEBUG_INFO = YES;
				ONLY_ACTIVE_ARCH = YES;
				PRODUCT_BUNDLE_IDENTIFIER = "com.jackfelle.Demo-iOSUITests";
				PRODUCT_NAME = "$(TARGET_NAME)";
				SDKROOT = iphoneos;
				TARGETED_DEVICE_FAMILY = "1,2";
				TEST_TARGET_NAME = "Demo iOS";
			};
			name = Debug;
		};
		4ECFE3361FD8BDCE004EEACE /* Release */ = {
			isa = XCBuildConfiguration;
			buildSettings = {
				ALWAYS_SEARCH_USER_PATHS = NO;
				CLANG_ANALYZER_NONNULL = YES;
				CLANG_ANALYZER_NUMBER_OBJECT_CONVERSION = YES_AGGRESSIVE;
				CLANG_CXX_LANGUAGE_STANDARD = "gnu++14";
				CLANG_CXX_LIBRARY = "libc++";
				CLANG_ENABLE_MODULES = YES;
				CLANG_ENABLE_OBJC_ARC = YES;
				CLANG_WARN_BLOCK_CAPTURE_AUTORELEASING = YES;
				CLANG_WARN_BOOL_CONVERSION = YES;
				CLANG_WARN_COMMA = YES;
				CLANG_WARN_CONSTANT_CONVERSION = YES;
				CLANG_WARN_DIRECT_OBJC_ISA_USAGE = YES_ERROR;
				CLANG_WARN_DOCUMENTATION_COMMENTS = YES;
				CLANG_WARN_EMPTY_BODY = YES;
				CLANG_WARN_ENUM_CONVERSION = YES;
				CLANG_WARN_INFINITE_RECURSION = YES;
				CLANG_WARN_INT_CONVERSION = YES;
				CLANG_WARN_NON_LITERAL_NULL_CONVERSION = YES;
				CLANG_WARN_OBJC_LITERAL_CONVERSION = YES;
				CLANG_WARN_OBJC_ROOT_CLASS = YES_ERROR;
				CLANG_WARN_RANGE_LOOP_ANALYSIS = YES;
				CLANG_WARN_STRICT_PROTOTYPES = YES;
				CLANG_WARN_SUSPICIOUS_MOVE = YES;
				CLANG_WARN_UNGUARDED_AVAILABILITY = YES_AGGRESSIVE;
				CLANG_WARN_UNREACHABLE_CODE = YES;
				CLANG_WARN__DUPLICATE_METHOD_MATCH = YES;
				COPY_PHASE_STRIP = NO;
				DEBUG_INFORMATION_FORMAT = "dwarf-with-dsym";
				ENABLE_NS_ASSERTIONS = NO;
				ENABLE_STRICT_OBJC_MSGSEND = YES;
				GCC_C_LANGUAGE_STANDARD = gnu11;
				GCC_NO_COMMON_BLOCKS = YES;
				GCC_WARN_64_TO_32_BIT_CONVERSION = YES;
				GCC_WARN_ABOUT_RETURN_TYPE = YES_ERROR;
				GCC_WARN_UNDECLARED_SELECTOR = YES;
				GCC_WARN_UNINITIALIZED_AUTOS = YES_AGGRESSIVE;
				GCC_WARN_UNUSED_FUNCTION = YES;
				GCC_WARN_UNUSED_VARIABLE = YES;
				IPHONEOS_DEPLOYMENT_TARGET = 11.2;
				LD_RUNPATH_SEARCH_PATHS = "$(inherited) @executable_path/Frameworks @loader_path/Frameworks";
				MTL_ENABLE_DEBUG_INFO = NO;
				PRODUCT_BUNDLE_IDENTIFIER = "com.jackfelle.Demo-iOSUITests";
				PRODUCT_NAME = "$(TARGET_NAME)";
				SDKROOT = iphoneos;
				TARGETED_DEVICE_FAMILY = "1,2";
				TEST_TARGET_NAME = "Demo iOS";
				VALIDATE_PRODUCT = YES;
			};
			name = Release;
		};
		4ECFE3661FD8BDE3004EEACE /* Debug */ = {
			isa = XCBuildConfiguration;
			buildSettings = {
				ALWAYS_SEARCH_USER_PATHS = NO;
				ASSETCATALOG_COMPILER_APPICON_NAME = AppIcon;
				CLANG_ANALYZER_NONNULL = YES;
				CLANG_ANALYZER_NUMBER_OBJECT_CONVERSION = YES_AGGRESSIVE;
				CLANG_CXX_LANGUAGE_STANDARD = "gnu++14";
				CLANG_CXX_LIBRARY = "libc++";
				CLANG_ENABLE_MODULES = YES;
				CLANG_ENABLE_OBJC_ARC = YES;
				CLANG_WARN_BLOCK_CAPTURE_AUTORELEASING = YES;
				CLANG_WARN_BOOL_CONVERSION = YES;
				CLANG_WARN_COMMA = YES;
				CLANG_WARN_CONSTANT_CONVERSION = YES;
				CLANG_WARN_DIRECT_OBJC_ISA_USAGE = YES_ERROR;
				CLANG_WARN_DOCUMENTATION_COMMENTS = YES;
				CLANG_WARN_EMPTY_BODY = YES;
				CLANG_WARN_ENUM_CONVERSION = YES;
				CLANG_WARN_INFINITE_RECURSION = YES;
				CLANG_WARN_INT_CONVERSION = YES;
				CLANG_WARN_NON_LITERAL_NULL_CONVERSION = YES;
				CLANG_WARN_OBJC_LITERAL_CONVERSION = YES;
				CLANG_WARN_OBJC_ROOT_CLASS = YES_ERROR;
				CLANG_WARN_RANGE_LOOP_ANALYSIS = YES;
				CLANG_WARN_STRICT_PROTOTYPES = YES;
				CLANG_WARN_SUSPICIOUS_MOVE = YES;
				CLANG_WARN_UNGUARDED_AVAILABILITY = YES_AGGRESSIVE;
				CLANG_WARN_UNREACHABLE_CODE = YES;
				CLANG_WARN__DUPLICATE_METHOD_MATCH = YES;
				COMBINE_HIDPI_IMAGES = YES;
				COPY_PHASE_STRIP = NO;
				DEBUG_INFORMATION_FORMAT = dwarf;
				ENABLE_STRICT_OBJC_MSGSEND = YES;
				ENABLE_TESTABILITY = YES;
				GCC_C_LANGUAGE_STANDARD = gnu11;
				GCC_DYNAMIC_NO_PIC = NO;
				GCC_NO_COMMON_BLOCKS = YES;
				GCC_OPTIMIZATION_LEVEL = 0;
				GCC_PREPROCESSOR_DEFINITIONS = (
					"DEBUG=1",
					"$(inherited)",
				);
				GCC_WARN_64_TO_32_BIT_CONVERSION = YES;
				GCC_WARN_ABOUT_RETURN_TYPE = YES_ERROR;
				GCC_WARN_UNDECLARED_SELECTOR = YES;
				GCC_WARN_UNINITIALIZED_AUTOS = YES_AGGRESSIVE;
				GCC_WARN_UNUSED_FUNCTION = YES;
				GCC_WARN_UNUSED_VARIABLE = YES;
				INFOPLIST_FILE = "${SUPPORTING_FILES_DIR}/Info-macOS.plist";
				LD_RUNPATH_SEARCH_PATHS = "$(inherited) @executable_path/../Frameworks";
				MTL_ENABLE_DEBUG_INFO = YES;
				ONLY_ACTIVE_ARCH = YES;
				PRODUCT_BUNDLE_IDENTIFIER = "com.jackfelle.Demo-macOS";
				PRODUCT_NAME = "$(TARGET_NAME)";
				SDKROOT = macosx;
				UI_MAIN_FILE = "Main-macOS-ObjC";
			};
			name = Debug;
		};
		4ECFE3671FD8BDE3004EEACE /* Release */ = {
			isa = XCBuildConfiguration;
			buildSettings = {
				ALWAYS_SEARCH_USER_PATHS = NO;
				ASSETCATALOG_COMPILER_APPICON_NAME = AppIcon;
				CLANG_ANALYZER_NONNULL = YES;
				CLANG_ANALYZER_NUMBER_OBJECT_CONVERSION = YES_AGGRESSIVE;
				CLANG_CXX_LANGUAGE_STANDARD = "gnu++14";
				CLANG_CXX_LIBRARY = "libc++";
				CLANG_ENABLE_MODULES = YES;
				CLANG_ENABLE_OBJC_ARC = YES;
				CLANG_WARN_BLOCK_CAPTURE_AUTORELEASING = YES;
				CLANG_WARN_BOOL_CONVERSION = YES;
				CLANG_WARN_COMMA = YES;
				CLANG_WARN_CONSTANT_CONVERSION = YES;
				CLANG_WARN_DIRECT_OBJC_ISA_USAGE = YES_ERROR;
				CLANG_WARN_DOCUMENTATION_COMMENTS = YES;
				CLANG_WARN_EMPTY_BODY = YES;
				CLANG_WARN_ENUM_CONVERSION = YES;
				CLANG_WARN_INFINITE_RECURSION = YES;
				CLANG_WARN_INT_CONVERSION = YES;
				CLANG_WARN_NON_LITERAL_NULL_CONVERSION = YES;
				CLANG_WARN_OBJC_LITERAL_CONVERSION = YES;
				CLANG_WARN_OBJC_ROOT_CLASS = YES_ERROR;
				CLANG_WARN_RANGE_LOOP_ANALYSIS = YES;
				CLANG_WARN_STRICT_PROTOTYPES = YES;
				CLANG_WARN_SUSPICIOUS_MOVE = YES;
				CLANG_WARN_UNGUARDED_AVAILABILITY = YES_AGGRESSIVE;
				CLANG_WARN_UNREACHABLE_CODE = YES;
				CLANG_WARN__DUPLICATE_METHOD_MATCH = YES;
				COMBINE_HIDPI_IMAGES = YES;
				COPY_PHASE_STRIP = NO;
				DEBUG_INFORMATION_FORMAT = "dwarf-with-dsym";
				ENABLE_NS_ASSERTIONS = NO;
				ENABLE_STRICT_OBJC_MSGSEND = YES;
				GCC_C_LANGUAGE_STANDARD = gnu11;
				GCC_NO_COMMON_BLOCKS = YES;
				GCC_WARN_64_TO_32_BIT_CONVERSION = YES;
				GCC_WARN_ABOUT_RETURN_TYPE = YES_ERROR;
				GCC_WARN_UNDECLARED_SELECTOR = YES;
				GCC_WARN_UNINITIALIZED_AUTOS = YES_AGGRESSIVE;
				GCC_WARN_UNUSED_FUNCTION = YES;
				GCC_WARN_UNUSED_VARIABLE = YES;
				INFOPLIST_FILE = "${SUPPORTING_FILES_DIR}/Info-macOS.plist";
				LD_RUNPATH_SEARCH_PATHS = "$(inherited) @executable_path/../Frameworks";
				MTL_ENABLE_DEBUG_INFO = NO;
				PRODUCT_BUNDLE_IDENTIFIER = "com.jackfelle.Demo-macOS";
				PRODUCT_NAME = "$(TARGET_NAME)";
				SDKROOT = macosx;
				UI_MAIN_FILE = "Main-macOS-ObjC";
			};
			name = Release;
		};
		4ECFE3691FD8BDE3004EEACE /* Debug */ = {
			isa = XCBuildConfiguration;
			buildSettings = {
				ALWAYS_SEARCH_USER_PATHS = NO;
				BUNDLE_LOADER = "$(TEST_HOST)";
				CLANG_ANALYZER_NONNULL = YES;
				CLANG_ANALYZER_NUMBER_OBJECT_CONVERSION = YES_AGGRESSIVE;
				CLANG_CXX_LANGUAGE_STANDARD = "gnu++14";
				CLANG_CXX_LIBRARY = "libc++";
				CLANG_ENABLE_MODULES = YES;
				CLANG_ENABLE_OBJC_ARC = YES;
				CLANG_WARN_BLOCK_CAPTURE_AUTORELEASING = YES;
				CLANG_WARN_BOOL_CONVERSION = YES;
				CLANG_WARN_COMMA = YES;
				CLANG_WARN_CONSTANT_CONVERSION = YES;
				CLANG_WARN_DIRECT_OBJC_ISA_USAGE = YES_ERROR;
				CLANG_WARN_DOCUMENTATION_COMMENTS = YES;
				CLANG_WARN_EMPTY_BODY = YES;
				CLANG_WARN_ENUM_CONVERSION = YES;
				CLANG_WARN_INFINITE_RECURSION = YES;
				CLANG_WARN_INT_CONVERSION = YES;
				CLANG_WARN_NON_LITERAL_NULL_CONVERSION = YES;
				CLANG_WARN_OBJC_LITERAL_CONVERSION = YES;
				CLANG_WARN_OBJC_ROOT_CLASS = YES_ERROR;
				CLANG_WARN_RANGE_LOOP_ANALYSIS = YES;
				CLANG_WARN_STRICT_PROTOTYPES = YES;
				CLANG_WARN_SUSPICIOUS_MOVE = YES;
				CLANG_WARN_UNGUARDED_AVAILABILITY = YES_AGGRESSIVE;
				CLANG_WARN_UNREACHABLE_CODE = YES;
				CLANG_WARN__DUPLICATE_METHOD_MATCH = YES;
				COMBINE_HIDPI_IMAGES = YES;
				COPY_PHASE_STRIP = NO;
				DEBUG_INFORMATION_FORMAT = dwarf;
				ENABLE_STRICT_OBJC_MSGSEND = YES;
				ENABLE_TESTABILITY = YES;
				GCC_C_LANGUAGE_STANDARD = gnu11;
				GCC_DYNAMIC_NO_PIC = NO;
				GCC_NO_COMMON_BLOCKS = YES;
				GCC_OPTIMIZATION_LEVEL = 0;
				GCC_PREPROCESSOR_DEFINITIONS = (
					"DEBUG=1",
					"$(inherited)",
				);
				GCC_WARN_64_TO_32_BIT_CONVERSION = YES;
				GCC_WARN_ABOUT_RETURN_TYPE = YES_ERROR;
				GCC_WARN_UNDECLARED_SELECTOR = YES;
				GCC_WARN_UNINITIALIZED_AUTOS = YES_AGGRESSIVE;
				GCC_WARN_UNUSED_FUNCTION = YES;
				GCC_WARN_UNUSED_VARIABLE = YES;
				LD_RUNPATH_SEARCH_PATHS = "$(inherited) @executable_path/../Frameworks @loader_path/../Frameworks";
				MACOSX_DEPLOYMENT_TARGET = 10.13;
				MTL_ENABLE_DEBUG_INFO = YES;
				ONLY_ACTIVE_ARCH = YES;
				PRODUCT_BUNDLE_IDENTIFIER = "com.jackfelle.Demo-macOSTests";
				PRODUCT_NAME = "$(TARGET_NAME)";
				SDKROOT = macosx;
				TEST_HOST = "$(BUILT_PRODUCTS_DIR)/Demo macOS.app/Contents/MacOS/Demo macOS";
			};
			name = Debug;
		};
		4ECFE36A1FD8BDE3004EEACE /* Release */ = {
			isa = XCBuildConfiguration;
			buildSettings = {
				ALWAYS_SEARCH_USER_PATHS = NO;
				BUNDLE_LOADER = "$(TEST_HOST)";
				CLANG_ANALYZER_NONNULL = YES;
				CLANG_ANALYZER_NUMBER_OBJECT_CONVERSION = YES_AGGRESSIVE;
				CLANG_CXX_LANGUAGE_STANDARD = "gnu++14";
				CLANG_CXX_LIBRARY = "libc++";
				CLANG_ENABLE_MODULES = YES;
				CLANG_ENABLE_OBJC_ARC = YES;
				CLANG_WARN_BLOCK_CAPTURE_AUTORELEASING = YES;
				CLANG_WARN_BOOL_CONVERSION = YES;
				CLANG_WARN_COMMA = YES;
				CLANG_WARN_CONSTANT_CONVERSION = YES;
				CLANG_WARN_DIRECT_OBJC_ISA_USAGE = YES_ERROR;
				CLANG_WARN_DOCUMENTATION_COMMENTS = YES;
				CLANG_WARN_EMPTY_BODY = YES;
				CLANG_WARN_ENUM_CONVERSION = YES;
				CLANG_WARN_INFINITE_RECURSION = YES;
				CLANG_WARN_INT_CONVERSION = YES;
				CLANG_WARN_NON_LITERAL_NULL_CONVERSION = YES;
				CLANG_WARN_OBJC_LITERAL_CONVERSION = YES;
				CLANG_WARN_OBJC_ROOT_CLASS = YES_ERROR;
				CLANG_WARN_RANGE_LOOP_ANALYSIS = YES;
				CLANG_WARN_STRICT_PROTOTYPES = YES;
				CLANG_WARN_SUSPICIOUS_MOVE = YES;
				CLANG_WARN_UNGUARDED_AVAILABILITY = YES_AGGRESSIVE;
				CLANG_WARN_UNREACHABLE_CODE = YES;
				CLANG_WARN__DUPLICATE_METHOD_MATCH = YES;
				COMBINE_HIDPI_IMAGES = YES;
				COPY_PHASE_STRIP = NO;
				DEBUG_INFORMATION_FORMAT = "dwarf-with-dsym";
				ENABLE_NS_ASSERTIONS = NO;
				ENABLE_STRICT_OBJC_MSGSEND = YES;
				GCC_C_LANGUAGE_STANDARD = gnu11;
				GCC_NO_COMMON_BLOCKS = YES;
				GCC_WARN_64_TO_32_BIT_CONVERSION = YES;
				GCC_WARN_ABOUT_RETURN_TYPE = YES_ERROR;
				GCC_WARN_UNDECLARED_SELECTOR = YES;
				GCC_WARN_UNINITIALIZED_AUTOS = YES_AGGRESSIVE;
				GCC_WARN_UNUSED_FUNCTION = YES;
				GCC_WARN_UNUSED_VARIABLE = YES;
				LD_RUNPATH_SEARCH_PATHS = "$(inherited) @executable_path/../Frameworks @loader_path/../Frameworks";
				MACOSX_DEPLOYMENT_TARGET = 10.13;
				MTL_ENABLE_DEBUG_INFO = NO;
				PRODUCT_BUNDLE_IDENTIFIER = "com.jackfelle.Demo-macOSTests";
				PRODUCT_NAME = "$(TARGET_NAME)";
				SDKROOT = macosx;
				TEST_HOST = "$(BUILT_PRODUCTS_DIR)/Demo macOS.app/Contents/MacOS/Demo macOS";
			};
			name = Release;
		};
		4ECFE36C1FD8BDE3004EEACE /* Debug */ = {
			isa = XCBuildConfiguration;
			buildSettings = {
				ALWAYS_SEARCH_USER_PATHS = NO;
				CLANG_ANALYZER_NONNULL = YES;
				CLANG_ANALYZER_NUMBER_OBJECT_CONVERSION = YES_AGGRESSIVE;
				CLANG_CXX_LANGUAGE_STANDARD = "gnu++14";
				CLANG_CXX_LIBRARY = "libc++";
				CLANG_ENABLE_MODULES = YES;
				CLANG_ENABLE_OBJC_ARC = YES;
				CLANG_WARN_BLOCK_CAPTURE_AUTORELEASING = YES;
				CLANG_WARN_BOOL_CONVERSION = YES;
				CLANG_WARN_COMMA = YES;
				CLANG_WARN_CONSTANT_CONVERSION = YES;
				CLANG_WARN_DIRECT_OBJC_ISA_USAGE = YES_ERROR;
				CLANG_WARN_DOCUMENTATION_COMMENTS = YES;
				CLANG_WARN_EMPTY_BODY = YES;
				CLANG_WARN_ENUM_CONVERSION = YES;
				CLANG_WARN_INFINITE_RECURSION = YES;
				CLANG_WARN_INT_CONVERSION = YES;
				CLANG_WARN_NON_LITERAL_NULL_CONVERSION = YES;
				CLANG_WARN_OBJC_LITERAL_CONVERSION = YES;
				CLANG_WARN_OBJC_ROOT_CLASS = YES_ERROR;
				CLANG_WARN_RANGE_LOOP_ANALYSIS = YES;
				CLANG_WARN_STRICT_PROTOTYPES = YES;
				CLANG_WARN_SUSPICIOUS_MOVE = YES;
				CLANG_WARN_UNGUARDED_AVAILABILITY = YES_AGGRESSIVE;
				CLANG_WARN_UNREACHABLE_CODE = YES;
				CLANG_WARN__DUPLICATE_METHOD_MATCH = YES;
				COMBINE_HIDPI_IMAGES = YES;
				COPY_PHASE_STRIP = NO;
				DEBUG_INFORMATION_FORMAT = dwarf;
				ENABLE_STRICT_OBJC_MSGSEND = YES;
				ENABLE_TESTABILITY = YES;
				GCC_C_LANGUAGE_STANDARD = gnu11;
				GCC_DYNAMIC_NO_PIC = NO;
				GCC_NO_COMMON_BLOCKS = YES;
				GCC_OPTIMIZATION_LEVEL = 0;
				GCC_PREPROCESSOR_DEFINITIONS = (
					"DEBUG=1",
					"$(inherited)",
				);
				GCC_WARN_64_TO_32_BIT_CONVERSION = YES;
				GCC_WARN_ABOUT_RETURN_TYPE = YES_ERROR;
				GCC_WARN_UNDECLARED_SELECTOR = YES;
				GCC_WARN_UNINITIALIZED_AUTOS = YES_AGGRESSIVE;
				GCC_WARN_UNUSED_FUNCTION = YES;
				GCC_WARN_UNUSED_VARIABLE = YES;
				LD_RUNPATH_SEARCH_PATHS = "$(inherited) @executable_path/../Frameworks @loader_path/../Frameworks";
				MACOSX_DEPLOYMENT_TARGET = 10.13;
				MTL_ENABLE_DEBUG_INFO = YES;
				ONLY_ACTIVE_ARCH = YES;
				PRODUCT_BUNDLE_IDENTIFIER = "com.jackfelle.Demo-macOSUITests";
				PRODUCT_NAME = "$(TARGET_NAME)";
				SDKROOT = macosx;
				TEST_TARGET_NAME = "Demo macOS";
			};
			name = Debug;
		};
		4ECFE36D1FD8BDE3004EEACE /* Release */ = {
			isa = XCBuildConfiguration;
			buildSettings = {
				ALWAYS_SEARCH_USER_PATHS = NO;
				CLANG_ANALYZER_NONNULL = YES;
				CLANG_ANALYZER_NUMBER_OBJECT_CONVERSION = YES_AGGRESSIVE;
				CLANG_CXX_LANGUAGE_STANDARD = "gnu++14";
				CLANG_CXX_LIBRARY = "libc++";
				CLANG_ENABLE_MODULES = YES;
				CLANG_ENABLE_OBJC_ARC = YES;
				CLANG_WARN_BLOCK_CAPTURE_AUTORELEASING = YES;
				CLANG_WARN_BOOL_CONVERSION = YES;
				CLANG_WARN_COMMA = YES;
				CLANG_WARN_CONSTANT_CONVERSION = YES;
				CLANG_WARN_DIRECT_OBJC_ISA_USAGE = YES_ERROR;
				CLANG_WARN_DOCUMENTATION_COMMENTS = YES;
				CLANG_WARN_EMPTY_BODY = YES;
				CLANG_WARN_ENUM_CONVERSION = YES;
				CLANG_WARN_INFINITE_RECURSION = YES;
				CLANG_WARN_INT_CONVERSION = YES;
				CLANG_WARN_NON_LITERAL_NULL_CONVERSION = YES;
				CLANG_WARN_OBJC_LITERAL_CONVERSION = YES;
				CLANG_WARN_OBJC_ROOT_CLASS = YES_ERROR;
				CLANG_WARN_RANGE_LOOP_ANALYSIS = YES;
				CLANG_WARN_STRICT_PROTOTYPES = YES;
				CLANG_WARN_SUSPICIOUS_MOVE = YES;
				CLANG_WARN_UNGUARDED_AVAILABILITY = YES_AGGRESSIVE;
				CLANG_WARN_UNREACHABLE_CODE = YES;
				CLANG_WARN__DUPLICATE_METHOD_MATCH = YES;
				COMBINE_HIDPI_IMAGES = YES;
				COPY_PHASE_STRIP = NO;
				DEBUG_INFORMATION_FORMAT = "dwarf-with-dsym";
				ENABLE_NS_ASSERTIONS = NO;
				ENABLE_STRICT_OBJC_MSGSEND = YES;
				GCC_C_LANGUAGE_STANDARD = gnu11;
				GCC_NO_COMMON_BLOCKS = YES;
				GCC_WARN_64_TO_32_BIT_CONVERSION = YES;
				GCC_WARN_ABOUT_RETURN_TYPE = YES_ERROR;
				GCC_WARN_UNDECLARED_SELECTOR = YES;
				GCC_WARN_UNINITIALIZED_AUTOS = YES_AGGRESSIVE;
				GCC_WARN_UNUSED_FUNCTION = YES;
				GCC_WARN_UNUSED_VARIABLE = YES;
				LD_RUNPATH_SEARCH_PATHS = "$(inherited) @executable_path/../Frameworks @loader_path/../Frameworks";
				MACOSX_DEPLOYMENT_TARGET = 10.13;
				MTL_ENABLE_DEBUG_INFO = NO;
				PRODUCT_BUNDLE_IDENTIFIER = "com.jackfelle.Demo-macOSUITests";
				PRODUCT_NAME = "$(TARGET_NAME)";
				SDKROOT = macosx;
				TEST_TARGET_NAME = "Demo macOS";
			};
			name = Release;
		};
/* End XCBuildConfiguration section */

/* Begin XCConfigurationList section */
		4ECFE2481FD8BA0F004EEACE /* Build configuration list for PBXProject "Demo-ObjC" */ = {
			isa = XCConfigurationList;
			buildConfigurations = (
				4ECFE2491FD8BA0F004EEACE /* Debug */,
				4ECFE24A1FD8BA0F004EEACE /* Release */,
			);
			defaultConfigurationIsVisible = 0;
			defaultConfigurationName = Release;
		};
		4ECFE32E1FD8BDCE004EEACE /* Build configuration list for PBXNativeTarget "Demo iOS" */ = {
			isa = XCConfigurationList;
			buildConfigurations = (
				4ECFE32F1FD8BDCE004EEACE /* Debug */,
				4ECFE3301FD8BDCE004EEACE /* Release */,
			);
			defaultConfigurationIsVisible = 0;
			defaultConfigurationName = Release;
		};
		4ECFE3311FD8BDCE004EEACE /* Build configuration list for PBXNativeTarget "Demo iOS Tests" */ = {
			isa = XCConfigurationList;
			buildConfigurations = (
				4ECFE3321FD8BDCE004EEACE /* Debug */,
				4ECFE3331FD8BDCE004EEACE /* Release */,
			);
			defaultConfigurationIsVisible = 0;
			defaultConfigurationName = Release;
		};
		4ECFE3341FD8BDCE004EEACE /* Build configuration list for PBXNativeTarget "Demo iOS UITests" */ = {
			isa = XCConfigurationList;
			buildConfigurations = (
				4ECFE3351FD8BDCE004EEACE /* Debug */,
				4ECFE3361FD8BDCE004EEACE /* Release */,
			);
			defaultConfigurationIsVisible = 0;
			defaultConfigurationName = Release;
		};
		4ECFE3651FD8BDE3004EEACE /* Build configuration list for PBXNativeTarget "Demo macOS" */ = {
			isa = XCConfigurationList;
			buildConfigurations = (
				4ECFE3661FD8BDE3004EEACE /* Debug */,
				4ECFE3671FD8BDE3004EEACE /* Release */,
			);
			defaultConfigurationIsVisible = 0;
			defaultConfigurationName = Release;
		};
		4ECFE3681FD8BDE3004EEACE /* Build configuration list for PBXNativeTarget "Demo macOS Tests" */ = {
			isa = XCConfigurationList;
			buildConfigurations = (
				4ECFE3691FD8BDE3004EEACE /* Debug */,
				4ECFE36A1FD8BDE3004EEACE /* Release */,
			);
			defaultConfigurationIsVisible = 0;
			defaultConfigurationName = Release;
		};
		4ECFE36B1FD8BDE3004EEACE /* Build configuration list for PBXNativeTarget "Demo macOS UITests" */ = {
			isa = XCConfigurationList;
			buildConfigurations = (
				4ECFE36C1FD8BDE3004EEACE /* Debug */,
				4ECFE36D1FD8BDE3004EEACE /* Release */,
			);
			defaultConfigurationIsVisible = 0;
			defaultConfigurationName = Release;
		};
/* End XCConfigurationList section */

/* Begin XCVersionGroup section */
		4ED5D2141FD8D5A9009C1EDD /* Database-ObjC.xcdatamodeld */ = {
			isa = XCVersionGroup;
			children = (
				4ED5D2151FD8D5A9009C1EDD /* Demo_iOS.xcdatamodel */,
			);
			currentVersion = 4ED5D2151FD8D5A9009C1EDD /* Demo_iOS.xcdatamodel */;
			path = "Database-ObjC.xcdatamodeld";
			sourceTree = "<group>";
			versionGroupType = wrapper.xcdatamodel;
		};
/* End XCVersionGroup section */
	};
	rootObject = 4ECFE2451FD8BA0F004EEACE /* Project object */;
}
